
Microsoft Visual Studio Solution File, Format Version 10.00
# Visual Studio 2008
Project("{FAE04EC0-301F-11D3-BF4B-00C04F79EFBC}") = "CustomRules", "CustomRules.csproj", "{17F0470C-DCCE-4EFB-9655-2B16D8FDA718}"
EndProject
Project("{FAE04EC0-301F-11D3-BF4B-00C04F79EFBC}") = "O2CoreLib", "..\..\base\O2CoreLib\O2CoreLib.csproj", "{33DF3843-3D97-418D-961F-DB15E247D249}"
EndProject
Project("{FAE04EC0-301F-11D3-BF4B-00C04F79EFBC}") = "OunceCoreLib", "..\OunceCoreLib\OunceCoreLib.csproj", "{46E58DB9-5ADB-4482-A366-73184B3C2011}"
EndProject
Project("{FAE04EC0-301F-11D3-BF4B-00C04F79EFBC}") = "zip", "..\..\base\zip\zip.csproj", "{70012868-A02F-4138-9AE9-8C9C5127E993}"
EndProject
Project("{FAE04EC0-301F-11D3-BF4B-00C04F79EFBC}") = "CirAnalysis", "..\..\base\CirAnalysis\CirAnalysis.csproj", "{FA5A1A20-9B00-4040-9951-305B4DFE5CA2}"
EndProject
Project("{FAE04EC0-301F-11D3-BF4B-00C04F79EFBC}") = "SavedAssessmentFile", "..\..\base\SavedAssessmentFile\SavedAssessmentFile.csproj", "{20EAE803-E7E1-4656-87AA-5CA97440002F}"
EndProject
Global
	GlobalSection(SolutionConfigurationPlatforms) = preSolution
		Debug|Any CPU = Debug|Any CPU
		Release|Any CPU = Release|Any CPU
	EndGlobalSection
	GlobalSection(ProjectConfigurationPlatforms) = postSolution
		{17F0470C-DCCE-4EFB-9655-2B16D8FDA718}.Debug|Any CPU.ActiveCfg = Debug|Any CPU
		{17F0470C-DCCE-4EFB-9655-2B16D8FDA718}.Debug|Any CPU.Build.0 = Debug|Any CPU
		{17F0470C-DCCE-4EFB-9655-2B16D8FDA718}.Release|Any CPU.ActiveCfg = Release|Any CPU
		{17F0470C-DCCE-4EFB-9655-2B16D8FDA718}.Release|Any CPU.Build.0 = Release|Any CPU
		{33DF3843-3D97-418D-961F-DB15E247D249}.Debug|Any CPU.ActiveCfg = Debug|Any CPU
		{33DF3843-3D97-418D-961F-DB15E247D249}.Debug|Any CPU.Build.0 = Debug|Any CPU
		{33DF3843-3D97-418D-961F-DB15E247D249}.Release|Any CPU.ActiveCfg = Release|Any CPU
		{33DF3843-3D97-418D-961F-DB15E247D249}.Release|Any CPU.Build.0 = Release|Any CPU
		{46E58DB9-5ADB-4482-A366-73184B3C2011}.Debug|Any CPU.ActiveCfg = Debug|Any CPU
		{46E58DB9-5ADB-4482-A366-73184B3C2011}.Debug|Any CPU.Build.0 = Debug|Any CPU
		{46E58DB9-5ADB-4482-A366-73184B3C2011}.Release|Any CPU.ActiveCfg = Release|Any CPU
		{46E58DB9-5ADB-4482-A366-73184B3C2011}.Release|Any CPU.Build.0 = Release|Any CPU
		{70012868-A02F-4138-9AE9-8C9C5127E993}.Debug|Any CPU.ActiveCfg = Debug|Any CPU
		{70012868-A02F-4138-9AE9-8C9C5127E993}.Debug|Any CPU.Build.0 = Debug|Any CPU
		{70012868-A02F-4138-9AE9-8C9C5127E993}.Release|Any CPU.ActiveCfg = Release|Any CPU
		{70012868-A02F-4138-9AE9-8C9C5127E993}.Release|Any CPU.Build.0 = Release|Any CPU
		{FA5A1A20-9B00-4040-9951-305B4DFE5CA2}.Debug|Any CPU.ActiveCfg = Debug|Any CPU
		{FA5A1A20-9B00-4040-9951-305B4DFE5CA2}.Debug|Any CPU.Build.0 = Debug|Any CPU
		{FA5A1A20-9B00-4040-9951-305B4DFE5CA2}.Release|Any CPU.ActiveCfg = Release|Any CPU
		{FA5A1A20-9B00-4040-9951-305B4DFE5CA2}.Release|Any CPU.Build.0 = Release|Any CPU
		{20EAE803-E7E1-4656-87AA-5CA97440002F}.Debug|Any CPU.ActiveCfg = Debug|Any CPU
		{20EAE803-E7E1-4656-87AA-5CA97440002F}.Debug|Any CPU.Build.0 = Debug|Any CPU
		{20EAE803-E7E1-4656-87AA-5CA97440002F}.Release|Any CPU.ActiveCfg = Release|Any CPU
		{20EAE803-E7E1-4656-87AA-5CA97440002F}.Release|Any CPU.Build.0 = Release|Any CPU
	EndGlobalSection
	GlobalSection(SolutionProperties) = preSolution
		HideSolutionNode = FALSE
	EndGlobalSection
EndGlobal
