
Microsoft Visual Studio Solution File, Format Version 10.00
# Visual Studio 2008
Project("{FAE04EC0-301F-11D3-BF4B-00C04F79EFBC}") = "ExecutionTrace", "ExecutionTrace.csproj", "{23ECD679-ACE7-4746-AC80-26609D1E7FD3}"
EndProject
Project("{2150E333-8FDC-42A3-9474-1A3956D46DE8}") = "Solution Items", "Solution Items", "{D65E93EB-94FD-4095-9E23-BDDE3A57A142}"
	ProjectSection(SolutionItems) = preProject
		ExecutionTrace.vsmdi = ExecutionTrace.vsmdi
		ExecutionTrace1.vsmdi = ExecutionTrace1.vsmdi
		LocalTestRun.testrunconfig = LocalTestRun.testrunconfig
	EndProjectSection
EndProject
Project("{FAE04EC0-301F-11D3-BF4B-00C04F79EFBC}") = "AspectDngHook", "..\AspectDngHook\AspectDngHook.csproj", "{2503A5C8-EFEB-4791-B05D-9B94698A8008}"
EndProject
Project("{FAE04EC0-301F-11D3-BF4B-00C04F79EFBC}") = "O2 Kernel", "..\..\..\O2Core\O2_Kernel\O2 Kernel.csproj", "{BDB9EFED-296A-4535-99C6-F0B83316E80C}"
EndProject
Project("{FAE04EC0-301F-11D3-BF4B-00C04F79EFBC}") = "O2 DotNet Wrappers", "..\..\..\O2Core\O2_DotNetWrappers\O2 DotNet Wrappers.csproj", "{1F252725-D8BE-408A-BE5C-2D11D0DE8586}"
EndProject
Project("{FAE04EC0-301F-11D3-BF4B-00C04F79EFBC}") = "O2_Views_ASCX", "..\..\..\O2Core\O2_Views_ASCX\O2_Views_ASCX.csproj", "{7BFDC99E-0FC7-42FC-9E32-83F77B2BE8F0}"
EndProject
Project("{FAE04EC0-301F-11D3-BF4B-00C04F79EFBC}") = "O2_External_O2Mono", "..\..\..\O2 Modules Using 3rd Party Dlls\O2_External_O2Mono\O2_External_O2Mono.csproj", "{F457A7EB-A573-41BB-BC12-61ABE5ACF702}"
EndProject
Project("{FAE04EC0-301F-11D3-BF4B-00C04F79EFBC}") = "O2_External_WinFormsUI", "..\..\..\O2 Modules Using 3rd Party Dlls\O2_External_WinFormsUI\O2_External_WinFormsUI.csproj", "{EED5F98D-00BA-4D9B-A9E7-A7794AD50132}"
EndProject
Project("{FAE04EC0-301F-11D3-BF4B-00C04F79EFBC}") = "Aspect_UnitTests", "..\..\UnitTests\Aspect_UnitTests.csproj", "{4CC81625-5E3B-49FD-B070-2B456A460405}"
EndProject
Global
	GlobalSection(TestCaseManagementSettings) = postSolution
		CategoryFile = ExecutionTrace1.vsmdi
	EndGlobalSection
	GlobalSection(SolutionConfigurationPlatforms) = preSolution
		Debug|Any CPU = Debug|Any CPU
		
		Release|Any CPU = Release|Any CPU
	EndGlobalSection
	GlobalSection(ProjectConfigurationPlatforms) = postSolution
		{23ECD679-ACE7-4746-AC80-26609D1E7FD3}.Debug|Any CPU.ActiveCfg = Debug|Any CPU
		{23ECD679-ACE7-4746-AC80-26609D1E7FD3}.Debug|Any CPU.Build.0 = Debug|Any CPU
		{23ECD679-ACE7-4746-AC80-26609D1E7FD3}.Publish to Deploy|Any CPU.ActiveCfg = Release|Any CPU
		{23ECD679-ACE7-4746-AC80-26609D1E7FD3}.Publish to Deploy|Any CPU.Build.0 = Release|Any CPU
		{23ECD679-ACE7-4746-AC80-26609D1E7FD3}.Release|Any CPU.ActiveCfg = Release|Any CPU
		{23ECD679-ACE7-4746-AC80-26609D1E7FD3}.Release|Any CPU.Build.0 = Release|Any CPU
		{2503A5C8-EFEB-4791-B05D-9B94698A8008}.Debug|Any CPU.ActiveCfg = Debug|Any CPU
		{2503A5C8-EFEB-4791-B05D-9B94698A8008}.Debug|Any CPU.Build.0 = Debug|Any CPU
		{2503A5C8-EFEB-4791-B05D-9B94698A8008}.Publish to Deploy|Any CPU.ActiveCfg = Release|Any CPU
		{2503A5C8-EFEB-4791-B05D-9B94698A8008}.Publish to Deploy|Any CPU.Build.0 = Release|Any CPU
		{2503A5C8-EFEB-4791-B05D-9B94698A8008}.Release|Any CPU.ActiveCfg = Release|Any CPU
		{2503A5C8-EFEB-4791-B05D-9B94698A8008}.Release|Any CPU.Build.0 = Release|Any CPU
		{BDB9EFED-296A-4535-99C6-F0B83316E80C}.Debug|Any CPU.ActiveCfg = Debug|Any CPU
		{BDB9EFED-296A-4535-99C6-F0B83316E80C}.Debug|Any CPU.Build.0 = Debug|Any CPU
		{BDB9EFED-296A-4535-99C6-F0B83316E80C}.Publish to Deploy|Any CPU.ActiveCfg = Publish to Deploy|Any CPU
		{BDB9EFED-296A-4535-99C6-F0B83316E80C}.Publish to Deploy|Any CPU.Build.0 = Publish to Deploy|Any CPU
		{BDB9EFED-296A-4535-99C6-F0B83316E80C}.Release|Any CPU.ActiveCfg = Release|Any CPU
		{BDB9EFED-296A-4535-99C6-F0B83316E80C}.Release|Any CPU.Build.0 = Release|Any CPU
		{1F252725-D8BE-408A-BE5C-2D11D0DE8586}.Debug|Any CPU.ActiveCfg = Debug|Any CPU
		{1F252725-D8BE-408A-BE5C-2D11D0DE8586}.Debug|Any CPU.Build.0 = Debug|Any CPU
		{1F252725-D8BE-408A-BE5C-2D11D0DE8586}.Publish to Deploy|Any CPU.ActiveCfg = Release|Any CPU
		{1F252725-D8BE-408A-BE5C-2D11D0DE8586}.Publish to Deploy|Any CPU.Build.0 = Release|Any CPU
		{1F252725-D8BE-408A-BE5C-2D11D0DE8586}.Release|Any CPU.ActiveCfg = Release|Any CPU
		{1F252725-D8BE-408A-BE5C-2D11D0DE8586}.Release|Any CPU.Build.0 = Release|Any CPU
		{7BFDC99E-0FC7-42FC-9E32-83F77B2BE8F0}.Debug|Any CPU.ActiveCfg = Debug|Any CPU
		{7BFDC99E-0FC7-42FC-9E32-83F77B2BE8F0}.Debug|Any CPU.Build.0 = Debug|Any CPU
		{7BFDC99E-0FC7-42FC-9E32-83F77B2BE8F0}.Publish to Deploy|Any CPU.ActiveCfg = Release|Any CPU
		{7BFDC99E-0FC7-42FC-9E32-83F77B2BE8F0}.Publish to Deploy|Any CPU.Build.0 = Release|Any CPU
		{7BFDC99E-0FC7-42FC-9E32-83F77B2BE8F0}.Release|Any CPU.ActiveCfg = Release|Any CPU
		{7BFDC99E-0FC7-42FC-9E32-83F77B2BE8F0}.Release|Any CPU.Build.0 = Release|Any CPU
		{F457A7EB-A573-41BB-BC12-61ABE5ACF702}.Debug|Any CPU.ActiveCfg = Debug|Any CPU
		{F457A7EB-A573-41BB-BC12-61ABE5ACF702}.Debug|Any CPU.Build.0 = Debug|Any CPU
		{F457A7EB-A573-41BB-BC12-61ABE5ACF702}.Publish to Deploy|Any CPU.ActiveCfg = Release|Any CPU
		{F457A7EB-A573-41BB-BC12-61ABE5ACF702}.Publish to Deploy|Any CPU.Build.0 = Release|Any CPU
		{F457A7EB-A573-41BB-BC12-61ABE5ACF702}.Release|Any CPU.ActiveCfg = Release|Any CPU
		{F457A7EB-A573-41BB-BC12-61ABE5ACF702}.Release|Any CPU.Build.0 = Release|Any CPU
		{EED5F98D-00BA-4D9B-A9E7-A7794AD50132}.Debug|Any CPU.ActiveCfg = Debug|Any CPU
		{EED5F98D-00BA-4D9B-A9E7-A7794AD50132}.Debug|Any CPU.Build.0 = Debug|Any CPU
		{EED5F98D-00BA-4D9B-A9E7-A7794AD50132}.Publish to Deploy|Any CPU.ActiveCfg = Release|Any CPU
		{EED5F98D-00BA-4D9B-A9E7-A7794AD50132}.Publish to Deploy|Any CPU.Build.0 = Release|Any CPU
		{EED5F98D-00BA-4D9B-A9E7-A7794AD50132}.Release|Any CPU.ActiveCfg = Release|Any CPU
		{EED5F98D-00BA-4D9B-A9E7-A7794AD50132}.Release|Any CPU.Build.0 = Release|Any CPU
		{4CC81625-5E3B-49FD-B070-2B456A460405}.Debug|Any CPU.ActiveCfg = Debug|Any CPU
		{4CC81625-5E3B-49FD-B070-2B456A460405}.Debug|Any CPU.Build.0 = Debug|Any CPU
		{4CC81625-5E3B-49FD-B070-2B456A460405}.Publish to Deploy|Any CPU.ActiveCfg = Release|Any CPU
		{4CC81625-5E3B-49FD-B070-2B456A460405}.Publish to Deploy|Any CPU.Build.0 = Release|Any CPU
		{4CC81625-5E3B-49FD-B070-2B456A460405}.Release|Any CPU.ActiveCfg = Release|Any CPU
		{4CC81625-5E3B-49FD-B070-2B456A460405}.Release|Any CPU.Build.0 = Release|Any CPU
	EndGlobalSection
	GlobalSection(SolutionProperties) = preSolution
		HideSolutionNode = FALSE
	EndGlobalSection
EndGlobal
