
Microsoft Visual Studio Solution File, Format Version 10.00
# Visual Studio 2008
Project("{FAE04EC0-301F-11D3-BF4B-00C04F79EFBC}") = "O2", "O2.csproj", "{770B45B4-B19E-4884-8AB7-BC3BBBD5FC73}"
EndProject
Project("{FAE04EC0-301F-11D3-BF4B-00C04F79EFBC}") = "O2CoreLib", "..\O2CoreLib\O2CoreLib.csproj", "{33DF3843-3D97-418D-961F-DB15E247D249}"
EndProject
Project("{FAE04EC0-301F-11D3-BF4B-00C04F79EFBC}") = "O2 Cloud Services", "..\..\O2 Cloud Services\O2 Cloud Services.csproj", "{698C73AF-92BC-465C-80FB-C6FA404135E7}"
EndProject
Project("{FAE04EC0-301F-11D3-BF4B-00C04F79EFBC}") = "O2 AppDomainProxy", "..\O2AppDomainProxy\O2 AppDomainProxy.csproj", "{BDB9EFED-296A-4535-99C6-F0B83316E80C}"
EndProject
Global
	GlobalSection(SolutionConfigurationPlatforms) = preSolution
		Debug|Any CPU = Debug|Any CPU
		Release|Any CPU = Release|Any CPU
	EndGlobalSection
	GlobalSection(ProjectConfigurationPlatforms) = postSolution
		{770B45B4-B19E-4884-8AB7-BC3BBBD5FC73}.Debug|Any CPU.ActiveCfg = Debug|Any CPU
		{770B45B4-B19E-4884-8AB7-BC3BBBD5FC73}.Debug|Any CPU.Build.0 = Debug|Any CPU
		{770B45B4-B19E-4884-8AB7-BC3BBBD5FC73}.Release|Any CPU.ActiveCfg = Release|Any CPU
		{770B45B4-B19E-4884-8AB7-BC3BBBD5FC73}.Release|Any CPU.Build.0 = Release|Any CPU
		{33DF3843-3D97-418D-961F-DB15E247D249}.Debug|Any CPU.ActiveCfg = Debug|Any CPU
		{33DF3843-3D97-418D-961F-DB15E247D249}.Debug|Any CPU.Build.0 = Debug|Any CPU
		{33DF3843-3D97-418D-961F-DB15E247D249}.Release|Any CPU.ActiveCfg = Release|Any CPU
		{33DF3843-3D97-418D-961F-DB15E247D249}.Release|Any CPU.Build.0 = Release|Any CPU
		{698C73AF-92BC-465C-80FB-C6FA404135E7}.Debug|Any CPU.ActiveCfg = Debug|Any CPU
		{698C73AF-92BC-465C-80FB-C6FA404135E7}.Debug|Any CPU.Build.0 = Debug|Any CPU
		{698C73AF-92BC-465C-80FB-C6FA404135E7}.Release|Any CPU.ActiveCfg = Release|Any CPU
		{698C73AF-92BC-465C-80FB-C6FA404135E7}.Release|Any CPU.Build.0 = Release|Any CPU
		{BDB9EFED-296A-4535-99C6-F0B83316E80C}.Debug|Any CPU.ActiveCfg = Debug|Any CPU
		{BDB9EFED-296A-4535-99C6-F0B83316E80C}.Debug|Any CPU.Build.0 = Debug|Any CPU
		{BDB9EFED-296A-4535-99C6-F0B83316E80C}.Release|Any CPU.ActiveCfg = Release|Any CPU
		{BDB9EFED-296A-4535-99C6-F0B83316E80C}.Release|Any CPU.Build.0 = Release|Any CPU
	EndGlobalSection
	GlobalSection(SolutionProperties) = preSolution
		HideSolutionNode = FALSE
	EndGlobalSection
EndGlobal
