
Microsoft Visual Studio Solution File, Format Version 10.00
# Visual Studio 2008
Project("{FAE04EC0-301F-11D3-BF4B-00C04F79EFBC}") = "O2_Tool_JoinTraces", "O2_Tool_JoinTraces.csproj", "{ED678EA9-87C8-43BE-BD33-699958C86D9A}"
EndProject
Project("{FAE04EC0-301F-11D3-BF4B-00C04F79EFBC}") = "O2_Tool_CirAnalysis", "..\O2_Tool_CirAnalysis\O2_Tool_CirAnalysis.csproj", "{05F4273B-A685-427F-A862-A20B6AF5578E}"
EndProject
Project("{FAE04EC0-301F-11D3-BF4B-00C04F79EFBC}") = "O2 Kernel", "..\..\O2Core\O2_Kernel\O2 Kernel.csproj", "{BDB9EFED-296A-4535-99C6-F0B83316E80C}"
EndProject
Project("{FAE04EC0-301F-11D3-BF4B-00C04F79EFBC}") = "O2 DotNet Wrappers", "..\..\O2Core\O2_DotNetWrappers\O2 DotNet Wrappers.csproj", "{1F252725-D8BE-408A-BE5C-2D11D0DE8586}"
EndProject
Project("{FAE04EC0-301F-11D3-BF4B-00C04F79EFBC}") = "O2_Views_ASCX", "..\..\O2Core\O2_Views_ASCX\O2_Views_ASCX.csproj", "{7BFDC99E-0FC7-42FC-9E32-83F77B2BE8F0}"
EndProject
Project("{FAE04EC0-301F-11D3-BF4B-00C04F79EFBC}") = "O2_Core_CIR", "..\..\O2Core\O2_Core_CIR\O2_Core_CIR.csproj", "{F19ED2FE-8191-4534-8DAC-4C42DEE87B52}"
EndProject
Project("{FAE04EC0-301F-11D3-BF4B-00C04F79EFBC}") = "O2_External_WinFormsUI", "..\..\O2 Modules Using 3rd Party Dlls\O2_External_WinFormsUI\O2_External_WinFormsUI.csproj", "{EED5F98D-00BA-4D9B-A9E7-A7794AD50132}"
EndProject
Project("{FAE04EC0-301F-11D3-BF4B-00C04F79EFBC}") = "O2_External_O2Mono", "..\..\O2 Modules Using 3rd Party Dlls\O2_External_O2Mono\O2_External_O2Mono.csproj", "{F457A7EB-A573-41BB-BC12-61ABE5ACF702}"
EndProject
Project("{FAE04EC0-301F-11D3-BF4B-00C04F79EFBC}") = "O2_Cmd_FindingsFilter", "..\..\O2_Cmd\O2_Cmd_FindingsFilter\O2_Cmd_FindingsFilter.csproj", "{18B24402-8F2F-4987-B324-4E7B4DC2FCD2}"
EndProject
Project("{FAE04EC0-301F-11D3-BF4B-00C04F79EFBC}") = "O2UnitTest_Ozasmt", "..\..\_O2_UnitTests\O2UnitTest_Ozasmt\O2UnitTest_Ozasmt.csproj", "{71445596-9B26-4189-9870-D46B540A88D2}"
EndProject
Project("{FAE04EC0-301F-11D3-BF4B-00C04F79EFBC}") = "O2 ImportExport OunceLabs", "..\..\O2Core\O2_ImportExport_OunceLabs\O2 ImportExport OunceLabs.csproj", "{D388D146-D728-412E-8097-5C6E4E53612E}"
EndProject
Project("{FAE04EC0-301F-11D3-BF4B-00C04F79EFBC}") = "O2_Legacy_OunceV6", "..\..\O2Core\O2_Legacy_OunceV6\O2_Legacy_OunceV6.csproj", "{14F52AB9-7FC7-44F5-9A84-422ED47CFA1A}"
EndProject
Project("{FAE04EC0-301F-11D3-BF4B-00C04F79EFBC}") = "O2_External_SharpDevelop", "..\..\O2 Modules Using 3rd Party Dlls\O2_External_SharpDevelop\O2_External_SharpDevelop.csproj", "{E76BCE43-8511-4CE8-A965-C0150F713CE9}"
EndProject
Project("{54435603-DBB4-11D2-8724-00A0C9A8B90C}") = "O2_Installer_Tool_JoinTraces", "..\..\_Installers\O2_Installer_Tool_JoinTraces\O2_Installer_Tool_JoinTraces.vdproj", "{A19032C4-0B34-42B8-B0C7-F61EEC14D192}"
EndProject
Global
	GlobalSection(SolutionConfigurationPlatforms) = preSolution
		Debug|Any CPU = Debug|Any CPU
		
		Release|Any CPU = Release|Any CPU
	EndGlobalSection
	GlobalSection(ProjectConfigurationPlatforms) = postSolution
		{ED678EA9-87C8-43BE-BD33-699958C86D9A}.Debug|Any CPU.ActiveCfg = Debug|Any CPU
		{ED678EA9-87C8-43BE-BD33-699958C86D9A}.Debug|Any CPU.Build.0 = Debug|Any CPU
		{ED678EA9-87C8-43BE-BD33-699958C86D9A}.Publish to Deploy|Any CPU.ActiveCfg = Release|Any CPU
		{ED678EA9-87C8-43BE-BD33-699958C86D9A}.Publish to Deploy|Any CPU.Build.0 = Release|Any CPU
		{ED678EA9-87C8-43BE-BD33-699958C86D9A}.Release|Any CPU.ActiveCfg = Release|Any CPU
		{ED678EA9-87C8-43BE-BD33-699958C86D9A}.Release|Any CPU.Build.0 = Release|Any CPU
		{05F4273B-A685-427F-A862-A20B6AF5578E}.Debug|Any CPU.ActiveCfg = Debug|Any CPU
		{05F4273B-A685-427F-A862-A20B6AF5578E}.Debug|Any CPU.Build.0 = Debug|Any CPU
		{05F4273B-A685-427F-A862-A20B6AF5578E}.Publish to Deploy|Any CPU.ActiveCfg = Release|Any CPU
		{05F4273B-A685-427F-A862-A20B6AF5578E}.Publish to Deploy|Any CPU.Build.0 = Release|Any CPU
		{05F4273B-A685-427F-A862-A20B6AF5578E}.Release|Any CPU.ActiveCfg = Release|Any CPU
		{05F4273B-A685-427F-A862-A20B6AF5578E}.Release|Any CPU.Build.0 = Release|Any CPU
		{BDB9EFED-296A-4535-99C6-F0B83316E80C}.Debug|Any CPU.ActiveCfg = Debug|Any CPU
		{BDB9EFED-296A-4535-99C6-F0B83316E80C}.Debug|Any CPU.Build.0 = Debug|Any CPU
		{BDB9EFED-296A-4535-99C6-F0B83316E80C}.Publish to Deploy|Any CPU.ActiveCfg = Publish to Deploy|Any CPU
		{BDB9EFED-296A-4535-99C6-F0B83316E80C}.Publish to Deploy|Any CPU.Build.0 = Publish to Deploy|Any CPU
		{BDB9EFED-296A-4535-99C6-F0B83316E80C}.Release|Any CPU.ActiveCfg = Release|Any CPU
		{BDB9EFED-296A-4535-99C6-F0B83316E80C}.Release|Any CPU.Build.0 = Release|Any CPU
		{1F252725-D8BE-408A-BE5C-2D11D0DE8586}.Debug|Any CPU.ActiveCfg = Debug|Any CPU
		{1F252725-D8BE-408A-BE5C-2D11D0DE8586}.Debug|Any CPU.Build.0 = Debug|Any CPU
		{1F252725-D8BE-408A-BE5C-2D11D0DE8586}.Publish to Deploy|Any CPU.ActiveCfg = Release|Any CPU
		{1F252725-D8BE-408A-BE5C-2D11D0DE8586}.Publish to Deploy|Any CPU.Build.0 = Release|Any CPU
		{1F252725-D8BE-408A-BE5C-2D11D0DE8586}.Release|Any CPU.ActiveCfg = Release|Any CPU
		{1F252725-D8BE-408A-BE5C-2D11D0DE8586}.Release|Any CPU.Build.0 = Release|Any CPU
		{7BFDC99E-0FC7-42FC-9E32-83F77B2BE8F0}.Debug|Any CPU.ActiveCfg = Debug|Any CPU
		{7BFDC99E-0FC7-42FC-9E32-83F77B2BE8F0}.Debug|Any CPU.Build.0 = Debug|Any CPU
		{7BFDC99E-0FC7-42FC-9E32-83F77B2BE8F0}.Publish to Deploy|Any CPU.ActiveCfg = Release|Any CPU
		{7BFDC99E-0FC7-42FC-9E32-83F77B2BE8F0}.Publish to Deploy|Any CPU.Build.0 = Release|Any CPU
		{7BFDC99E-0FC7-42FC-9E32-83F77B2BE8F0}.Release|Any CPU.ActiveCfg = Release|Any CPU
		{7BFDC99E-0FC7-42FC-9E32-83F77B2BE8F0}.Release|Any CPU.Build.0 = Release|Any CPU
		{F19ED2FE-8191-4534-8DAC-4C42DEE87B52}.Debug|Any CPU.ActiveCfg = Debug|Any CPU
		{F19ED2FE-8191-4534-8DAC-4C42DEE87B52}.Debug|Any CPU.Build.0 = Debug|Any CPU
		{F19ED2FE-8191-4534-8DAC-4C42DEE87B52}.Publish to Deploy|Any CPU.ActiveCfg = Release|Any CPU
		{F19ED2FE-8191-4534-8DAC-4C42DEE87B52}.Publish to Deploy|Any CPU.Build.0 = Release|Any CPU
		{F19ED2FE-8191-4534-8DAC-4C42DEE87B52}.Release|Any CPU.ActiveCfg = Release|Any CPU
		{F19ED2FE-8191-4534-8DAC-4C42DEE87B52}.Release|Any CPU.Build.0 = Release|Any CPU
		{EED5F98D-00BA-4D9B-A9E7-A7794AD50132}.Debug|Any CPU.ActiveCfg = Debug|Any CPU
		{EED5F98D-00BA-4D9B-A9E7-A7794AD50132}.Debug|Any CPU.Build.0 = Debug|Any CPU
		{EED5F98D-00BA-4D9B-A9E7-A7794AD50132}.Publish to Deploy|Any CPU.ActiveCfg = Release|Any CPU
		{EED5F98D-00BA-4D9B-A9E7-A7794AD50132}.Publish to Deploy|Any CPU.Build.0 = Release|Any CPU
		{EED5F98D-00BA-4D9B-A9E7-A7794AD50132}.Release|Any CPU.ActiveCfg = Release|Any CPU
		{EED5F98D-00BA-4D9B-A9E7-A7794AD50132}.Release|Any CPU.Build.0 = Release|Any CPU
		{F457A7EB-A573-41BB-BC12-61ABE5ACF702}.Debug|Any CPU.ActiveCfg = Debug|Any CPU
		{F457A7EB-A573-41BB-BC12-61ABE5ACF702}.Debug|Any CPU.Build.0 = Debug|Any CPU
		{F457A7EB-A573-41BB-BC12-61ABE5ACF702}.Publish to Deploy|Any CPU.ActiveCfg = Release|Any CPU
		{F457A7EB-A573-41BB-BC12-61ABE5ACF702}.Publish to Deploy|Any CPU.Build.0 = Release|Any CPU
		{F457A7EB-A573-41BB-BC12-61ABE5ACF702}.Release|Any CPU.ActiveCfg = Release|Any CPU
		{F457A7EB-A573-41BB-BC12-61ABE5ACF702}.Release|Any CPU.Build.0 = Release|Any CPU
		{18B24402-8F2F-4987-B324-4E7B4DC2FCD2}.Debug|Any CPU.ActiveCfg = Debug|Any CPU
		{18B24402-8F2F-4987-B324-4E7B4DC2FCD2}.Debug|Any CPU.Build.0 = Debug|Any CPU
		{18B24402-8F2F-4987-B324-4E7B4DC2FCD2}.Publish to Deploy|Any CPU.ActiveCfg = Release|Any CPU
		{18B24402-8F2F-4987-B324-4E7B4DC2FCD2}.Publish to Deploy|Any CPU.Build.0 = Release|Any CPU
		{18B24402-8F2F-4987-B324-4E7B4DC2FCD2}.Release|Any CPU.ActiveCfg = Release|Any CPU
		{18B24402-8F2F-4987-B324-4E7B4DC2FCD2}.Release|Any CPU.Build.0 = Release|Any CPU
		{71445596-9B26-4189-9870-D46B540A88D2}.Debug|Any CPU.ActiveCfg = Debug|Any CPU
		{71445596-9B26-4189-9870-D46B540A88D2}.Debug|Any CPU.Build.0 = Debug|Any CPU
		{71445596-9B26-4189-9870-D46B540A88D2}.Publish to Deploy|Any CPU.ActiveCfg = Release|Any CPU
		{71445596-9B26-4189-9870-D46B540A88D2}.Publish to Deploy|Any CPU.Build.0 = Release|Any CPU
		{71445596-9B26-4189-9870-D46B540A88D2}.Release|Any CPU.ActiveCfg = Release|Any CPU
		{71445596-9B26-4189-9870-D46B540A88D2}.Release|Any CPU.Build.0 = Release|Any CPU
		{D388D146-D728-412E-8097-5C6E4E53612E}.Debug|Any CPU.ActiveCfg = Debug|Any CPU
		{D388D146-D728-412E-8097-5C6E4E53612E}.Debug|Any CPU.Build.0 = Debug|Any CPU
		{D388D146-D728-412E-8097-5C6E4E53612E}.Publish to Deploy|Any CPU.ActiveCfg = Release|Any CPU
		{D388D146-D728-412E-8097-5C6E4E53612E}.Publish to Deploy|Any CPU.Build.0 = Release|Any CPU
		{D388D146-D728-412E-8097-5C6E4E53612E}.Release|Any CPU.ActiveCfg = Release|Any CPU
		{D388D146-D728-412E-8097-5C6E4E53612E}.Release|Any CPU.Build.0 = Release|Any CPU
		{14F52AB9-7FC7-44F5-9A84-422ED47CFA1A}.Debug|Any CPU.ActiveCfg = Debug|Any CPU
		{14F52AB9-7FC7-44F5-9A84-422ED47CFA1A}.Debug|Any CPU.Build.0 = Debug|Any CPU
		{14F52AB9-7FC7-44F5-9A84-422ED47CFA1A}.Publish to Deploy|Any CPU.ActiveCfg = Release|Any CPU
		{14F52AB9-7FC7-44F5-9A84-422ED47CFA1A}.Publish to Deploy|Any CPU.Build.0 = Release|Any CPU
		{14F52AB9-7FC7-44F5-9A84-422ED47CFA1A}.Release|Any CPU.ActiveCfg = Release|Any CPU
		{14F52AB9-7FC7-44F5-9A84-422ED47CFA1A}.Release|Any CPU.Build.0 = Release|Any CPU
		{E76BCE43-8511-4CE8-A965-C0150F713CE9}.Debug|Any CPU.ActiveCfg = Debug|Any CPU
		{E76BCE43-8511-4CE8-A965-C0150F713CE9}.Debug|Any CPU.Build.0 = Debug|Any CPU
		{E76BCE43-8511-4CE8-A965-C0150F713CE9}.Publish to Deploy|Any CPU.ActiveCfg = Release|Any CPU
		{E76BCE43-8511-4CE8-A965-C0150F713CE9}.Publish to Deploy|Any CPU.Build.0 = Release|Any CPU
		{E76BCE43-8511-4CE8-A965-C0150F713CE9}.Release|Any CPU.ActiveCfg = Release|Any CPU
		{E76BCE43-8511-4CE8-A965-C0150F713CE9}.Release|Any CPU.Build.0 = Release|Any CPU
		{A19032C4-0B34-42B8-B0C7-F61EEC14D192}.Debug|Any CPU.ActiveCfg = Debug
		{A19032C4-0B34-42B8-B0C7-F61EEC14D192}.Publish to Deploy|Any CPU.ActiveCfg = Release
		{A19032C4-0B34-42B8-B0C7-F61EEC14D192}.Release|Any CPU.ActiveCfg = Release
	EndGlobalSection
	GlobalSection(SolutionProperties) = preSolution
		HideSolutionNode = FALSE
	EndGlobalSection
EndGlobal
