
Microsoft Visual Studio Solution File, Format Version 10.00
# Visual Studio 2008
Project("{FAE04EC0-301F-11D3-BF4B-00C04F79EFBC}") = "O2_Debugger_Mdbg", "O2Core\O2_Debugger_Mdbg\O2_Debugger_Mdbg.csproj", "{3EDD49CB-F7F2-4CFE-AFAC-698B13B0C968}"
EndProject
Project("{FAE04EC0-301F-11D3-BF4B-00C04F79EFBC}") = "O2_Tool_CirAnalysis", "O2_Tools\O2_Tool_CirAnalysis\O2_Tool_CirAnalysis.csproj", "{05F4273B-A685-427F-A862-A20B6AF5578E}"
EndProject
Project("{FAE04EC0-301F-11D3-BF4B-00C04F79EFBC}") = "O2_Tool_JoinTraces", "O2_Tools\O2_Tool_JoinTraces\O2_Tool_JoinTraces.csproj", "{ED678EA9-87C8-43BE-BD33-699958C86D9A}"
EndProject
Project("{FAE04EC0-301F-11D3-BF4B-00C04F79EFBC}") = "O2_Tool_SearchEngine", "O2_Tools\O2_Tool_SearchEngine\O2_Tool_SearchEngine.csproj", "{E301CD2B-1D22-433C-8C23-CCB76DE7CFCE}"
EndProject
Project("{FAE04EC0-301F-11D3-BF4B-00C04F79EFBC}") = "O2_Tool_CSharpScripts", "O2_Tools\O2_Tool_CSharpScripts\O2_Tool_CSharpScripts.csproj", "{36A647D5-99F0-490D-B31C-8AC2360A7486}"
EndProject
Project("{FAE04EC0-301F-11D3-BF4B-00C04F79EFBC}") = "O2_Tool_Filter_Assessment_Files", "O2_Tools\O2_Tool_Filter_Assessment_Files\O2_Tool_Filter_Assessment_Files.csproj", "{BBA8C568-865F-46E8-93A5-DF8FDFB1E8B6}"
EndProject
Project("{FAE04EC0-301F-11D3-BF4B-00C04F79EFBC}") = "O2_Tool_O2Reflector", "O2_Tools\O2_Tool_O2Reflector\O2_Tool_O2Reflector.csproj", "{8BED166D-78DD-44EB-8B6F-4D5B468D2797}"
EndProject
Project("{2150E333-8FDC-42A3-9474-1A3956D46DE8}") = "RnD", "RnD", "{09D8FF82-7830-4707-8502-050F4FB37D7F}"
EndProject
Project("{FAE04EC0-301F-11D3-BF4B-00C04F79EFBC}") = "O2_Scanners", "Scanners\O2_Scanners\O2_Scanners.csproj", "{9C7333DD-7A9F-4C31-8205-C6E68D99714B}"
EndProject
Project("{2150E333-8FDC-42A3-9474-1A3956D46DE8}") = "O2 Core", "O2 Core", "{60D3F45B-D4D5-40AE-8AC8-45138833855C}"
EndProject
Project("{FAE04EC0-301F-11D3-BF4B-00C04F79EFBC}") = "O2 (just gui)", "O2Core\O2\O2 (just gui).csproj", "{770B45B4-B19E-4884-8AB7-BC3BBBD5FC73}"
EndProject
Project("{FAE04EC0-301F-11D3-BF4B-00C04F79EFBC}") = "O2_Tool_DotNetCallbacksMaker", "O2_Tools\O2_Tool_DotNetCallbacksMaker\O2_Tool_DotNetCallbacksMaker.csproj", "{10891283-A6D8-4F2E-A89D-D59384DBA596}"
EndProject
Project("{FAE04EC0-301F-11D3-BF4B-00C04F79EFBC}") = "AspectDngHook", "RnD\forO2Core\AspectDngHook\AspectDngHook.csproj", "{2503A5C8-EFEB-4791-B05D-9B94698A8008}"
EndProject
Project("{FAE04EC0-301F-11D3-BF4B-00C04F79EFBC}") = "ExecutionTrace", "RnD\forO2Core\ExecutionTrace\ExecutionTrace.csproj", "{23ECD679-ACE7-4746-AC80-26609D1E7FD3}"
EndProject
Project("{FAE04EC0-301F-11D3-BF4B-00C04F79EFBC}") = "JavaVelocityAnalyzer", "RnD\JavaVelocityAnalyzer\JavaVelocityAnalyzer.csproj", "{08BA6F9A-F9A1-43EF-AE91-818D5B2A07D0}"
EndProject
Project("{FAE04EC0-301F-11D3-BF4B-00C04F79EFBC}") = "Aspect_UnitTests", "RnD\UnitTests\Aspect_UnitTests.csproj", "{4CC81625-5E3B-49FD-B070-2B456A460405}"
EndProject
Project("{FAE04EC0-301F-11D3-BF4B-00C04F79EFBC}") = "O2_Scanner_OunceLabsCLI", "Scanners\O2_External_OunceLabsCLI\O2_Scanner_OunceLabsCLI.csproj", "{39F35FB3-2A47-4DD9-A3EF-D18529C9A7A4}"
EndProject
Project("{FAE04EC0-301F-11D3-BF4B-00C04F79EFBC}") = "O2_Rules_OunceLabs", "Scanners\O2_Rules_OunceLabs\O2_Rules_OunceLabs.csproj", "{831EEFD3-A243-484E-B008-BA1EC6499954}"
EndProject
Project("{2150E333-8FDC-42A3-9474-1A3956D46DE8}") = "O2Scanners", "O2Scanners", "{2659969F-D878-4FD3-9E6A-8A668DC63403}"
EndProject
Project("{2150E333-8FDC-42A3-9474-1A3956D46DE8}") = "O2 Tools", "O2 Tools", "{76A81ABB-2CA4-4AD5-BCF0-BE2D637BEB16}"
EndProject
Project("{FAE04EC0-301F-11D3-BF4B-00C04F79EFBC}") = "O2_Tool_ViewAssessmentRun", "O2_Tools\O2_Tool_ViewAssessmentRun\O2_Tool_ViewAssessmentRun.csproj", "{A4BC21C9-9301-4FB7-B084-09D4306BB04C}"
EndProject
Project("{FAE04EC0-301F-11D3-BF4B-00C04F79EFBC}") = "O2_Scanner_MsCatNet", "Scanners\O2_Scanner_MsCatNet\O2_Scanner_MsCatNet.csproj", "{D6C73FDF-CCD1-4633-A520-2027796241AD}"
EndProject
Project("{FAE04EC0-301F-11D3-BF4B-00C04F79EFBC}") = "O2 Kernel", "O2Core\O2_Kernel\O2 Kernel.csproj", "{BDB9EFED-296A-4535-99C6-F0B83316E80C}"
EndProject
Project("{2150E333-8FDC-42A3-9474-1A3956D46DE8}") = "_UnitTests", "_UnitTests", "{1B691F63-D296-42F0-BF02-234503C51ECD}"
EndProject
Project("{FAE04EC0-301F-11D3-BF4B-00C04F79EFBC}") = "Misc_Code_Experiments", "RnD\Misc_Code_Experiments\Misc_Code_Experiments.csproj", "{1017DF77-414E-4CD5-934D-65FC93333DEA}"
EndProject
Project("{FAE04EC0-301F-11D3-BF4B-00C04F79EFBC}") = "O2UnitTest_O2CoreLib", "_O2_UnitTests\O2UnitTest_O2CoreLib\O2UnitTest_O2CoreLib.csproj", "{0F63204A-4922-4FC3-8F9B-E80F27233FA5}"
EndProject
Project("{FAE04EC0-301F-11D3-BF4B-00C04F79EFBC}") = "O2 DotNet Wrappers", "O2Core\O2_DotNetWrappers\O2 DotNet Wrappers.csproj", "{1F252725-D8BE-408A-BE5C-2D11D0DE8586}"
EndProject
Project("{FAE04EC0-301F-11D3-BF4B-00C04F79EFBC}") = "O2UnitTest_QuickTests", "_O2_UnitTests\O2UnitTest_QuickTests\O2UnitTest_QuickTests.csproj", "{FC60AFF2-5197-41AB-9927-729984C13732}"
EndProject
Project("{FAE04EC0-301F-11D3-BF4B-00C04F79EFBC}") = "O2UnitTest_Views_ASCX", "_O2_UnitTests\O2UnitTest_Views_ASCX\O2UnitTest_Views_ASCX.csproj", "{CCB59AEB-A226-410C-B2C9-54E6B54FA2CA}"
EndProject
Project("{FAE04EC0-301F-11D3-BF4B-00C04F79EFBC}") = "O2_Views_ASCX", "O2Core\O2_Views_ASCX\O2_Views_ASCX.csproj", "{7BFDC99E-0FC7-42FC-9E32-83F77B2BE8F0}"
EndProject
Project("{FAE04EC0-301F-11D3-BF4B-00C04F79EFBC}") = "O2_External_WinFormsUI", "O2 Modules Using 3rd Party Dlls\O2_External_WinFormsUI\O2_External_WinFormsUI.csproj", "{EED5F98D-00BA-4D9B-A9E7-A7794AD50132}"
EndProject
Project("{2150E333-8FDC-42A3-9474-1A3956D46DE8}") = "O2 3rd Party Wrappers", "O2 3rd Party Wrappers", "{DFBB5440-C874-4E7F-B71E-AFE7FA9EDDDB}"
EndProject
Project("{FAE04EC0-301F-11D3-BF4B-00C04F79EFBC}") = "O2_External_SpringNet", "O2 Modules Using 3rd Party Dlls\O2_External_SpringNet\O2_External_SpringNet.csproj", "{F46B8DBE-10D2-4D89-89C2-96E5D8378B16}"
EndProject
Project("{FAE04EC0-301F-11D3-BF4B-00C04F79EFBC}") = "O2_External_O2Mono", "O2 Modules Using 3rd Party Dlls\O2_External_O2Mono\O2_External_O2Mono.csproj", "{F457A7EB-A573-41BB-BC12-61ABE5ACF702}"
EndProject
Project("{FAE04EC0-301F-11D3-BF4B-00C04F79EFBC}") = "O2UnitTest_O2Debugger", "_O2_UnitTests\O2UnitTest_O2Debugger\O2UnitTest_O2Debugger.csproj", "{DC9A7583-4D8A-4BFF-8FED-FDFD7CDBCA8E}"
EndProject
Project("{FAE04EC0-301F-11D3-BF4B-00C04F79EFBC}") = "O2UnitTest_O2Kernel", "_O2_UnitTests\O2UnitTest_O2Kernel\O2UnitTest_O2Kernel.csproj", "{21B23A86-90A9-4B6C-9477-161512F96132}"
EndProject
Project("{FAE04EC0-301F-11D3-BF4B-00C04F79EFBC}") = "O2_Core_CIR", "O2Core\O2_Core_CIR\O2_Core_CIR.csproj", "{F19ED2FE-8191-4534-8DAC-4C42DEE87B52}"
EndProject
Project("{FAE04EC0-301F-11D3-BF4B-00C04F79EFBC}") = "O2UnitTest_O2CoreCIR", "_O2_UnitTests\O2UnitTest_O2CoreCIR\O2UnitTest_O2CoreCIR.csproj", "{137F101D-D02C-47E2-8839-653B9C4AA683}"
EndProject
Project("{FAE04EC0-301F-11D3-BF4B-00C04F79EFBC}") = "O2UnitTest_O2Tools", "_O2_UnitTests\O2UnitTest_O2Tools\O2UnitTest_O2Tools.csproj", "{78498D4C-E2DB-409F-9392-49371DE7CDEE}"
EndProject
Project("{FAE04EC0-301F-11D3-BF4B-00C04F79EFBC}") = "O2UnitTest_Ozasmt", "_O2_UnitTests\O2UnitTest_Ozasmt\O2UnitTest_Ozasmt.csproj", "{71445596-9B26-4189-9870-D46B540A88D2}"
EndProject
Project("{2150E333-8FDC-42A3-9474-1A3956D46DE8}") = "O2 Legacy", "O2 Legacy", "{FAFB62F8-5A17-4CFE-8979-B08394FB4A48}"
EndProject
Project("{FAE04EC0-301F-11D3-BF4B-00C04F79EFBC}") = "O2_Views_WPF", "RnD\O2_Views_WPF\O2_Views_WPF.csproj", "{D26210A5-3258-4ABE-90C6-42EF25DECE19}"
EndProject
Project("{FAE04EC0-301F-11D3-BF4B-00C04F79EFBC}") = "O2UnitTest_DotNetWrappers", "_O2_UnitTests\O2UnitTest_DotNetWrappers\O2UnitTest_DotNetWrappers.csproj", "{414F9D20-CA54-435E-91D2-24EDBDE6262C}"
EndProject
Project("{FAE04EC0-301F-11D3-BF4B-00C04F79EFBC}") = "O2_External_Evaluant", "O2 Modules Using 3rd Party Dlls\O2_External_Evaluant\O2_External_Evaluant.csproj", "{728A335F-67B6-4F65-8B95-1B0B04A03412}"
EndProject
Project("{FAE04EC0-301F-11D3-BF4B-00C04F79EFBC}") = "O2_External_SharpDevelop", "O2 Modules Using 3rd Party Dlls\O2_External_SharpDevelop\O2_External_SharpDevelop.csproj", "{E76BCE43-8511-4CE8-A965-C0150F713CE9}"
EndProject
Project("{FAE04EC0-301F-11D3-BF4B-00C04F79EFBC}") = "O2 ImportExport OunceLabs", "O2Core\O2_ImportExport_OunceLabs\O2 ImportExport OunceLabs.csproj", "{D388D146-D728-412E-8097-5C6E4E53612E}"
EndProject
Project("{FAE04EC0-301F-11D3-BF4B-00C04F79EFBC}") = "O2_Legacy_OunceV6", "O2Core\O2_Legacy_OunceV6\O2_Legacy_OunceV6.csproj", "{14F52AB9-7FC7-44F5-9A84-422ED47CFA1A}"
EndProject
Project("{FAE04EC0-301F-11D3-BF4B-00C04F79EFBC}") = "O2_Legacy_CoreLib", "O2Core\O2_Legacy_CoreLib\O2_Legacy_CoreLib.csproj", "{9D2748F5-74AD-43CB-AA92-87F6E3E371AE}"
EndProject
Project("{FAE04EC0-301F-11D3-BF4B-00C04F79EFBC}") = "O2_Tool_SearchAssessmentRun", "O2_Tools\O2_Tool_SearchAssessmentRun\O2_Tool_SearchAssessmentRun.csproj", "{BC868D71-C072-488F-9DC3-0D8397CFB041}"
EndProject
Project("{FAE04EC0-301F-11D3-BF4B-00C04F79EFBC}") = "O2_Tool_FindingsQuery", "O2_Tools\O2_Tool_FindingsQuery\O2_Tool_FindingsQuery.csproj", "{79B18F13-0FA4-4027-A9CA-908DB53C6987}"
EndProject
Project("{FAE04EC0-301F-11D3-BF4B-00C04F79EFBC}") = "O2_Tool_WebInspectConverter", "O2_Tools\O2_Tool_WebInspectConverter\O2_Tool_WebInspectConverter.csproj", "{9C9DAC2F-577B-47C5-8637-49940A8A5272}"
EndProject
Project("{FAE04EC0-301F-11D3-BF4B-00C04F79EFBC}") = "O2_Tool_ImportExport", "O2_Tools\O2_Tool_ImportExport\O2_Tool_ImportExport.csproj", "{AA6F05AE-CF8D-4256-BA8F-E9E2E9C133C1}"
EndProject
Project("{FAE04EC0-301F-11D3-BF4B-00C04F79EFBC}") = "O2_Cmd_FindingsFilter", "O2_Cmd\O2_Cmd_FindingsFilter\O2_Cmd_FindingsFilter.csproj", "{18B24402-8F2F-4987-B324-4E7B4DC2FCD2}"
EndProject
Project("{FAE04EC0-301F-11D3-BF4B-00C04F79EFBC}") = "O2_External_Firefox", "O2 Modules Using 3rd Party Dlls\O2_External_Firefox\O2_External_Firefox.csproj", "{92B431A3-D875-4CB4-92E6-0FD422750D97}"
EndProject
Project("{FAE04EC0-301F-11D3-BF4B-00C04F79EFBC}") = "O2_Tool_FindingsViewer", "O2_Tools\O2_Tool_FindingsViewer\O2_Tool_FindingsViewer.csproj", "{C3275389-544E-42AC-A2CF-F4705F699A73}"
EndProject
Project("{FAE04EC0-301F-11D3-BF4B-00C04F79EFBC}") = "O2_Tool_RulesManager", "O2_Tools\O2_Tool_RulesManager\O2_Tool_RulesManager.csproj", "{605FDE5A-6DC8-45B8-96C3-28268CDCA9D4}"
EndProject
Project("{FAE04EC0-301F-11D3-BF4B-00C04F79EFBC}") = "O2_Tool_ScanQueue", "RnD\O2_Tool_ScanQueue\O2_Tool_ScanQueue.csproj", "{7809B498-9CA2-4BA9-B036-6B0F9D222420}"
EndProject
Project("{FAE04EC0-301F-11D3-BF4B-00C04F79EFBC}") = "O2_Tool_SettersToGetters", "RnD\O2_Tool_SettersToGetters\O2_Tool_SettersToGetters.csproj", "{3AC6A46B-31DE-447D-95AE-4278F556480B}"
EndProject
Project("{FAE04EC0-301F-11D3-BF4B-00C04F79EFBC}") = "O2_Tool_CirViewer", "O2_Tools\O2_Tool_CirViewer\O2_Tool_CirViewer.csproj", "{BF9B277B-7599-4683-8F84-6A939872D3E1}"
EndProject
Project("{FAE04EC0-301F-11D3-BF4B-00C04F79EFBC}") = "O2_Tool_HostLocalWebsite", "O2_Tools\O2_Tool_HostLocalWebSite\O2_Tool_HostLocalWebsite.csproj", "{6D9EFAEE-EF33-41E0-BF91-F1E46ADC6F3E}"
EndProject
Project("{2150E333-8FDC-42A3-9474-1A3956D46DE8}") = "_Installers", "_Installers", "{6BF35DEF-31FA-4CB5-8081-94B5654A4DEA}"
	ProjectSection(SolutionItems) = preProject
		apache2.0 - License.txt = apache2.0 - License.txt
	EndProjectSection
EndProject
Project("{54435603-DBB4-11D2-8724-00A0C9A8B90C}") = "O2_Installer_Scanner_MsCatNet", "_Installers\O2_Installer_Scanner_MsCatNet\O2_Installer_Scanner_MsCatNet.vdproj", "{75B23121-5004-4149-AACF-58C7FA7F7676}"
EndProject
Project("{54435603-DBB4-11D2-8724-00A0C9A8B90C}") = "O2_Installer_Scanners", "_Installers\O2_Installer_Scanners\O2_Installer_Scanners.vdproj", "{E0624FB3-77EE-4A17-B3B5-AC59A98E977B}"
EndProject
Project("{54435603-DBB4-11D2-8724-00A0C9A8B90C}") = "O2_Installer_Tool_CSharpScripts", "_Installers\O2_Installer_Tool_CSharpScripts\O2_Installer_Tool_CSharpScripts.vdproj", "{6D37815B-CD9E-4045-B209-B8E19A31A0C0}"
EndProject
Project("{54435603-DBB4-11D2-8724-00A0C9A8B90C}") = "O2_Installer_DotNetCallbacksMaker", "_Installers\O2_Installer_Tool_DotNetCallbacksMaker\O2_Installer_Tool_DotNetCallbacksMaker.vdproj", "{FE49927E-F46A-46FA-A456-8CF2A47BC8C6}"
EndProject
Project("{54435603-DBB4-11D2-8724-00A0C9A8B90C}") = "O2_Installer_Tool_FindingsQuery", "_Installers\O2_Installer_Tool_FindingsQuery\O2_Installer_Tool_FindingsQuery.vdproj", "{AB16A348-9FC0-4EBA-BC22-B1C363E1A6F2}"
EndProject
Project("{54435603-DBB4-11D2-8724-00A0C9A8B90C}") = "O2_Installer_Tool_FindingsViewer", "_Installers\O2_Installer_Tool_FindingsViewer\O2_Installer_Tool_FindingsViewer.vdproj", "{3AEEEE16-C0BA-4D2C-B202-4737B548D195}"
EndProject
Project("{54435603-DBB4-11D2-8724-00A0C9A8B90C}") = "O2_Installer_Tool_JoinTraces", "_Installers\O2_Installer_Tool_JoinTraces\O2_Installer_Tool_JoinTraces.vdproj", "{D4391DA2-F301-46B9-8D0E-BB6F85814454}"
EndProject
Project("{54435603-DBB4-11D2-8724-00A0C9A8B90C}") = "O2_Installer_Tool_RulesManager", "_Installers\O2_Installer_Tool_RulesManager\O2_Installer_Tool_RulesManager.vdproj", "{30A1A26A-B4EF-467E-9C72-EDD187BB1D90}"
EndProject
Project("{54435603-DBB4-11D2-8724-00A0C9A8B90C}") = "O2_Installer_Tool_SearchAssessmentRun", "_Installers\O2_Installer_Tool_SearchAssessmentRun\O2_Installer_Tool_SearchAssessmentRun.vdproj", "{5173DDF2-D578-4FB3-9E22-0BF04C82E11E}"
EndProject
Project("{FAE04EC0-301F-11D3-BF4B-00C04F79EFBC}") = "O2_Tool_SpringMvcAnalyser", "RnD\O2_Tool_SpringMvcAnalyser\O2_Tool_SpringMvcAnalyser.csproj", "{FFF39277-1708-4C31-8595-9AB8EB0BF645}"
EndProject
Project("{FAE04EC0-301F-11D3-BF4B-00C04F79EFBC}") = "O2_ImportExport_Misc", "O2Core\O2_ImportExport_Misc\O2_ImportExport_Misc.csproj", "{BC958F16-74FF-4816-B19A-D78524DB1152}"
EndProject
Project("{FAE04EC0-301F-11D3-BF4B-00C04F79EFBC}") = "AspNetAnalysis", "RnD\AspNetAnalysis\AspNetAnalysis.csproj", "{F64F93CB-360F-47D2-A5F0-044EEF757B9D}"
EndProject
Project("{2150E333-8FDC-42A3-9474-1A3956D46DE8}") = "O2 Cmd", "O2 Cmd", "{0FD551B5-831B-4A8C-A472-C8EF8E9B1CED}"
EndProject
Project("{FAE04EC0-301F-11D3-BF4B-00C04F79EFBC}") = "O2 Cmd SpringMvc", "O2_Cmd\O2_Cmd_SpringMvc\O2 Cmd SpringMvc.csproj", "{2ACFB8BA-AFD1-41F1-BFCA-A2699DE8AD02}"
EndProject
Project("{FAE04EC0-301F-11D3-BF4B-00C04F79EFBC}") = "O2_External_Python", "O2 Modules Using 3rd Party Dlls\O2_External_Python\O2_External_Python.csproj", "{BE97BE11-8CBD-4EC7-812D-3024900A5AF1}"
EndProject
Project("{FAE04EC0-301F-11D3-BF4B-00C04F79EFBC}") = "O2_External_IKVM", "O2 Modules Using 3rd Party Dlls\O2_External_IKVM\O2_External_IKVM.csproj", "{3CDC2C22-69A7-4A8F-8886-F8BAA61A9B02}"
EndProject
Project("{FAE04EC0-301F-11D3-BF4B-00C04F79EFBC}") = "O2_Tool_Python", "O2_Tools\O2_Tool_Python\O2_Tool_Python.csproj", "{62C94407-BC5A-43FD-8EBE-EED735790F7D}"
EndProject
Project("{FAE04EC0-301F-11D3-BF4B-00C04F79EFBC}") = "O2_Tool_O2Scripts", "O2_Tools\O2_Tool_O2Scripts\O2_Tool_O2Scripts.csproj", "{0BF3B59C-8513-4BCD-A650-C6B4C16E33D7}"
EndProject
Project("{FAE04EC0-301F-11D3-BF4B-00C04F79EFBC}") = "O2_Tool_JavaExecution", "O2_Tools\O2_Tool_JavaExecution\O2_Tool_JavaExecution.csproj", "{AD7E3685-F380-4093-B5D6-CEB9AAE1DB00}"
EndProject
Project("{54435603-DBB4-11D2-8724-00A0C9A8B90C}") = "O2_Installer_Cmd_FindingsFilter", "_Installers\O2_Installer_Cmd_FindingsFilter\O2_Installer_Cmd_FindingsFilter.vdproj", "{59A74124-B071-40C2-9AC0-27C06B63E638}"
EndProject
Project("{54435603-DBB4-11D2-8724-00A0C9A8B90C}") = "O2_Installer_Cmd_SpringMvc", "_Installers\O2_Installer_Cmd_SpringMvc\O2_Installer_Cmd_SpringMvc.vdproj", "{B2216ED3-BE1D-45D6-BC81-DAE409784B72}"
EndProject
Project("{54435603-DBB4-11D2-8724-00A0C9A8B90C}") = "O2_Installer_Tool_Python", "_Installers\O2_Installer_Tool_Python\O2_Installer_Tool_Python.vdproj", "{6E81713E-1FB5-4119-B7FC-09A77976F0D6}"
EndProject
Project("{54435603-DBB4-11D2-8724-00A0C9A8B90C}") = "O2_Installer_Tool_JavaExecution", "_Installers\O2_Installer_JavaExecution\O2_Installer_JavaExecution.vdproj", "{94106A88-B368-41E3-80A1-64C7942F8F2C}"
EndProject
Project("{54435603-DBB4-11D2-8724-00A0C9A8B90C}") = "O2_Installer_Tool_SearchEngine", "_Installers\O2_Installer_Tool_SearchEngine\O2_Installer_Tool_SearchEngine.vdproj", "{047D9558-C822-4717-9F4B-92437CB9281E}"
EndProject
Project("{54435603-DBB4-11D2-8724-00A0C9A8B90C}") = "O2_Installer_Tool_O2_Scripts", "_Installers\O2_Installer_Tool_O2_Scripts\O2_Installer_Tool_O2_Scripts.vdproj", "{4E1CA3BA-C6D0-4920-9FAB-95301640BACB}"
EndProject
Project("{FAE04EC0-301F-11D3-BF4B-00C04F79EFBC}") = "O2 Kernel WCF", "O2Core\O2_Kernel_WCF\O2 Kernel WCF.csproj", "{A5CB8BED-722D-4A44-A00C-78A3791C7EB8}"
EndProject
Project("{FAE04EC0-301F-11D3-BF4B-00C04F79EFBC}") = "O2_Core_FileViewers", "O2Core\O2_Core_FileViewers\O2_Core_FileViewers.csproj", "{6CDF7A9F-31CC-4496-90B1-09A39C8EEE08}"
EndProject
Project("{FAE04EC0-301F-11D3-BF4B-00C04F79EFBC}") = "O2_Core_XRules", "O2Core\O2_Core_XRules\O2_Core_XRules.csproj", "{E5CB533C-DA98-408E-B021-171293AAAE3E}"
EndProject
Project("{FAE04EC0-301F-11D3-BF4B-00C04F79EFBC}") = "O2_Tool_XRules", "O2_Tools\O2_Tool_XRules\O2_Tool_XRules.csproj", "{1F4DA91C-EF77-4552-AA2A-1159C7032FCD}"
EndProject
Project("{FAE04EC0-301F-11D3-BF4B-00C04F79EFBC}") = "O2_Scanner_DotNet", "Scanners\O2_Scanner_DotNet\O2_Scanner_DotNet.csproj", "{C363CF04-59FF-48A2-90C0-908C57DE8B9E}"
EndProject
Project("{FAE04EC0-301F-11D3-BF4B-00C04F79EFBC}") = "O2_External_PostSharp", "Scanners\O2_External_PostSharp\O2_External_PostSharp.csproj", "{EDA941A6-FA49-473E-8A67-6785ABA13C3F}"
EndProject
Project("{FAE04EC0-301F-11D3-BF4B-00C04F79EFBC}") = "O2_Cmd_XRules", "O2_Cmd\O2_Cmd_XRules\O2_Cmd_XRules.csproj", "{B10305CD-A47E-41C7-8116-CA34180F6C6F}"
EndProject
Project("{54435603-DBB4-11D2-8724-00A0C9A8B90C}") = "O2_Installer_Tool_XRules", "_Installers\O2_Installer_Tool_XRules\O2_Installer_Tool_XRules.vdproj", "{C68E8F84-F47B-435B-8B5F-FD4F1AD6B922}"
EndProject
Project("{FAE04EC0-301F-11D3-BF4B-00C04F79EFBC}") = "O2_XRules_Database", "O2_XRules_Database\O2_XRules_Database.csproj", "{83957D55-86AB-4C26-9F82-6182999F09E8}"
EndProject
Project("{2150E333-8FDC-42A3-9474-1A3956D46DE8}") = "Solution Items", "Solution Items", "{F84609EA-3796-4E19-A94C-78E912983352}"
	ProjectSection(SolutionItems) = preProject
		_3rdPartyDlls\antlr.runtime.dll = _3rdPartyDlls\antlr.runtime.dll
		apache2.0 - License.txt = apache2.0 - License.txt
		_3rdPartyDlls\Cecil.Decompiler.dll = _3rdPartyDlls\Cecil.Decompiler.dll
		_3rdPartyDlls\Common.Logging.dll = _3rdPartyDlls\Common.Logging.dll
		_3rdPartyDlls\Evaluant.Antlr.dll = _3rdPartyDlls\Evaluant.Antlr.dll
		_3rdPartyDlls\Evaluant.NLinq.Memory.o2.1.x.dll = _3rdPartyDlls\Evaluant.NLinq.Memory.o2.1.x.dll
		_3rdPartyDlls\Evaluant.NLinq.o2.1.x.dll = _3rdPartyDlls\Evaluant.NLinq.o2.1.x.dll
		_3rdPartyDlls\ICSharpCode.TextEditor.dll = _3rdPartyDlls\ICSharpCode.TextEditor.dll
		_3rdPartyDlls\Ionic.Zip.dll = _3rdPartyDlls\Ionic.Zip.dll
		_3rdPartyDlls\Microsoft.GLEE.dll = _3rdPartyDlls\Microsoft.GLEE.dll
		_3rdPartyDlls\Microsoft.GLEE.Drawing.dll = _3rdPartyDlls\Microsoft.GLEE.Drawing.dll
		_3rdPartyDlls\Microsoft.GLEE.GraphViewerGDI.dll = _3rdPartyDlls\Microsoft.GLEE.GraphViewerGDI.dll
		_3rdPartyDlls\Mono.Cecil.dll = _3rdPartyDlls\Mono.Cecil.dll
		_3rdPartyDlls\Mono.Cecil.Pdb.dll = _3rdPartyDlls\Mono.Cecil.Pdb.dll
		_3rdPartyDlls\Mono.Cecil.Pdb.pdb = _3rdPartyDlls\Mono.Cecil.Pdb.pdb
		_3rdPartyDlls\MySql.Data.dll = _3rdPartyDlls\MySql.Data.dll
		_3rdPartyDlls\nunit.framework.dll = _3rdPartyDlls\nunit.framework.dll
		O2_XRules_Database\O2_XRules_Database.sln = O2_XRules_Database\O2_XRules_Database.sln
		_3rdPartyDlls\QuickGraph.dll = _3rdPartyDlls\QuickGraph.dll
		_3rdPartyDlls\QuickGraph.Glee.dll = _3rdPartyDlls\QuickGraph.Glee.dll
		_3rdPartyDlls\QuickGraph.Graphviz.dll = _3rdPartyDlls\QuickGraph.Graphviz.dll
		_3rdPartyDlls\Skybound.Gecko.dll = _3rdPartyDlls\Skybound.Gecko.dll
		_3rdPartyDlls\Spring.Aop.dll = _3rdPartyDlls\Spring.Aop.dll
		_3rdPartyDlls\Spring.Core.dll = _3rdPartyDlls\Spring.Core.dll
		_3rdPartyDlls\WeifenLuo.WinFormsUI.Docking.dll = _3rdPartyDlls\WeifenLuo.WinFormsUI.Docking.dll
	EndProjectSection
EndProject
Project("{FAE04EC0-301F-11D3-BF4B-00C04F79EFBC}") = "Misc_UnitTests_and_Scripts", "_O2_UnitTests\Misc_UnitTests_and_Scripts.csproj", "{8434E201-1CAF-4776-BBF3-3804E0395F32}"
EndProject
Global
	GlobalSection(SubversionScc) = preSolution
		Svn-Managed = True
		Manager = AnkhSVN - Subversion Support for Visual Studio
	EndGlobalSection
	GlobalSection(SolutionConfigurationPlatforms) = preSolution
		Debug|Any CPU = Debug|Any CPU
		Release|Any CPU = Release|Any CPU
	EndGlobalSection
	GlobalSection(ProjectConfigurationPlatforms) = postSolution
		{3EDD49CB-F7F2-4CFE-AFAC-698B13B0C968}.Debug|Any CPU.ActiveCfg = Debug|Any CPU
		{3EDD49CB-F7F2-4CFE-AFAC-698B13B0C968}.Debug|Any CPU.Build.0 = Debug|Any CPU
		{3EDD49CB-F7F2-4CFE-AFAC-698B13B0C968}.Release|Any CPU.ActiveCfg = Release|Any CPU
		{3EDD49CB-F7F2-4CFE-AFAC-698B13B0C968}.Release|Any CPU.Build.0 = Release|Any CPU
		{05F4273B-A685-427F-A862-A20B6AF5578E}.Debug|Any CPU.ActiveCfg = Debug|Any CPU
		{05F4273B-A685-427F-A862-A20B6AF5578E}.Debug|Any CPU.Build.0 = Debug|Any CPU
		{05F4273B-A685-427F-A862-A20B6AF5578E}.Release|Any CPU.ActiveCfg = Release|Any CPU
		{05F4273B-A685-427F-A862-A20B6AF5578E}.Release|Any CPU.Build.0 = Release|Any CPU
		{ED678EA9-87C8-43BE-BD33-699958C86D9A}.Debug|Any CPU.ActiveCfg = Debug|Any CPU
		{ED678EA9-87C8-43BE-BD33-699958C86D9A}.Debug|Any CPU.Build.0 = Debug|Any CPU
		{ED678EA9-87C8-43BE-BD33-699958C86D9A}.Release|Any CPU.ActiveCfg = Release|Any CPU
		{ED678EA9-87C8-43BE-BD33-699958C86D9A}.Release|Any CPU.Build.0 = Release|Any CPU
		{E301CD2B-1D22-433C-8C23-CCB76DE7CFCE}.Debug|Any CPU.ActiveCfg = Debug|Any CPU
		{E301CD2B-1D22-433C-8C23-CCB76DE7CFCE}.Debug|Any CPU.Build.0 = Debug|Any CPU
		{E301CD2B-1D22-433C-8C23-CCB76DE7CFCE}.Release|Any CPU.ActiveCfg = Release|Any CPU
		{E301CD2B-1D22-433C-8C23-CCB76DE7CFCE}.Release|Any CPU.Build.0 = Release|Any CPU
		{36A647D5-99F0-490D-B31C-8AC2360A7486}.Debug|Any CPU.ActiveCfg = Debug|Any CPU
		{36A647D5-99F0-490D-B31C-8AC2360A7486}.Debug|Any CPU.Build.0 = Debug|Any CPU
		{36A647D5-99F0-490D-B31C-8AC2360A7486}.Release|Any CPU.ActiveCfg = Release|Any CPU
		{36A647D5-99F0-490D-B31C-8AC2360A7486}.Release|Any CPU.Build.0 = Release|Any CPU
		{BBA8C568-865F-46E8-93A5-DF8FDFB1E8B6}.Debug|Any CPU.ActiveCfg = Debug|Any CPU
		{BBA8C568-865F-46E8-93A5-DF8FDFB1E8B6}.Debug|Any CPU.Build.0 = Debug|Any CPU
		{BBA8C568-865F-46E8-93A5-DF8FDFB1E8B6}.Release|Any CPU.ActiveCfg = Release|Any CPU
		{BBA8C568-865F-46E8-93A5-DF8FDFB1E8B6}.Release|Any CPU.Build.0 = Release|Any CPU
		{8BED166D-78DD-44EB-8B6F-4D5B468D2797}.Debug|Any CPU.ActiveCfg = Debug|Any CPU
		{8BED166D-78DD-44EB-8B6F-4D5B468D2797}.Debug|Any CPU.Build.0 = Debug|Any CPU
		{8BED166D-78DD-44EB-8B6F-4D5B468D2797}.Release|Any CPU.ActiveCfg = Release|Any CPU
		{8BED166D-78DD-44EB-8B6F-4D5B468D2797}.Release|Any CPU.Build.0 = Release|Any CPU
		{9C7333DD-7A9F-4C31-8205-C6E68D99714B}.Debug|Any CPU.ActiveCfg = Debug|Any CPU
		{9C7333DD-7A9F-4C31-8205-C6E68D99714B}.Debug|Any CPU.Build.0 = Debug|Any CPU
		{9C7333DD-7A9F-4C31-8205-C6E68D99714B}.Release|Any CPU.ActiveCfg = Release|Any CPU
		{9C7333DD-7A9F-4C31-8205-C6E68D99714B}.Release|Any CPU.Build.0 = Release|Any CPU
		{770B45B4-B19E-4884-8AB7-BC3BBBD5FC73}.Debug|Any CPU.ActiveCfg = Debug|Any CPU
		{770B45B4-B19E-4884-8AB7-BC3BBBD5FC73}.Debug|Any CPU.Build.0 = Debug|Any CPU
		{770B45B4-B19E-4884-8AB7-BC3BBBD5FC73}.Release|Any CPU.ActiveCfg = Release|Any CPU
		{770B45B4-B19E-4884-8AB7-BC3BBBD5FC73}.Release|Any CPU.Build.0 = Release|Any CPU
		{10891283-A6D8-4F2E-A89D-D59384DBA596}.Debug|Any CPU.ActiveCfg = Debug|Any CPU
		{10891283-A6D8-4F2E-A89D-D59384DBA596}.Debug|Any CPU.Build.0 = Debug|Any CPU
		{10891283-A6D8-4F2E-A89D-D59384DBA596}.Release|Any CPU.ActiveCfg = Release|Any CPU
		{10891283-A6D8-4F2E-A89D-D59384DBA596}.Release|Any CPU.Build.0 = Release|Any CPU
		{2503A5C8-EFEB-4791-B05D-9B94698A8008}.Debug|Any CPU.ActiveCfg = Debug|Any CPU
		{2503A5C8-EFEB-4791-B05D-9B94698A8008}.Debug|Any CPU.Build.0 = Debug|Any CPU
		{2503A5C8-EFEB-4791-B05D-9B94698A8008}.Release|Any CPU.ActiveCfg = Release|Any CPU
		{2503A5C8-EFEB-4791-B05D-9B94698A8008}.Release|Any CPU.Build.0 = Release|Any CPU
		{23ECD679-ACE7-4746-AC80-26609D1E7FD3}.Debug|Any CPU.ActiveCfg = Debug|Any CPU
		{23ECD679-ACE7-4746-AC80-26609D1E7FD3}.Debug|Any CPU.Build.0 = Debug|Any CPU
		{23ECD679-ACE7-4746-AC80-26609D1E7FD3}.Release|Any CPU.ActiveCfg = Release|Any CPU
		{23ECD679-ACE7-4746-AC80-26609D1E7FD3}.Release|Any CPU.Build.0 = Release|Any CPU
		{08BA6F9A-F9A1-43EF-AE91-818D5B2A07D0}.Debug|Any CPU.ActiveCfg = Debug|Any CPU
		{08BA6F9A-F9A1-43EF-AE91-818D5B2A07D0}.Debug|Any CPU.Build.0 = Debug|Any CPU
		{08BA6F9A-F9A1-43EF-AE91-818D5B2A07D0}.Release|Any CPU.ActiveCfg = Release|Any CPU
		{08BA6F9A-F9A1-43EF-AE91-818D5B2A07D0}.Release|Any CPU.Build.0 = Release|Any CPU
		{4CC81625-5E3B-49FD-B070-2B456A460405}.Debug|Any CPU.ActiveCfg = Debug|Any CPU
		{4CC81625-5E3B-49FD-B070-2B456A460405}.Debug|Any CPU.Build.0 = Debug|Any CPU
		{4CC81625-5E3B-49FD-B070-2B456A460405}.Release|Any CPU.ActiveCfg = Release|Any CPU
		{4CC81625-5E3B-49FD-B070-2B456A460405}.Release|Any CPU.Build.0 = Release|Any CPU
		{39F35FB3-2A47-4DD9-A3EF-D18529C9A7A4}.Debug|Any CPU.ActiveCfg = Debug|Any CPU
		{39F35FB3-2A47-4DD9-A3EF-D18529C9A7A4}.Debug|Any CPU.Build.0 = Debug|Any CPU
		{39F35FB3-2A47-4DD9-A3EF-D18529C9A7A4}.Release|Any CPU.ActiveCfg = Release|Any CPU
		{39F35FB3-2A47-4DD9-A3EF-D18529C9A7A4}.Release|Any CPU.Build.0 = Release|Any CPU
		{831EEFD3-A243-484E-B008-BA1EC6499954}.Debug|Any CPU.ActiveCfg = Debug|Any CPU
		{831EEFD3-A243-484E-B008-BA1EC6499954}.Debug|Any CPU.Build.0 = Debug|Any CPU
		{831EEFD3-A243-484E-B008-BA1EC6499954}.Release|Any CPU.ActiveCfg = Release|Any CPU
		{831EEFD3-A243-484E-B008-BA1EC6499954}.Release|Any CPU.Build.0 = Release|Any CPU
		{A4BC21C9-9301-4FB7-B084-09D4306BB04C}.Debug|Any CPU.ActiveCfg = Debug|Any CPU
		{A4BC21C9-9301-4FB7-B084-09D4306BB04C}.Debug|Any CPU.Build.0 = Debug|Any CPU
		{A4BC21C9-9301-4FB7-B084-09D4306BB04C}.Release|Any CPU.ActiveCfg = Release|Any CPU
		{A4BC21C9-9301-4FB7-B084-09D4306BB04C}.Release|Any CPU.Build.0 = Release|Any CPU
		{D6C73FDF-CCD1-4633-A520-2027796241AD}.Debug|Any CPU.ActiveCfg = Debug|Any CPU
		{D6C73FDF-CCD1-4633-A520-2027796241AD}.Debug|Any CPU.Build.0 = Debug|Any CPU
		{D6C73FDF-CCD1-4633-A520-2027796241AD}.Release|Any CPU.ActiveCfg = Release|Any CPU
		{D6C73FDF-CCD1-4633-A520-2027796241AD}.Release|Any CPU.Build.0 = Release|Any CPU
		{BDB9EFED-296A-4535-99C6-F0B83316E80C}.Debug|Any CPU.ActiveCfg = Debug|Any CPU
		{BDB9EFED-296A-4535-99C6-F0B83316E80C}.Debug|Any CPU.Build.0 = Debug|Any CPU
		{BDB9EFED-296A-4535-99C6-F0B83316E80C}.Release|Any CPU.ActiveCfg = Release|Any CPU
		{BDB9EFED-296A-4535-99C6-F0B83316E80C}.Release|Any CPU.Build.0 = Release|Any CPU
		{1017DF77-414E-4CD5-934D-65FC93333DEA}.Debug|Any CPU.ActiveCfg = Debug|Any CPU
		{1017DF77-414E-4CD5-934D-65FC93333DEA}.Debug|Any CPU.Build.0 = Debug|Any CPU
		{1017DF77-414E-4CD5-934D-65FC93333DEA}.Release|Any CPU.ActiveCfg = Release|Any CPU
		{1017DF77-414E-4CD5-934D-65FC93333DEA}.Release|Any CPU.Build.0 = Release|Any CPU
		{0F63204A-4922-4FC3-8F9B-E80F27233FA5}.Debug|Any CPU.ActiveCfg = Debug|Any CPU
		{0F63204A-4922-4FC3-8F9B-E80F27233FA5}.Debug|Any CPU.Build.0 = Debug|Any CPU
		{0F63204A-4922-4FC3-8F9B-E80F27233FA5}.Release|Any CPU.ActiveCfg = Release|Any CPU
		{0F63204A-4922-4FC3-8F9B-E80F27233FA5}.Release|Any CPU.Build.0 = Release|Any CPU
		{1F252725-D8BE-408A-BE5C-2D11D0DE8586}.Debug|Any CPU.ActiveCfg = Debug|Any CPU
		{1F252725-D8BE-408A-BE5C-2D11D0DE8586}.Debug|Any CPU.Build.0 = Debug|Any CPU
		{1F252725-D8BE-408A-BE5C-2D11D0DE8586}.Release|Any CPU.ActiveCfg = Release|Any CPU
		{1F252725-D8BE-408A-BE5C-2D11D0DE8586}.Release|Any CPU.Build.0 = Release|Any CPU
		{FC60AFF2-5197-41AB-9927-729984C13732}.Debug|Any CPU.ActiveCfg = Debug|Any CPU
		{FC60AFF2-5197-41AB-9927-729984C13732}.Debug|Any CPU.Build.0 = Debug|Any CPU
		{FC60AFF2-5197-41AB-9927-729984C13732}.Release|Any CPU.ActiveCfg = Release|Any CPU
		{FC60AFF2-5197-41AB-9927-729984C13732}.Release|Any CPU.Build.0 = Release|Any CPU
		{CCB59AEB-A226-410C-B2C9-54E6B54FA2CA}.Debug|Any CPU.ActiveCfg = Debug|Any CPU
		{CCB59AEB-A226-410C-B2C9-54E6B54FA2CA}.Debug|Any CPU.Build.0 = Debug|Any CPU
		{CCB59AEB-A226-410C-B2C9-54E6B54FA2CA}.Release|Any CPU.ActiveCfg = Release|Any CPU
		{CCB59AEB-A226-410C-B2C9-54E6B54FA2CA}.Release|Any CPU.Build.0 = Release|Any CPU
		{7BFDC99E-0FC7-42FC-9E32-83F77B2BE8F0}.Debug|Any CPU.ActiveCfg = Debug|Any CPU
		{7BFDC99E-0FC7-42FC-9E32-83F77B2BE8F0}.Debug|Any CPU.Build.0 = Debug|Any CPU
		{7BFDC99E-0FC7-42FC-9E32-83F77B2BE8F0}.Release|Any CPU.ActiveCfg = Release|Any CPU
		{7BFDC99E-0FC7-42FC-9E32-83F77B2BE8F0}.Release|Any CPU.Build.0 = Release|Any CPU
		{EED5F98D-00BA-4D9B-A9E7-A7794AD50132}.Debug|Any CPU.ActiveCfg = Debug|Any CPU
		{EED5F98D-00BA-4D9B-A9E7-A7794AD50132}.Debug|Any CPU.Build.0 = Debug|Any CPU
		{EED5F98D-00BA-4D9B-A9E7-A7794AD50132}.Release|Any CPU.ActiveCfg = Release|Any CPU
		{EED5F98D-00BA-4D9B-A9E7-A7794AD50132}.Release|Any CPU.Build.0 = Release|Any CPU
		{F46B8DBE-10D2-4D89-89C2-96E5D8378B16}.Debug|Any CPU.ActiveCfg = Debug|Any CPU
		{F46B8DBE-10D2-4D89-89C2-96E5D8378B16}.Debug|Any CPU.Build.0 = Debug|Any CPU
		{F46B8DBE-10D2-4D89-89C2-96E5D8378B16}.Release|Any CPU.ActiveCfg = Release|Any CPU
		{F46B8DBE-10D2-4D89-89C2-96E5D8378B16}.Release|Any CPU.Build.0 = Release|Any CPU
		{F457A7EB-A573-41BB-BC12-61ABE5ACF702}.Debug|Any CPU.ActiveCfg = Debug|Any CPU
		{F457A7EB-A573-41BB-BC12-61ABE5ACF702}.Debug|Any CPU.Build.0 = Debug|Any CPU
		{F457A7EB-A573-41BB-BC12-61ABE5ACF702}.Release|Any CPU.ActiveCfg = Release|Any CPU
		{F457A7EB-A573-41BB-BC12-61ABE5ACF702}.Release|Any CPU.Build.0 = Release|Any CPU
		{DC9A7583-4D8A-4BFF-8FED-FDFD7CDBCA8E}.Debug|Any CPU.ActiveCfg = Debug|Any CPU
		{DC9A7583-4D8A-4BFF-8FED-FDFD7CDBCA8E}.Debug|Any CPU.Build.0 = Debug|Any CPU
		{DC9A7583-4D8A-4BFF-8FED-FDFD7CDBCA8E}.Release|Any CPU.ActiveCfg = Release|Any CPU
		{DC9A7583-4D8A-4BFF-8FED-FDFD7CDBCA8E}.Release|Any CPU.Build.0 = Release|Any CPU
		{21B23A86-90A9-4B6C-9477-161512F96132}.Debug|Any CPU.ActiveCfg = Debug|Any CPU
		{21B23A86-90A9-4B6C-9477-161512F96132}.Debug|Any CPU.Build.0 = Debug|Any CPU
		{21B23A86-90A9-4B6C-9477-161512F96132}.Release|Any CPU.ActiveCfg = Release|Any CPU
		{21B23A86-90A9-4B6C-9477-161512F96132}.Release|Any CPU.Build.0 = Release|Any CPU
		{F19ED2FE-8191-4534-8DAC-4C42DEE87B52}.Debug|Any CPU.ActiveCfg = Debug|Any CPU
		{F19ED2FE-8191-4534-8DAC-4C42DEE87B52}.Debug|Any CPU.Build.0 = Debug|Any CPU
		{F19ED2FE-8191-4534-8DAC-4C42DEE87B52}.Release|Any CPU.ActiveCfg = Release|Any CPU
		{F19ED2FE-8191-4534-8DAC-4C42DEE87B52}.Release|Any CPU.Build.0 = Release|Any CPU
		{137F101D-D02C-47E2-8839-653B9C4AA683}.Debug|Any CPU.ActiveCfg = Debug|Any CPU
		{137F101D-D02C-47E2-8839-653B9C4AA683}.Debug|Any CPU.Build.0 = Debug|Any CPU
		{137F101D-D02C-47E2-8839-653B9C4AA683}.Release|Any CPU.ActiveCfg = Release|Any CPU
		{137F101D-D02C-47E2-8839-653B9C4AA683}.Release|Any CPU.Build.0 = Release|Any CPU
		{78498D4C-E2DB-409F-9392-49371DE7CDEE}.Debug|Any CPU.ActiveCfg = Debug|Any CPU
		{78498D4C-E2DB-409F-9392-49371DE7CDEE}.Debug|Any CPU.Build.0 = Debug|Any CPU
		{78498D4C-E2DB-409F-9392-49371DE7CDEE}.Release|Any CPU.ActiveCfg = Release|Any CPU
		{78498D4C-E2DB-409F-9392-49371DE7CDEE}.Release|Any CPU.Build.0 = Release|Any CPU
		{71445596-9B26-4189-9870-D46B540A88D2}.Debug|Any CPU.ActiveCfg = Debug|Any CPU
		{71445596-9B26-4189-9870-D46B540A88D2}.Debug|Any CPU.Build.0 = Debug|Any CPU
		{71445596-9B26-4189-9870-D46B540A88D2}.Release|Any CPU.ActiveCfg = Release|Any CPU
		{71445596-9B26-4189-9870-D46B540A88D2}.Release|Any CPU.Build.0 = Release|Any CPU
		{D26210A5-3258-4ABE-90C6-42EF25DECE19}.Debug|Any CPU.ActiveCfg = Debug|Any CPU
		{D26210A5-3258-4ABE-90C6-42EF25DECE19}.Debug|Any CPU.Build.0 = Debug|Any CPU
		{D26210A5-3258-4ABE-90C6-42EF25DECE19}.Release|Any CPU.ActiveCfg = Release|Any CPU
		{D26210A5-3258-4ABE-90C6-42EF25DECE19}.Release|Any CPU.Build.0 = Release|Any CPU
		{414F9D20-CA54-435E-91D2-24EDBDE6262C}.Debug|Any CPU.ActiveCfg = Debug|Any CPU
		{414F9D20-CA54-435E-91D2-24EDBDE6262C}.Debug|Any CPU.Build.0 = Debug|Any CPU
		{414F9D20-CA54-435E-91D2-24EDBDE6262C}.Release|Any CPU.ActiveCfg = Release|Any CPU
		{414F9D20-CA54-435E-91D2-24EDBDE6262C}.Release|Any CPU.Build.0 = Release|Any CPU
		{728A335F-67B6-4F65-8B95-1B0B04A03412}.Debug|Any CPU.ActiveCfg = Debug|Any CPU
		{728A335F-67B6-4F65-8B95-1B0B04A03412}.Debug|Any CPU.Build.0 = Debug|Any CPU
		{728A335F-67B6-4F65-8B95-1B0B04A03412}.Release|Any CPU.ActiveCfg = Release|Any CPU
		{728A335F-67B6-4F65-8B95-1B0B04A03412}.Release|Any CPU.Build.0 = Release|Any CPU
		{E76BCE43-8511-4CE8-A965-C0150F713CE9}.Debug|Any CPU.ActiveCfg = Debug|Any CPU
		{E76BCE43-8511-4CE8-A965-C0150F713CE9}.Debug|Any CPU.Build.0 = Debug|Any CPU
		{E76BCE43-8511-4CE8-A965-C0150F713CE9}.Release|Any CPU.ActiveCfg = Release|Any CPU
		{E76BCE43-8511-4CE8-A965-C0150F713CE9}.Release|Any CPU.Build.0 = Release|Any CPU
		{D388D146-D728-412E-8097-5C6E4E53612E}.Debug|Any CPU.ActiveCfg = Debug|Any CPU
		{D388D146-D728-412E-8097-5C6E4E53612E}.Debug|Any CPU.Build.0 = Debug|Any CPU
		{D388D146-D728-412E-8097-5C6E4E53612E}.Release|Any CPU.ActiveCfg = Release|Any CPU
		{D388D146-D728-412E-8097-5C6E4E53612E}.Release|Any CPU.Build.0 = Release|Any CPU
		{14F52AB9-7FC7-44F5-9A84-422ED47CFA1A}.Debug|Any CPU.ActiveCfg = Debug|Any CPU
		{14F52AB9-7FC7-44F5-9A84-422ED47CFA1A}.Debug|Any CPU.Build.0 = Debug|Any CPU
		{14F52AB9-7FC7-44F5-9A84-422ED47CFA1A}.Release|Any CPU.ActiveCfg = Release|Any CPU
		{14F52AB9-7FC7-44F5-9A84-422ED47CFA1A}.Release|Any CPU.Build.0 = Release|Any CPU
		{9D2748F5-74AD-43CB-AA92-87F6E3E371AE}.Debug|Any CPU.ActiveCfg = Debug|Any CPU
		{9D2748F5-74AD-43CB-AA92-87F6E3E371AE}.Debug|Any CPU.Build.0 = Debug|Any CPU
		{9D2748F5-74AD-43CB-AA92-87F6E3E371AE}.Release|Any CPU.ActiveCfg = Release|Any CPU
		{9D2748F5-74AD-43CB-AA92-87F6E3E371AE}.Release|Any CPU.Build.0 = Release|Any CPU
		{BC868D71-C072-488F-9DC3-0D8397CFB041}.Debug|Any CPU.ActiveCfg = Debug|Any CPU
		{BC868D71-C072-488F-9DC3-0D8397CFB041}.Debug|Any CPU.Build.0 = Debug|Any CPU
		{BC868D71-C072-488F-9DC3-0D8397CFB041}.Release|Any CPU.ActiveCfg = Release|Any CPU
		{BC868D71-C072-488F-9DC3-0D8397CFB041}.Release|Any CPU.Build.0 = Release|Any CPU
		{79B18F13-0FA4-4027-A9CA-908DB53C6987}.Debug|Any CPU.ActiveCfg = Debug|Any CPU
		{79B18F13-0FA4-4027-A9CA-908DB53C6987}.Debug|Any CPU.Build.0 = Debug|Any CPU
		{79B18F13-0FA4-4027-A9CA-908DB53C6987}.Release|Any CPU.ActiveCfg = Release|Any CPU
		{79B18F13-0FA4-4027-A9CA-908DB53C6987}.Release|Any CPU.Build.0 = Release|Any CPU
		{9C9DAC2F-577B-47C5-8637-49940A8A5272}.Debug|Any CPU.ActiveCfg = Debug|Any CPU
		{9C9DAC2F-577B-47C5-8637-49940A8A5272}.Debug|Any CPU.Build.0 = Debug|Any CPU
		{9C9DAC2F-577B-47C5-8637-49940A8A5272}.Release|Any CPU.ActiveCfg = Release|Any CPU
		{9C9DAC2F-577B-47C5-8637-49940A8A5272}.Release|Any CPU.Build.0 = Release|Any CPU
		{AA6F05AE-CF8D-4256-BA8F-E9E2E9C133C1}.Debug|Any CPU.ActiveCfg = Debug|Any CPU
		{AA6F05AE-CF8D-4256-BA8F-E9E2E9C133C1}.Debug|Any CPU.Build.0 = Debug|Any CPU
		{AA6F05AE-CF8D-4256-BA8F-E9E2E9C133C1}.Release|Any CPU.ActiveCfg = Release|Any CPU
		{AA6F05AE-CF8D-4256-BA8F-E9E2E9C133C1}.Release|Any CPU.Build.0 = Release|Any CPU
		{18B24402-8F2F-4987-B324-4E7B4DC2FCD2}.Debug|Any CPU.ActiveCfg = Debug|Any CPU
		{18B24402-8F2F-4987-B324-4E7B4DC2FCD2}.Debug|Any CPU.Build.0 = Debug|Any CPU
		{18B24402-8F2F-4987-B324-4E7B4DC2FCD2}.Release|Any CPU.ActiveCfg = Release|Any CPU
		{18B24402-8F2F-4987-B324-4E7B4DC2FCD2}.Release|Any CPU.Build.0 = Release|Any CPU
		{92B431A3-D875-4CB4-92E6-0FD422750D97}.Debug|Any CPU.ActiveCfg = Debug|Any CPU
		{92B431A3-D875-4CB4-92E6-0FD422750D97}.Debug|Any CPU.Build.0 = Debug|Any CPU
		{92B431A3-D875-4CB4-92E6-0FD422750D97}.Release|Any CPU.ActiveCfg = Release|Any CPU
		{92B431A3-D875-4CB4-92E6-0FD422750D97}.Release|Any CPU.Build.0 = Release|Any CPU
		{C3275389-544E-42AC-A2CF-F4705F699A73}.Debug|Any CPU.ActiveCfg = Debug|Any CPU
		{C3275389-544E-42AC-A2CF-F4705F699A73}.Debug|Any CPU.Build.0 = Debug|Any CPU
		{C3275389-544E-42AC-A2CF-F4705F699A73}.Release|Any CPU.ActiveCfg = Release|Any CPU
		{C3275389-544E-42AC-A2CF-F4705F699A73}.Release|Any CPU.Build.0 = Release|Any CPU
		{605FDE5A-6DC8-45B8-96C3-28268CDCA9D4}.Debug|Any CPU.ActiveCfg = Debug|Any CPU
		{605FDE5A-6DC8-45B8-96C3-28268CDCA9D4}.Debug|Any CPU.Build.0 = Debug|Any CPU
		{605FDE5A-6DC8-45B8-96C3-28268CDCA9D4}.Release|Any CPU.ActiveCfg = Release|Any CPU
		{605FDE5A-6DC8-45B8-96C3-28268CDCA9D4}.Release|Any CPU.Build.0 = Release|Any CPU
		{7809B498-9CA2-4BA9-B036-6B0F9D222420}.Debug|Any CPU.ActiveCfg = Debug|Any CPU
		{7809B498-9CA2-4BA9-B036-6B0F9D222420}.Debug|Any CPU.Build.0 = Debug|Any CPU
		{7809B498-9CA2-4BA9-B036-6B0F9D222420}.Release|Any CPU.ActiveCfg = Release|Any CPU
		{7809B498-9CA2-4BA9-B036-6B0F9D222420}.Release|Any CPU.Build.0 = Release|Any CPU
		{3AC6A46B-31DE-447D-95AE-4278F556480B}.Debug|Any CPU.ActiveCfg = Debug|Any CPU
		{3AC6A46B-31DE-447D-95AE-4278F556480B}.Debug|Any CPU.Build.0 = Debug|Any CPU
		{3AC6A46B-31DE-447D-95AE-4278F556480B}.Release|Any CPU.ActiveCfg = Release|Any CPU
		{3AC6A46B-31DE-447D-95AE-4278F556480B}.Release|Any CPU.Build.0 = Release|Any CPU
		{BF9B277B-7599-4683-8F84-6A939872D3E1}.Debug|Any CPU.ActiveCfg = Debug|Any CPU
		{BF9B277B-7599-4683-8F84-6A939872D3E1}.Debug|Any CPU.Build.0 = Debug|Any CPU
		{BF9B277B-7599-4683-8F84-6A939872D3E1}.Release|Any CPU.ActiveCfg = Release|Any CPU
		{BF9B277B-7599-4683-8F84-6A939872D3E1}.Release|Any CPU.Build.0 = Release|Any CPU
		{6D9EFAEE-EF33-41E0-BF91-F1E46ADC6F3E}.Debug|Any CPU.ActiveCfg = Debug|Any CPU
		{6D9EFAEE-EF33-41E0-BF91-F1E46ADC6F3E}.Debug|Any CPU.Build.0 = Debug|Any CPU
		{6D9EFAEE-EF33-41E0-BF91-F1E46ADC6F3E}.Release|Any CPU.ActiveCfg = Release|Any CPU
		{6D9EFAEE-EF33-41E0-BF91-F1E46ADC6F3E}.Release|Any CPU.Build.0 = Release|Any CPU
		{75B23121-5004-4149-AACF-58C7FA7F7676}.Debug|Any CPU.ActiveCfg = Debug
		{75B23121-5004-4149-AACF-58C7FA7F7676}.Release|Any CPU.ActiveCfg = Release
		{75B23121-5004-4149-AACF-58C7FA7F7676}.Release|Any CPU.Build.0 = Release
		{E0624FB3-77EE-4A17-B3B5-AC59A98E977B}.Debug|Any CPU.ActiveCfg = Debug
		{E0624FB3-77EE-4A17-B3B5-AC59A98E977B}.Release|Any CPU.ActiveCfg = Release
		{E0624FB3-77EE-4A17-B3B5-AC59A98E977B}.Release|Any CPU.Build.0 = Release
		{6D37815B-CD9E-4045-B209-B8E19A31A0C0}.Debug|Any CPU.ActiveCfg = Debug
		{6D37815B-CD9E-4045-B209-B8E19A31A0C0}.Release|Any CPU.ActiveCfg = Release
		{6D37815B-CD9E-4045-B209-B8E19A31A0C0}.Release|Any CPU.Build.0 = Release
		{FE49927E-F46A-46FA-A456-8CF2A47BC8C6}.Debug|Any CPU.ActiveCfg = Debug
		{FE49927E-F46A-46FA-A456-8CF2A47BC8C6}.Release|Any CPU.ActiveCfg = Release
		{FE49927E-F46A-46FA-A456-8CF2A47BC8C6}.Release|Any CPU.Build.0 = Release
		{AB16A348-9FC0-4EBA-BC22-B1C363E1A6F2}.Debug|Any CPU.ActiveCfg = Debug
		{AB16A348-9FC0-4EBA-BC22-B1C363E1A6F2}.Release|Any CPU.ActiveCfg = Release
		{AB16A348-9FC0-4EBA-BC22-B1C363E1A6F2}.Release|Any CPU.Build.0 = Release
		{3AEEEE16-C0BA-4D2C-B202-4737B548D195}.Debug|Any CPU.ActiveCfg = Debug
		{3AEEEE16-C0BA-4D2C-B202-4737B548D195}.Release|Any CPU.ActiveCfg = Release
		{3AEEEE16-C0BA-4D2C-B202-4737B548D195}.Release|Any CPU.Build.0 = Release
		{D4391DA2-F301-46B9-8D0E-BB6F85814454}.Debug|Any CPU.ActiveCfg = Debug
		{D4391DA2-F301-46B9-8D0E-BB6F85814454}.Release|Any CPU.ActiveCfg = Release
		{D4391DA2-F301-46B9-8D0E-BB6F85814454}.Release|Any CPU.Build.0 = Release
		{30A1A26A-B4EF-467E-9C72-EDD187BB1D90}.Debug|Any CPU.ActiveCfg = Debug
		{30A1A26A-B4EF-467E-9C72-EDD187BB1D90}.Release|Any CPU.ActiveCfg = Release
		{30A1A26A-B4EF-467E-9C72-EDD187BB1D90}.Release|Any CPU.Build.0 = Release
		{5173DDF2-D578-4FB3-9E22-0BF04C82E11E}.Debug|Any CPU.ActiveCfg = Debug
		{5173DDF2-D578-4FB3-9E22-0BF04C82E11E}.Release|Any CPU.ActiveCfg = Release
		{5173DDF2-D578-4FB3-9E22-0BF04C82E11E}.Release|Any CPU.Build.0 = Release
		{FFF39277-1708-4C31-8595-9AB8EB0BF645}.Debug|Any CPU.ActiveCfg = Debug|Any CPU
		{FFF39277-1708-4C31-8595-9AB8EB0BF645}.Debug|Any CPU.Build.0 = Debug|Any CPU
		{FFF39277-1708-4C31-8595-9AB8EB0BF645}.Release|Any CPU.ActiveCfg = Release|Any CPU
		{FFF39277-1708-4C31-8595-9AB8EB0BF645}.Release|Any CPU.Build.0 = Release|Any CPU
		{BC958F16-74FF-4816-B19A-D78524DB1152}.Debug|Any CPU.ActiveCfg = Debug|Any CPU
		{BC958F16-74FF-4816-B19A-D78524DB1152}.Debug|Any CPU.Build.0 = Debug|Any CPU
		{BC958F16-74FF-4816-B19A-D78524DB1152}.Release|Any CPU.ActiveCfg = Release|Any CPU
		{BC958F16-74FF-4816-B19A-D78524DB1152}.Release|Any CPU.Build.0 = Release|Any CPU
		{F64F93CB-360F-47D2-A5F0-044EEF757B9D}.Debug|Any CPU.ActiveCfg = Debug|Any CPU
		{F64F93CB-360F-47D2-A5F0-044EEF757B9D}.Debug|Any CPU.Build.0 = Debug|Any CPU
		{F64F93CB-360F-47D2-A5F0-044EEF757B9D}.Release|Any CPU.ActiveCfg = Release|Any CPU
		{F64F93CB-360F-47D2-A5F0-044EEF757B9D}.Release|Any CPU.Build.0 = Release|Any CPU
		{2ACFB8BA-AFD1-41F1-BFCA-A2699DE8AD02}.Debug|Any CPU.ActiveCfg = Debug|Any CPU
		{2ACFB8BA-AFD1-41F1-BFCA-A2699DE8AD02}.Debug|Any CPU.Build.0 = Debug|Any CPU
		{2ACFB8BA-AFD1-41F1-BFCA-A2699DE8AD02}.Release|Any CPU.ActiveCfg = Release|Any CPU
		{2ACFB8BA-AFD1-41F1-BFCA-A2699DE8AD02}.Release|Any CPU.Build.0 = Release|Any CPU
		{BE97BE11-8CBD-4EC7-812D-3024900A5AF1}.Debug|Any CPU.ActiveCfg = Debug|Any CPU
		{BE97BE11-8CBD-4EC7-812D-3024900A5AF1}.Debug|Any CPU.Build.0 = Debug|Any CPU
		{BE97BE11-8CBD-4EC7-812D-3024900A5AF1}.Release|Any CPU.ActiveCfg = Release|Any CPU
		{BE97BE11-8CBD-4EC7-812D-3024900A5AF1}.Release|Any CPU.Build.0 = Release|Any CPU
		{3CDC2C22-69A7-4A8F-8886-F8BAA61A9B02}.Debug|Any CPU.ActiveCfg = Debug|Any CPU
		{3CDC2C22-69A7-4A8F-8886-F8BAA61A9B02}.Debug|Any CPU.Build.0 = Debug|Any CPU
		{3CDC2C22-69A7-4A8F-8886-F8BAA61A9B02}.Release|Any CPU.ActiveCfg = Release|Any CPU
		{3CDC2C22-69A7-4A8F-8886-F8BAA61A9B02}.Release|Any CPU.Build.0 = Release|Any CPU
		{62C94407-BC5A-43FD-8EBE-EED735790F7D}.Debug|Any CPU.ActiveCfg = Debug|Any CPU
		{62C94407-BC5A-43FD-8EBE-EED735790F7D}.Debug|Any CPU.Build.0 = Debug|Any CPU
		{62C94407-BC5A-43FD-8EBE-EED735790F7D}.Release|Any CPU.ActiveCfg = Release|Any CPU
		{62C94407-BC5A-43FD-8EBE-EED735790F7D}.Release|Any CPU.Build.0 = Release|Any CPU
		{0BF3B59C-8513-4BCD-A650-C6B4C16E33D7}.Debug|Any CPU.ActiveCfg = Debug|Any CPU
		{0BF3B59C-8513-4BCD-A650-C6B4C16E33D7}.Debug|Any CPU.Build.0 = Debug|Any CPU
		{0BF3B59C-8513-4BCD-A650-C6B4C16E33D7}.Release|Any CPU.ActiveCfg = Release|Any CPU
		{0BF3B59C-8513-4BCD-A650-C6B4C16E33D7}.Release|Any CPU.Build.0 = Release|Any CPU
		{AD7E3685-F380-4093-B5D6-CEB9AAE1DB00}.Debug|Any CPU.ActiveCfg = Debug|Any CPU
		{AD7E3685-F380-4093-B5D6-CEB9AAE1DB00}.Debug|Any CPU.Build.0 = Debug|Any CPU
		{AD7E3685-F380-4093-B5D6-CEB9AAE1DB00}.Release|Any CPU.ActiveCfg = Release|Any CPU
		{AD7E3685-F380-4093-B5D6-CEB9AAE1DB00}.Release|Any CPU.Build.0 = Release|Any CPU
		{59A74124-B071-40C2-9AC0-27C06B63E638}.Debug|Any CPU.ActiveCfg = Debug
		{59A74124-B071-40C2-9AC0-27C06B63E638}.Release|Any CPU.ActiveCfg = Release
		{B2216ED3-BE1D-45D6-BC81-DAE409784B72}.Debug|Any CPU.ActiveCfg = Debug
		{B2216ED3-BE1D-45D6-BC81-DAE409784B72}.Release|Any CPU.ActiveCfg = Release
		{6E81713E-1FB5-4119-B7FC-09A77976F0D6}.Debug|Any CPU.ActiveCfg = Debug
		{6E81713E-1FB5-4119-B7FC-09A77976F0D6}.Release|Any CPU.ActiveCfg = Release
		{6E81713E-1FB5-4119-B7FC-09A77976F0D6}.Release|Any CPU.Build.0 = Release
		{94106A88-B368-41E3-80A1-64C7942F8F2C}.Debug|Any CPU.ActiveCfg = Debug
		{94106A88-B368-41E3-80A1-64C7942F8F2C}.Release|Any CPU.ActiveCfg = Release
		{047D9558-C822-4717-9F4B-92437CB9281E}.Debug|Any CPU.ActiveCfg = Debug
		{047D9558-C822-4717-9F4B-92437CB9281E}.Release|Any CPU.ActiveCfg = Release
		{047D9558-C822-4717-9F4B-92437CB9281E}.Release|Any CPU.Build.0 = Release
		{4E1CA3BA-C6D0-4920-9FAB-95301640BACB}.Debug|Any CPU.ActiveCfg = Debug
		{4E1CA3BA-C6D0-4920-9FAB-95301640BACB}.Release|Any CPU.ActiveCfg = Release
		{4E1CA3BA-C6D0-4920-9FAB-95301640BACB}.Release|Any CPU.Build.0 = Release
		{A5CB8BED-722D-4A44-A00C-78A3791C7EB8}.Debug|Any CPU.ActiveCfg = Debug|Any CPU
		{A5CB8BED-722D-4A44-A00C-78A3791C7EB8}.Debug|Any CPU.Build.0 = Debug|Any CPU
		{A5CB8BED-722D-4A44-A00C-78A3791C7EB8}.Release|Any CPU.ActiveCfg = Release|Any CPU
		{A5CB8BED-722D-4A44-A00C-78A3791C7EB8}.Release|Any CPU.Build.0 = Release|Any CPU
		{6CDF7A9F-31CC-4496-90B1-09A39C8EEE08}.Debug|Any CPU.ActiveCfg = Debug|Any CPU
		{6CDF7A9F-31CC-4496-90B1-09A39C8EEE08}.Debug|Any CPU.Build.0 = Debug|Any CPU
		{6CDF7A9F-31CC-4496-90B1-09A39C8EEE08}.Release|Any CPU.ActiveCfg = Release|Any CPU
		{6CDF7A9F-31CC-4496-90B1-09A39C8EEE08}.Release|Any CPU.Build.0 = Release|Any CPU
		{E5CB533C-DA98-408E-B021-171293AAAE3E}.Debug|Any CPU.ActiveCfg = Debug|Any CPU
		{E5CB533C-DA98-408E-B021-171293AAAE3E}.Debug|Any CPU.Build.0 = Debug|Any CPU
		{E5CB533C-DA98-408E-B021-171293AAAE3E}.Release|Any CPU.ActiveCfg = Release|Any CPU
		{E5CB533C-DA98-408E-B021-171293AAAE3E}.Release|Any CPU.Build.0 = Release|Any CPU
		{1F4DA91C-EF77-4552-AA2A-1159C7032FCD}.Debug|Any CPU.ActiveCfg = Debug|Any CPU
		{1F4DA91C-EF77-4552-AA2A-1159C7032FCD}.Debug|Any CPU.Build.0 = Debug|Any CPU
		{1F4DA91C-EF77-4552-AA2A-1159C7032FCD}.Release|Any CPU.ActiveCfg = Release|Any CPU
		{1F4DA91C-EF77-4552-AA2A-1159C7032FCD}.Release|Any CPU.Build.0 = Release|Any CPU
		{C363CF04-59FF-48A2-90C0-908C57DE8B9E}.Debug|Any CPU.ActiveCfg = Debug|Any CPU
		{C363CF04-59FF-48A2-90C0-908C57DE8B9E}.Debug|Any CPU.Build.0 = Debug|Any CPU
		{C363CF04-59FF-48A2-90C0-908C57DE8B9E}.Release|Any CPU.ActiveCfg = Release|Any CPU
		{C363CF04-59FF-48A2-90C0-908C57DE8B9E}.Release|Any CPU.Build.0 = Release|Any CPU
		{EDA941A6-FA49-473E-8A67-6785ABA13C3F}.Debug|Any CPU.ActiveCfg = Debug|Any CPU
		{EDA941A6-FA49-473E-8A67-6785ABA13C3F}.Debug|Any CPU.Build.0 = Debug|Any CPU
		{EDA941A6-FA49-473E-8A67-6785ABA13C3F}.Release|Any CPU.ActiveCfg = Release|Any CPU
		{EDA941A6-FA49-473E-8A67-6785ABA13C3F}.Release|Any CPU.Build.0 = Release|Any CPU
		{B10305CD-A47E-41C7-8116-CA34180F6C6F}.Debug|Any CPU.ActiveCfg = Debug|Any CPU
		{B10305CD-A47E-41C7-8116-CA34180F6C6F}.Debug|Any CPU.Build.0 = Debug|Any CPU
		{B10305CD-A47E-41C7-8116-CA34180F6C6F}.Release|Any CPU.ActiveCfg = Release|Any CPU
		{B10305CD-A47E-41C7-8116-CA34180F6C6F}.Release|Any CPU.Build.0 = Release|Any CPU
		{C68E8F84-F47B-435B-8B5F-FD4F1AD6B922}.Debug|Any CPU.ActiveCfg = Debug
		{C68E8F84-F47B-435B-8B5F-FD4F1AD6B922}.Release|Any CPU.ActiveCfg = Release
		{83957D55-86AB-4C26-9F82-6182999F09E8}.Debug|Any CPU.ActiveCfg = Debug|Any CPU
		{83957D55-86AB-4C26-9F82-6182999F09E8}.Debug|Any CPU.Build.0 = Debug|Any CPU
		{83957D55-86AB-4C26-9F82-6182999F09E8}.Release|Any CPU.ActiveCfg = Release|Any CPU
		{83957D55-86AB-4C26-9F82-6182999F09E8}.Release|Any CPU.Build.0 = Release|Any CPU
		{8434E201-1CAF-4776-BBF3-3804E0395F32}.Debug|Any CPU.ActiveCfg = Debug|Any CPU
		{8434E201-1CAF-4776-BBF3-3804E0395F32}.Debug|Any CPU.Build.0 = Debug|Any CPU
		{8434E201-1CAF-4776-BBF3-3804E0395F32}.Release|Any CPU.ActiveCfg = Release|Any CPU
		{8434E201-1CAF-4776-BBF3-3804E0395F32}.Release|Any CPU.Build.0 = Release|Any CPU
	EndGlobalSection
	GlobalSection(SolutionProperties) = preSolution
		HideSolutionNode = FALSE
	EndGlobalSection
	GlobalSection(NestedProjects) = preSolution
		{3EDD49CB-F7F2-4CFE-AFAC-698B13B0C968} = {60D3F45B-D4D5-40AE-8AC8-45138833855C}
		{BDB9EFED-296A-4535-99C6-F0B83316E80C} = {60D3F45B-D4D5-40AE-8AC8-45138833855C}
		{1F252725-D8BE-408A-BE5C-2D11D0DE8586} = {60D3F45B-D4D5-40AE-8AC8-45138833855C}
		{7BFDC99E-0FC7-42FC-9E32-83F77B2BE8F0} = {60D3F45B-D4D5-40AE-8AC8-45138833855C}
		{F19ED2FE-8191-4534-8DAC-4C42DEE87B52} = {60D3F45B-D4D5-40AE-8AC8-45138833855C}
		{D388D146-D728-412E-8097-5C6E4E53612E} = {60D3F45B-D4D5-40AE-8AC8-45138833855C}
		{BC958F16-74FF-4816-B19A-D78524DB1152} = {60D3F45B-D4D5-40AE-8AC8-45138833855C}
		{A5CB8BED-722D-4A44-A00C-78A3791C7EB8} = {60D3F45B-D4D5-40AE-8AC8-45138833855C}
		{6CDF7A9F-31CC-4496-90B1-09A39C8EEE08} = {60D3F45B-D4D5-40AE-8AC8-45138833855C}
		{E5CB533C-DA98-408E-B021-171293AAAE3E} = {60D3F45B-D4D5-40AE-8AC8-45138833855C}
		{83957D55-86AB-4C26-9F82-6182999F09E8} = {60D3F45B-D4D5-40AE-8AC8-45138833855C}
		{ED678EA9-87C8-43BE-BD33-699958C86D9A} = {76A81ABB-2CA4-4AD5-BCF0-BE2D637BEB16}
		{E301CD2B-1D22-433C-8C23-CCB76DE7CFCE} = {76A81ABB-2CA4-4AD5-BCF0-BE2D637BEB16}
		{36A647D5-99F0-490D-B31C-8AC2360A7486} = {76A81ABB-2CA4-4AD5-BCF0-BE2D637BEB16}
		{8BED166D-78DD-44EB-8B6F-4D5B468D2797} = {76A81ABB-2CA4-4AD5-BCF0-BE2D637BEB16}
		{10891283-A6D8-4F2E-A89D-D59384DBA596} = {76A81ABB-2CA4-4AD5-BCF0-BE2D637BEB16}
		{05F4273B-A685-427F-A862-A20B6AF5578E} = {76A81ABB-2CA4-4AD5-BCF0-BE2D637BEB16}
		{BC868D71-C072-488F-9DC3-0D8397CFB041} = {76A81ABB-2CA4-4AD5-BCF0-BE2D637BEB16}
		{79B18F13-0FA4-4027-A9CA-908DB53C6987} = {76A81ABB-2CA4-4AD5-BCF0-BE2D637BEB16}
		{9C9DAC2F-577B-47C5-8637-49940A8A5272} = {76A81ABB-2CA4-4AD5-BCF0-BE2D637BEB16}
		{C3275389-544E-42AC-A2CF-F4705F699A73} = {76A81ABB-2CA4-4AD5-BCF0-BE2D637BEB16}
		{605FDE5A-6DC8-45B8-96C3-28268CDCA9D4} = {76A81ABB-2CA4-4AD5-BCF0-BE2D637BEB16}
		{BF9B277B-7599-4683-8F84-6A939872D3E1} = {76A81ABB-2CA4-4AD5-BCF0-BE2D637BEB16}
		{6D9EFAEE-EF33-41E0-BF91-F1E46ADC6F3E} = {76A81ABB-2CA4-4AD5-BCF0-BE2D637BEB16}
		{62C94407-BC5A-43FD-8EBE-EED735790F7D} = {76A81ABB-2CA4-4AD5-BCF0-BE2D637BEB16}
		{0BF3B59C-8513-4BCD-A650-C6B4C16E33D7} = {76A81ABB-2CA4-4AD5-BCF0-BE2D637BEB16}
		{AD7E3685-F380-4093-B5D6-CEB9AAE1DB00} = {76A81ABB-2CA4-4AD5-BCF0-BE2D637BEB16}
		{1F4DA91C-EF77-4552-AA2A-1159C7032FCD} = {76A81ABB-2CA4-4AD5-BCF0-BE2D637BEB16}
		{BBA8C568-865F-46E8-93A5-DF8FDFB1E8B6} = {09D8FF82-7830-4707-8502-050F4FB37D7F}
		{2503A5C8-EFEB-4791-B05D-9B94698A8008} = {09D8FF82-7830-4707-8502-050F4FB37D7F}
		{23ECD679-ACE7-4746-AC80-26609D1E7FD3} = {09D8FF82-7830-4707-8502-050F4FB37D7F}
		{08BA6F9A-F9A1-43EF-AE91-818D5B2A07D0} = {09D8FF82-7830-4707-8502-050F4FB37D7F}
		{4CC81625-5E3B-49FD-B070-2B456A460405} = {09D8FF82-7830-4707-8502-050F4FB37D7F}
		{A4BC21C9-9301-4FB7-B084-09D4306BB04C} = {09D8FF82-7830-4707-8502-050F4FB37D7F}
		{1017DF77-414E-4CD5-934D-65FC93333DEA} = {09D8FF82-7830-4707-8502-050F4FB37D7F}
		{D26210A5-3258-4ABE-90C6-42EF25DECE19} = {09D8FF82-7830-4707-8502-050F4FB37D7F}
		{AA6F05AE-CF8D-4256-BA8F-E9E2E9C133C1} = {09D8FF82-7830-4707-8502-050F4FB37D7F}
		{7809B498-9CA2-4BA9-B036-6B0F9D222420} = {09D8FF82-7830-4707-8502-050F4FB37D7F}
		{3AC6A46B-31DE-447D-95AE-4278F556480B} = {09D8FF82-7830-4707-8502-050F4FB37D7F}
		{FFF39277-1708-4C31-8595-9AB8EB0BF645} = {09D8FF82-7830-4707-8502-050F4FB37D7F}
		{F64F93CB-360F-47D2-A5F0-044EEF757B9D} = {09D8FF82-7830-4707-8502-050F4FB37D7F}
		{39F35FB3-2A47-4DD9-A3EF-D18529C9A7A4} = {2659969F-D878-4FD3-9E6A-8A668DC63403}
		{831EEFD3-A243-484E-B008-BA1EC6499954} = {2659969F-D878-4FD3-9E6A-8A668DC63403}
		{9C7333DD-7A9F-4C31-8205-C6E68D99714B} = {2659969F-D878-4FD3-9E6A-8A668DC63403}
		{D6C73FDF-CCD1-4633-A520-2027796241AD} = {2659969F-D878-4FD3-9E6A-8A668DC63403}
		{C363CF04-59FF-48A2-90C0-908C57DE8B9E} = {2659969F-D878-4FD3-9E6A-8A668DC63403}
		{EDA941A6-FA49-473E-8A67-6785ABA13C3F} = {2659969F-D878-4FD3-9E6A-8A668DC63403}
		{0F63204A-4922-4FC3-8F9B-E80F27233FA5} = {1B691F63-D296-42F0-BF02-234503C51ECD}
		{FC60AFF2-5197-41AB-9927-729984C13732} = {1B691F63-D296-42F0-BF02-234503C51ECD}
		{CCB59AEB-A226-410C-B2C9-54E6B54FA2CA} = {1B691F63-D296-42F0-BF02-234503C51ECD}
		{DC9A7583-4D8A-4BFF-8FED-FDFD7CDBCA8E} = {1B691F63-D296-42F0-BF02-234503C51ECD}
		{21B23A86-90A9-4B6C-9477-161512F96132} = {1B691F63-D296-42F0-BF02-234503C51ECD}
		{137F101D-D02C-47E2-8839-653B9C4AA683} = {1B691F63-D296-42F0-BF02-234503C51ECD}
		{78498D4C-E2DB-409F-9392-49371DE7CDEE} = {1B691F63-D296-42F0-BF02-234503C51ECD}
		{71445596-9B26-4189-9870-D46B540A88D2} = {1B691F63-D296-42F0-BF02-234503C51ECD}
		{414F9D20-CA54-435E-91D2-24EDBDE6262C} = {1B691F63-D296-42F0-BF02-234503C51ECD}
		{8434E201-1CAF-4776-BBF3-3804E0395F32} = {1B691F63-D296-42F0-BF02-234503C51ECD}
		{EED5F98D-00BA-4D9B-A9E7-A7794AD50132} = {DFBB5440-C874-4E7F-B71E-AFE7FA9EDDDB}
		{F46B8DBE-10D2-4D89-89C2-96E5D8378B16} = {DFBB5440-C874-4E7F-B71E-AFE7FA9EDDDB}
		{F457A7EB-A573-41BB-BC12-61ABE5ACF702} = {DFBB5440-C874-4E7F-B71E-AFE7FA9EDDDB}
		{728A335F-67B6-4F65-8B95-1B0B04A03412} = {DFBB5440-C874-4E7F-B71E-AFE7FA9EDDDB}
		{E76BCE43-8511-4CE8-A965-C0150F713CE9} = {DFBB5440-C874-4E7F-B71E-AFE7FA9EDDDB}
		{92B431A3-D875-4CB4-92E6-0FD422750D97} = {DFBB5440-C874-4E7F-B71E-AFE7FA9EDDDB}
		{BE97BE11-8CBD-4EC7-812D-3024900A5AF1} = {DFBB5440-C874-4E7F-B71E-AFE7FA9EDDDB}
		{3CDC2C22-69A7-4A8F-8886-F8BAA61A9B02} = {DFBB5440-C874-4E7F-B71E-AFE7FA9EDDDB}
		{14F52AB9-7FC7-44F5-9A84-422ED47CFA1A} = {FAFB62F8-5A17-4CFE-8979-B08394FB4A48}
		{9D2748F5-74AD-43CB-AA92-87F6E3E371AE} = {FAFB62F8-5A17-4CFE-8979-B08394FB4A48}
		{18B24402-8F2F-4987-B324-4E7B4DC2FCD2} = {0FD551B5-831B-4A8C-A472-C8EF8E9B1CED}
		{2ACFB8BA-AFD1-41F1-BFCA-A2699DE8AD02} = {0FD551B5-831B-4A8C-A472-C8EF8E9B1CED}
		{B10305CD-A47E-41C7-8116-CA34180F6C6F} = {0FD551B5-831B-4A8C-A472-C8EF8E9B1CED}
		{75B23121-5004-4149-AACF-58C7FA7F7676} = {6BF35DEF-31FA-4CB5-8081-94B5654A4DEA}
		{E0624FB3-77EE-4A17-B3B5-AC59A98E977B} = {6BF35DEF-31FA-4CB5-8081-94B5654A4DEA}
		{6D37815B-CD9E-4045-B209-B8E19A31A0C0} = {6BF35DEF-31FA-4CB5-8081-94B5654A4DEA}
		{FE49927E-F46A-46FA-A456-8CF2A47BC8C6} = {6BF35DEF-31FA-4CB5-8081-94B5654A4DEA}
		{AB16A348-9FC0-4EBA-BC22-B1C363E1A6F2} = {6BF35DEF-31FA-4CB5-8081-94B5654A4DEA}
		{3AEEEE16-C0BA-4D2C-B202-4737B548D195} = {6BF35DEF-31FA-4CB5-8081-94B5654A4DEA}
		{D4391DA2-F301-46B9-8D0E-BB6F85814454} = {6BF35DEF-31FA-4CB5-8081-94B5654A4DEA}
		{30A1A26A-B4EF-467E-9C72-EDD187BB1D90} = {6BF35DEF-31FA-4CB5-8081-94B5654A4DEA}
		{5173DDF2-D578-4FB3-9E22-0BF04C82E11E} = {6BF35DEF-31FA-4CB5-8081-94B5654A4DEA}
		{59A74124-B071-40C2-9AC0-27C06B63E638} = {6BF35DEF-31FA-4CB5-8081-94B5654A4DEA}
		{B2216ED3-BE1D-45D6-BC81-DAE409784B72} = {6BF35DEF-31FA-4CB5-8081-94B5654A4DEA}
		{6E81713E-1FB5-4119-B7FC-09A77976F0D6} = {6BF35DEF-31FA-4CB5-8081-94B5654A4DEA}
		{94106A88-B368-41E3-80A1-64C7942F8F2C} = {6BF35DEF-31FA-4CB5-8081-94B5654A4DEA}
		{047D9558-C822-4717-9F4B-92437CB9281E} = {6BF35DEF-31FA-4CB5-8081-94B5654A4DEA}
		{4E1CA3BA-C6D0-4920-9FAB-95301640BACB} = {6BF35DEF-31FA-4CB5-8081-94B5654A4DEA}
		{C68E8F84-F47B-435B-8B5F-FD4F1AD6B922} = {6BF35DEF-31FA-4CB5-8081-94B5654A4DEA}
	EndGlobalSection
EndGlobal
