
Microsoft Visual Studio Solution File, Format Version 10.00
# Visual Studio 2008
Project("{FAE04EC0-301F-11D3-BF4B-00C04F79EFBC}") = "aspectdng", "AspectDNG\src\aspectdng\aspectdng.csproj", "{1F9F00EC-0968-4560-8EF7-0754B4CB7F0C}"
EndProject
Project("{FAE04EC0-301F-11D3-BF4B-00C04F79EFBC}") = "cecil", "AspectDNG\src\cecil\cecil.csproj", "{5AB543B7-5E58-4CA7-84ED-949293E8DE4B}"
EndProject
Project("{2150E333-8FDC-42A3-9474-1A3956D46DE8}") = "AspectDNG", "AspectDNG", "{67906794-E793-4C2D-B752-1082565D2980}"
EndProject
Project("{2150E333-8FDC-42A3-9474-1A3956D46DE8}") = "Solution Items", "Solution Items", "{AE22B32A-FA16-49A0-8666-D5746C51B2C3}"
EndProject
Project("{2150E333-8FDC-42A3-9474-1A3956D46DE8}") = "Cecil.Decompiler", "Cecil.Decompiler", "{92BD351E-AEB9-4A28-B946-7FF0051C6E54}"
EndProject
Project("{FAE04EC0-301F-11D3-BF4B-00C04F79EFBC}") = "Cecil.Decompiler", "Cecil.Decompiler\Cecil.Decompiler\Cecil.Decompiler.csproj", "{ED1BE103-1699-4116-A732-616BEB142EB2}"
EndProject
Project("{FAE04EC0-301F-11D3-BF4B-00C04F79EFBC}") = "Cecil.Decompiler.Tests", "Cecil.Decompiler\Cecil.Decompiler.Tests\Cecil.Decompiler.Tests.csproj", "{A2D41337-2817-453A-B299-E4DF957CEE7B}"
EndProject
Project("{FAE04EC0-301F-11D3-BF4B-00C04F79EFBC}") = "dbg", "Cecil.Decompiler\dbg\dbg.csproj", "{07809FA3-0BD8-4EE3-B669-923CF04EEF80}"
EndProject
Project("{FAE04EC0-301F-11D3-BF4B-00C04F79EFBC}") = "ExtraFiles", "Cecil.Decompiler\ExtraFiles.csproj", "{4F299D91-2A31-4DE8-99CC-38064E772A2D}"
EndProject
Project("{2150E333-8FDC-42A3-9474-1A3956D46DE8}") = "Mono.Cecil", "Mono.Cecil", "{1E9CD14B-6C8D-4AFF-9A75-ECCBF9B68D6D}"
EndProject
Project("{FAE04EC0-301F-11D3-BF4B-00C04F79EFBC}") = "Mono.Cecil.Pdb", "Mono.Cecil.Pdb\Mono.Cecil.Pdb.csproj", "{4FEBBB25-D5C0-48F0-A822-2E0D6F3D777E}"
EndProject
Project("{2150E333-8FDC-42A3-9474-1A3956D46DE8}") = "NLinq", "NLinq", "{AA39EA49-F69E-4A23-A214-AAB0A9FFD11A}"
	ProjectSection(SolutionItems) = preProject
		NLinq\libs\Evaluant.Antlr.dll = NLinq\libs\Evaluant.Antlr.dll
		NLinq\libs\nunit.framework.dll = NLinq\libs\nunit.framework.dll
	EndProjectSection
EndProject
Project("{FAE04EC0-301F-11D3-BF4B-00C04F79EFBC}") = "NLinq", "NLinq\NLinq\NLinq.csproj", "{05FF616B-289A-41AE-A746-ACFFA6825602}"
EndProject
Project("{FAE04EC0-301F-11D3-BF4B-00C04F79EFBC}") = "NLinq.Memory", "NLinq\NLinq.Memory\NLinq.Memory.csproj", "{05DC8701-36AB-4212-B468-BB128C7C3E84}"
EndProject
Project("{FAE04EC0-301F-11D3-BF4B-00C04F79EFBC}") = "NLinq.Play", "NLinq\NLinq.Play\NLinq.Play.csproj", "{80C44372-E7E6-44FF-A0E6-C0288303BC49}"
EndProject
Project("{FAE04EC0-301F-11D3-BF4B-00C04F79EFBC}") = "NLinq.Tests", "NLinq\NLinq.Tests\NLinq.Tests.csproj", "{60ADB1AB-133C-4B53-AABF-496EAF4645A1}"
EndProject
Project("{2150E333-8FDC-42A3-9474-1A3956D46DE8}") = "Skybound.Gecko (Mozilla)", "Skybound.Gecko (Mozilla)", "{E106A30E-20DA-41B2-8C82-4618FAE14DAF}"
EndProject
Project("{FAE04EC0-301F-11D3-BF4B-00C04F79EFBC}") = "Skybound.Gecko", "Skybound.Gecko\Skybound.Gecko.csproj", "{877D1A24-2D5E-4C46-A933-FCF11EA0403B}"
EndProject
Project("{2150E333-8FDC-42A3-9474-1A3956D46DE8}") = "HtmlParser", "HtmlParser", "{1C41CAD9-4AEE-4B80-AC00-38DBC00C619B}"
EndProject
Project("{FAE04EC0-301F-11D3-BF4B-00C04F79EFBC}") = "HTMLparserLibDotNet20", "HtmlParser\HTMLparser\HTMLparserLibDotNet20.csproj", "{499C0FA8-9B6C-4590-926B-FF5061AE6C18}"
EndProject
Project("{FAE04EC0-301F-11D3-BF4B-00C04F79EFBC}") = "HTMLparserDotNet20", "HtmlParser\HTMLparserMain\HTMLparserDotNet20.csproj", "{AC6ADBF0-4F13-4B07-9DF3-789E13DF741A}"
EndProject
Project("{FAE04EC0-301F-11D3-BF4B-00C04F79EFBC}") = "NUnitTests", "HtmlParser\HTMLparserMain\NUnitTests\NUnitTests.csproj", "{D843965F-8B15-4782-804B-A96664B54BF5}"
EndProject
Project("{2150E333-8FDC-42A3-9474-1A3956D46DE8}") = "Merlin Workflow", "Merlin Workflow", "{EA76BEAD-8677-4AB0-AE9F-ACE719748ED5}"
EndProject
Project("{FAE04EC0-301F-11D3-BF4B-00C04F79EFBC}") = "Merlin", "Merlin_Workflow\Merlin\Merlin.csproj", "{5569E453-3A8E-425A-81CF-EB964117B7EC}"
EndProject
Project("{FAE04EC0-301F-11D3-BF4B-00C04F79EFBC}") = "NilremUserManagement", "Merlin_Workflow\Demo\NilremUserManagement\NilremUserManagement.csproj", "{E7DC4FBC-CD3C-462C-B6D0-520B697F4E8C}"
EndProject
Project("{2150E333-8FDC-42A3-9474-1A3956D46DE8}") = "Demo App", "Demo App", "{8C96C8DF-9691-47CC-A503-ACD09A9CCF45}"
EndProject
Project("{FAE04EC0-301F-11D3-BF4B-00C04F79EFBC}") = "StepSequenceManipulation", "Merlin_Workflow\Demo\StepSequenceManipulation\StepSequenceManipulation.csproj", "{37515955-12AF-4854-B835-D0C0EA204E91}"
EndProject
Global
	GlobalSection(SubversionScc) = preSolution
		Svn-Managed = True
		Manager = AnkhSVN - Subversion Support for Visual Studio
	EndGlobalSection
	GlobalSection(SolutionConfigurationPlatforms) = preSolution
		Debug 1.8|Any CPU = Debug 1.8|Any CPU
		Debug|Any CPU = Debug|Any CPU
		Release|Any CPU = Release|Any CPU
	EndGlobalSection
	GlobalSection(ProjectConfigurationPlatforms) = postSolution
		{1F9F00EC-0968-4560-8EF7-0754B4CB7F0C}.Debug 1.8|Any CPU.ActiveCfg = Debug|Any CPU
		{1F9F00EC-0968-4560-8EF7-0754B4CB7F0C}.Debug 1.8|Any CPU.Build.0 = Debug|Any CPU
		{1F9F00EC-0968-4560-8EF7-0754B4CB7F0C}.Debug|Any CPU.ActiveCfg = Debug|Any CPU
		{1F9F00EC-0968-4560-8EF7-0754B4CB7F0C}.Debug|Any CPU.Build.0 = Debug|Any CPU
		{1F9F00EC-0968-4560-8EF7-0754B4CB7F0C}.Release|Any CPU.ActiveCfg = Debug|Any CPU
		{1F9F00EC-0968-4560-8EF7-0754B4CB7F0C}.Release|Any CPU.Build.0 = Debug|Any CPU
		{5AB543B7-5E58-4CA7-84ED-949293E8DE4B}.Debug 1.8|Any CPU.ActiveCfg = Debug|Any CPU
		{5AB543B7-5E58-4CA7-84ED-949293E8DE4B}.Debug 1.8|Any CPU.Build.0 = Debug|Any CPU
		{5AB543B7-5E58-4CA7-84ED-949293E8DE4B}.Debug|Any CPU.ActiveCfg = Debug|Any CPU
		{5AB543B7-5E58-4CA7-84ED-949293E8DE4B}.Debug|Any CPU.Build.0 = Debug|Any CPU
		{5AB543B7-5E58-4CA7-84ED-949293E8DE4B}.Release|Any CPU.ActiveCfg = Debug|Any CPU
		{5AB543B7-5E58-4CA7-84ED-949293E8DE4B}.Release|Any CPU.Build.0 = Debug|Any CPU
		{ED1BE103-1699-4116-A732-616BEB142EB2}.Debug 1.8|Any CPU.ActiveCfg = Debug|Any CPU
		{ED1BE103-1699-4116-A732-616BEB142EB2}.Debug 1.8|Any CPU.Build.0 = Debug|Any CPU
		{ED1BE103-1699-4116-A732-616BEB142EB2}.Debug|Any CPU.ActiveCfg = Debug|Any CPU
		{ED1BE103-1699-4116-A732-616BEB142EB2}.Debug|Any CPU.Build.0 = Debug|Any CPU
		{ED1BE103-1699-4116-A732-616BEB142EB2}.Release|Any CPU.ActiveCfg = Release|Any CPU
		{ED1BE103-1699-4116-A732-616BEB142EB2}.Release|Any CPU.Build.0 = Release|Any CPU
		{A2D41337-2817-453A-B299-E4DF957CEE7B}.Debug 1.8|Any CPU.ActiveCfg = Debug|Any CPU
		{A2D41337-2817-453A-B299-E4DF957CEE7B}.Debug 1.8|Any CPU.Build.0 = Debug|Any CPU
		{A2D41337-2817-453A-B299-E4DF957CEE7B}.Debug|Any CPU.ActiveCfg = Debug|Any CPU
		{A2D41337-2817-453A-B299-E4DF957CEE7B}.Debug|Any CPU.Build.0 = Debug|Any CPU
		{A2D41337-2817-453A-B299-E4DF957CEE7B}.Release|Any CPU.ActiveCfg = Release|Any CPU
		{A2D41337-2817-453A-B299-E4DF957CEE7B}.Release|Any CPU.Build.0 = Release|Any CPU
		{07809FA3-0BD8-4EE3-B669-923CF04EEF80}.Debug 1.8|Any CPU.ActiveCfg = Debug|Any CPU
		{07809FA3-0BD8-4EE3-B669-923CF04EEF80}.Debug 1.8|Any CPU.Build.0 = Debug|Any CPU
		{07809FA3-0BD8-4EE3-B669-923CF04EEF80}.Debug|Any CPU.ActiveCfg = Debug|Any CPU
		{07809FA3-0BD8-4EE3-B669-923CF04EEF80}.Debug|Any CPU.Build.0 = Debug|Any CPU
		{07809FA3-0BD8-4EE3-B669-923CF04EEF80}.Release|Any CPU.ActiveCfg = Release|Any CPU
		{07809FA3-0BD8-4EE3-B669-923CF04EEF80}.Release|Any CPU.Build.0 = Release|Any CPU
		{4F299D91-2A31-4DE8-99CC-38064E772A2D}.Debug 1.8|Any CPU.ActiveCfg = Debug|Any CPU
		{4F299D91-2A31-4DE8-99CC-38064E772A2D}.Debug 1.8|Any CPU.Build.0 = Debug|Any CPU
		{4F299D91-2A31-4DE8-99CC-38064E772A2D}.Debug|Any CPU.ActiveCfg = Debug|Any CPU
		{4F299D91-2A31-4DE8-99CC-38064E772A2D}.Debug|Any CPU.Build.0 = Debug|Any CPU
		{4F299D91-2A31-4DE8-99CC-38064E772A2D}.Release|Any CPU.ActiveCfg = Release|Any CPU
		{4F299D91-2A31-4DE8-99CC-38064E772A2D}.Release|Any CPU.Build.0 = Release|Any CPU
		{4FEBBB25-D5C0-48F0-A822-2E0D6F3D777E}.Debug 1.8|Any CPU.ActiveCfg = Debug|Any CPU
		{4FEBBB25-D5C0-48F0-A822-2E0D6F3D777E}.Debug 1.8|Any CPU.Build.0 = Debug|Any CPU
		{4FEBBB25-D5C0-48F0-A822-2E0D6F3D777E}.Debug|Any CPU.ActiveCfg = Debug|Any CPU
		{4FEBBB25-D5C0-48F0-A822-2E0D6F3D777E}.Debug|Any CPU.Build.0 = Debug|Any CPU
		{4FEBBB25-D5C0-48F0-A822-2E0D6F3D777E}.Release|Any CPU.ActiveCfg = Release|Any CPU
		{4FEBBB25-D5C0-48F0-A822-2E0D6F3D777E}.Release|Any CPU.Build.0 = Release|Any CPU
		{05FF616B-289A-41AE-A746-ACFFA6825602}.Debug 1.8|Any CPU.ActiveCfg = Debug|Any CPU
		{05FF616B-289A-41AE-A746-ACFFA6825602}.Debug 1.8|Any CPU.Build.0 = Debug|Any CPU
		{05FF616B-289A-41AE-A746-ACFFA6825602}.Debug|Any CPU.ActiveCfg = Debug|Any CPU
		{05FF616B-289A-41AE-A746-ACFFA6825602}.Debug|Any CPU.Build.0 = Debug|Any CPU
		{05FF616B-289A-41AE-A746-ACFFA6825602}.Release|Any CPU.ActiveCfg = Release|Any CPU
		{05FF616B-289A-41AE-A746-ACFFA6825602}.Release|Any CPU.Build.0 = Release|Any CPU
		{05DC8701-36AB-4212-B468-BB128C7C3E84}.Debug 1.8|Any CPU.ActiveCfg = Debug|Any CPU
		{05DC8701-36AB-4212-B468-BB128C7C3E84}.Debug 1.8|Any CPU.Build.0 = Debug|Any CPU
		{05DC8701-36AB-4212-B468-BB128C7C3E84}.Debug|Any CPU.ActiveCfg = Debug|Any CPU
		{05DC8701-36AB-4212-B468-BB128C7C3E84}.Debug|Any CPU.Build.0 = Debug|Any CPU
		{05DC8701-36AB-4212-B468-BB128C7C3E84}.Release|Any CPU.ActiveCfg = Release|Any CPU
		{05DC8701-36AB-4212-B468-BB128C7C3E84}.Release|Any CPU.Build.0 = Release|Any CPU
		{80C44372-E7E6-44FF-A0E6-C0288303BC49}.Debug 1.8|Any CPU.ActiveCfg = Debug|Any CPU
		{80C44372-E7E6-44FF-A0E6-C0288303BC49}.Debug 1.8|Any CPU.Build.0 = Debug|Any CPU
		{80C44372-E7E6-44FF-A0E6-C0288303BC49}.Debug|Any CPU.ActiveCfg = Debug|Any CPU
		{80C44372-E7E6-44FF-A0E6-C0288303BC49}.Debug|Any CPU.Build.0 = Debug|Any CPU
		{80C44372-E7E6-44FF-A0E6-C0288303BC49}.Release|Any CPU.ActiveCfg = Release|Any CPU
		{80C44372-E7E6-44FF-A0E6-C0288303BC49}.Release|Any CPU.Build.0 = Release|Any CPU
		{60ADB1AB-133C-4B53-AABF-496EAF4645A1}.Debug 1.8|Any CPU.ActiveCfg = Debug|Any CPU
		{60ADB1AB-133C-4B53-AABF-496EAF4645A1}.Debug 1.8|Any CPU.Build.0 = Debug|Any CPU
		{60ADB1AB-133C-4B53-AABF-496EAF4645A1}.Debug|Any CPU.ActiveCfg = Debug|Any CPU
		{60ADB1AB-133C-4B53-AABF-496EAF4645A1}.Debug|Any CPU.Build.0 = Debug|Any CPU
		{60ADB1AB-133C-4B53-AABF-496EAF4645A1}.Release|Any CPU.ActiveCfg = Release|Any CPU
		{60ADB1AB-133C-4B53-AABF-496EAF4645A1}.Release|Any CPU.Build.0 = Release|Any CPU
		{877D1A24-2D5E-4C46-A933-FCF11EA0403B}.Debug 1.8|Any CPU.ActiveCfg = Debug 1.8|Any CPU
		{877D1A24-2D5E-4C46-A933-FCF11EA0403B}.Debug 1.8|Any CPU.Build.0 = Debug 1.8|Any CPU
		{877D1A24-2D5E-4C46-A933-FCF11EA0403B}.Debug|Any CPU.ActiveCfg = Debug|Any CPU
		{877D1A24-2D5E-4C46-A933-FCF11EA0403B}.Debug|Any CPU.Build.0 = Debug|Any CPU
		{877D1A24-2D5E-4C46-A933-FCF11EA0403B}.Release|Any CPU.ActiveCfg = Release|Any CPU
		{877D1A24-2D5E-4C46-A933-FCF11EA0403B}.Release|Any CPU.Build.0 = Release|Any CPU
		{499C0FA8-9B6C-4590-926B-FF5061AE6C18}.Debug 1.8|Any CPU.ActiveCfg = Debug|Any CPU
		{499C0FA8-9B6C-4590-926B-FF5061AE6C18}.Debug 1.8|Any CPU.Build.0 = Debug|Any CPU
		{499C0FA8-9B6C-4590-926B-FF5061AE6C18}.Debug|Any CPU.ActiveCfg = Debug|Any CPU
		{499C0FA8-9B6C-4590-926B-FF5061AE6C18}.Debug|Any CPU.Build.0 = Debug|Any CPU
		{499C0FA8-9B6C-4590-926B-FF5061AE6C18}.Release|Any CPU.ActiveCfg = Release|Any CPU
		{499C0FA8-9B6C-4590-926B-FF5061AE6C18}.Release|Any CPU.Build.0 = Release|Any CPU
		{AC6ADBF0-4F13-4B07-9DF3-789E13DF741A}.Debug 1.8|Any CPU.ActiveCfg = Debug|Any CPU
		{AC6ADBF0-4F13-4B07-9DF3-789E13DF741A}.Debug 1.8|Any CPU.Build.0 = Debug|Any CPU
		{AC6ADBF0-4F13-4B07-9DF3-789E13DF741A}.Debug|Any CPU.ActiveCfg = Debug|Any CPU
		{AC6ADBF0-4F13-4B07-9DF3-789E13DF741A}.Debug|Any CPU.Build.0 = Debug|Any CPU
		{AC6ADBF0-4F13-4B07-9DF3-789E13DF741A}.Release|Any CPU.ActiveCfg = Release|Any CPU
		{AC6ADBF0-4F13-4B07-9DF3-789E13DF741A}.Release|Any CPU.Build.0 = Release|Any CPU
		{D843965F-8B15-4782-804B-A96664B54BF5}.Debug 1.8|Any CPU.ActiveCfg = Debug|Any CPU
		{D843965F-8B15-4782-804B-A96664B54BF5}.Debug 1.8|Any CPU.Build.0 = Debug|Any CPU
		{D843965F-8B15-4782-804B-A96664B54BF5}.Debug|Any CPU.ActiveCfg = Debug|Any CPU
		{D843965F-8B15-4782-804B-A96664B54BF5}.Debug|Any CPU.Build.0 = Debug|Any CPU
		{D843965F-8B15-4782-804B-A96664B54BF5}.Release|Any CPU.ActiveCfg = Release|Any CPU
		{D843965F-8B15-4782-804B-A96664B54BF5}.Release|Any CPU.Build.0 = Release|Any CPU
		{5569E453-3A8E-425A-81CF-EB964117B7EC}.Debug 1.8|Any CPU.ActiveCfg = Debug|Any CPU
		{5569E453-3A8E-425A-81CF-EB964117B7EC}.Debug 1.8|Any CPU.Build.0 = Debug|Any CPU
		{5569E453-3A8E-425A-81CF-EB964117B7EC}.Debug|Any CPU.ActiveCfg = Debug|Any CPU
		{5569E453-3A8E-425A-81CF-EB964117B7EC}.Debug|Any CPU.Build.0 = Debug|Any CPU
		{5569E453-3A8E-425A-81CF-EB964117B7EC}.Release|Any CPU.ActiveCfg = Release|Any CPU
		{5569E453-3A8E-425A-81CF-EB964117B7EC}.Release|Any CPU.Build.0 = Release|Any CPU
		{E7DC4FBC-CD3C-462C-B6D0-520B697F4E8C}.Debug 1.8|Any CPU.ActiveCfg = Debug|Any CPU
		{E7DC4FBC-CD3C-462C-B6D0-520B697F4E8C}.Debug 1.8|Any CPU.Build.0 = Debug|Any CPU
		{E7DC4FBC-CD3C-462C-B6D0-520B697F4E8C}.Debug|Any CPU.ActiveCfg = Debug|Any CPU
		{E7DC4FBC-CD3C-462C-B6D0-520B697F4E8C}.Debug|Any CPU.Build.0 = Debug|Any CPU
		{E7DC4FBC-CD3C-462C-B6D0-520B697F4E8C}.Release|Any CPU.ActiveCfg = Release|Any CPU
		{E7DC4FBC-CD3C-462C-B6D0-520B697F4E8C}.Release|Any CPU.Build.0 = Release|Any CPU
		{37515955-12AF-4854-B835-D0C0EA204E91}.Debug 1.8|Any CPU.ActiveCfg = Debug|Any CPU
		{37515955-12AF-4854-B835-D0C0EA204E91}.Debug 1.8|Any CPU.Build.0 = Debug|Any CPU
		{37515955-12AF-4854-B835-D0C0EA204E91}.Debug|Any CPU.ActiveCfg = Debug|Any CPU
		{37515955-12AF-4854-B835-D0C0EA204E91}.Debug|Any CPU.Build.0 = Debug|Any CPU
		{37515955-12AF-4854-B835-D0C0EA204E91}.Release|Any CPU.ActiveCfg = Release|Any CPU
		{37515955-12AF-4854-B835-D0C0EA204E91}.Release|Any CPU.Build.0 = Release|Any CPU
	EndGlobalSection
	GlobalSection(SolutionProperties) = preSolution
		HideSolutionNode = FALSE
	EndGlobalSection
	GlobalSection(NestedProjects) = preSolution
		{5AB543B7-5E58-4CA7-84ED-949293E8DE4B} = {67906794-E793-4C2D-B752-1082565D2980}
		{1F9F00EC-0968-4560-8EF7-0754B4CB7F0C} = {67906794-E793-4C2D-B752-1082565D2980}
		{ED1BE103-1699-4116-A732-616BEB142EB2} = {92BD351E-AEB9-4A28-B946-7FF0051C6E54}
		{A2D41337-2817-453A-B299-E4DF957CEE7B} = {92BD351E-AEB9-4A28-B946-7FF0051C6E54}
		{07809FA3-0BD8-4EE3-B669-923CF04EEF80} = {92BD351E-AEB9-4A28-B946-7FF0051C6E54}
		{4F299D91-2A31-4DE8-99CC-38064E772A2D} = {92BD351E-AEB9-4A28-B946-7FF0051C6E54}
		{4FEBBB25-D5C0-48F0-A822-2E0D6F3D777E} = {1E9CD14B-6C8D-4AFF-9A75-ECCBF9B68D6D}
		{05FF616B-289A-41AE-A746-ACFFA6825602} = {AA39EA49-F69E-4A23-A214-AAB0A9FFD11A}
		{05DC8701-36AB-4212-B468-BB128C7C3E84} = {AA39EA49-F69E-4A23-A214-AAB0A9FFD11A}
		{80C44372-E7E6-44FF-A0E6-C0288303BC49} = {AA39EA49-F69E-4A23-A214-AAB0A9FFD11A}
		{60ADB1AB-133C-4B53-AABF-496EAF4645A1} = {AA39EA49-F69E-4A23-A214-AAB0A9FFD11A}
		{877D1A24-2D5E-4C46-A933-FCF11EA0403B} = {E106A30E-20DA-41B2-8C82-4618FAE14DAF}
		{499C0FA8-9B6C-4590-926B-FF5061AE6C18} = {1C41CAD9-4AEE-4B80-AC00-38DBC00C619B}
		{AC6ADBF0-4F13-4B07-9DF3-789E13DF741A} = {1C41CAD9-4AEE-4B80-AC00-38DBC00C619B}
		{D843965F-8B15-4782-804B-A96664B54BF5} = {1C41CAD9-4AEE-4B80-AC00-38DBC00C619B}
		{5569E453-3A8E-425A-81CF-EB964117B7EC} = {EA76BEAD-8677-4AB0-AE9F-ACE719748ED5}
		{8C96C8DF-9691-47CC-A503-ACD09A9CCF45} = {EA76BEAD-8677-4AB0-AE9F-ACE719748ED5}
		{E7DC4FBC-CD3C-462C-B6D0-520B697F4E8C} = {8C96C8DF-9691-47CC-A503-ACD09A9CCF45}
		{37515955-12AF-4854-B835-D0C0EA204E91} = {8C96C8DF-9691-47CC-A503-ACD09A9CCF45}
	EndGlobalSection
EndGlobal
