
Microsoft Visual Studio Solution File, Format Version 10.00
# Visual Studio 2008
Project("{2150E333-8FDC-42A3-9474-1A3956D46DE8}") = "Solution Items", "Solution Items", "{AE22B32A-FA16-49A0-8666-D5746C51B2C3}"
EndProject
Project("{2150E333-8FDC-42A3-9474-1A3956D46DE8}") = "Cecil.Decompiler", "Cecil.Decompiler", "{92BD351E-AEB9-4A28-B946-7FF0051C6E54}"
EndProject
Project("{FAE04EC0-301F-11D3-BF4B-00C04F79EFBC}") = "Cecil.Decompiler", "Cecil.Decompiler\Cecil.Decompiler\Cecil.Decompiler.csproj", "{ED1BE103-1699-4116-A732-616BEB142EB2}"
EndProject
Project("{FAE04EC0-301F-11D3-BF4B-00C04F79EFBC}") = "Cecil.Decompiler.Tests", "Cecil.Decompiler\Cecil.Decompiler.Tests\Cecil.Decompiler.Tests.csproj", "{A2D41337-2817-453A-B299-E4DF957CEE7B}"
EndProject
Project("{FAE04EC0-301F-11D3-BF4B-00C04F79EFBC}") = "dbg", "Cecil.Decompiler\dbg\dbg.csproj", "{07809FA3-0BD8-4EE3-B669-923CF04EEF80}"
EndProject
Project("{FAE04EC0-301F-11D3-BF4B-00C04F79EFBC}") = "ExtraFiles", "Cecil.Decompiler\ExtraFiles.csproj", "{4F299D91-2A31-4DE8-99CC-38064E772A2D}"
EndProject
Project("{2150E333-8FDC-42A3-9474-1A3956D46DE8}") = "Mono.Cecil.Pdb", "Mono.Cecil.Pdb", "{1E9CD14B-6C8D-4AFF-9A75-ECCBF9B68D6D}"
EndProject
Project("{FAE04EC0-301F-11D3-BF4B-00C04F79EFBC}") = "Mono.Cecil.Pdb", "Mono.Cecil.Pdb\Mono.Cecil.Pdb.csproj", "{4FEBBB25-D5C0-48F0-A822-2E0D6F3D777E}"
EndProject
Project("{2150E333-8FDC-42A3-9474-1A3956D46DE8}") = "NLinq", "NLinq", "{AA39EA49-F69E-4A23-A214-AAB0A9FFD11A}"
	ProjectSection(SolutionItems) = preProject
		NLinq\libs\Evaluant.Antlr.dll = NLinq\libs\Evaluant.Antlr.dll
		NLinq\libs\nunit.framework.dll = NLinq\libs\nunit.framework.dll
	EndProjectSection
EndProject
Project("{FAE04EC0-301F-11D3-BF4B-00C04F79EFBC}") = "NLinq", "NLinq\NLinq\NLinq.csproj", "{05FF616B-289A-41AE-A746-ACFFA6825602}"
EndProject
Project("{FAE04EC0-301F-11D3-BF4B-00C04F79EFBC}") = "NLinq.Memory", "NLinq\NLinq.Memory\NLinq.Memory.csproj", "{05DC8701-36AB-4212-B468-BB128C7C3E84}"
EndProject
Project("{FAE04EC0-301F-11D3-BF4B-00C04F79EFBC}") = "NLinq.Play", "NLinq\NLinq.Play\NLinq.Play.csproj", "{80C44372-E7E6-44FF-A0E6-C0288303BC49}"
EndProject
Project("{FAE04EC0-301F-11D3-BF4B-00C04F79EFBC}") = "NLinq.Tests", "NLinq\NLinq.Tests\NLinq.Tests.csproj", "{60ADB1AB-133C-4B53-AABF-496EAF4645A1}"
EndProject
Project("{2150E333-8FDC-42A3-9474-1A3956D46DE8}") = "Skybound.Gecko (Mozilla)", "Skybound.Gecko (Mozilla)", "{E106A30E-20DA-41B2-8C82-4618FAE14DAF}"
EndProject
Project("{FAE04EC0-301F-11D3-BF4B-00C04F79EFBC}") = "Skybound.Gecko", "Skybound.Gecko\Skybound.Gecko.csproj", "{877D1A24-2D5E-4C46-A933-FCF11EA0403B}"
EndProject
Project("{2150E333-8FDC-42A3-9474-1A3956D46DE8}") = "HtmlParser", "HtmlParser", "{1C41CAD9-4AEE-4B80-AC00-38DBC00C619B}"
EndProject
Project("{FAE04EC0-301F-11D3-BF4B-00C04F79EFBC}") = "HTMLparserLibDotNet20", "HtmlParser\HTMLparser\HTMLparserLibDotNet20.csproj", "{499C0FA8-9B6C-4590-926B-FF5061AE6C18}"
EndProject
Project("{FAE04EC0-301F-11D3-BF4B-00C04F79EFBC}") = "HTMLparserDotNet20", "HtmlParser\HTMLparserMain\HTMLparserDotNet20.csproj", "{AC6ADBF0-4F13-4B07-9DF3-789E13DF741A}"
EndProject
Project("{FAE04EC0-301F-11D3-BF4B-00C04F79EFBC}") = "NUnitTests", "HtmlParser\HTMLparserMain\NUnitTests\NUnitTests.csproj", "{D843965F-8B15-4782-804B-A96664B54BF5}"
EndProject
Project("{2150E333-8FDC-42A3-9474-1A3956D46DE8}") = "Merlin Workflow", "Merlin Workflow", "{EA76BEAD-8677-4AB0-AE9F-ACE719748ED5}"
EndProject
Project("{FAE04EC0-301F-11D3-BF4B-00C04F79EFBC}") = "Merlin", "Merlin_Workflow\Merlin\Merlin.csproj", "{5569E453-3A8E-425A-81CF-EB964117B7EC}"
EndProject
Project("{2150E333-8FDC-42A3-9474-1A3956D46DE8}") = "SharpDevelop", "SharpDevelop", "{DFCCDF3E-FF8D-434E-A808-9F017710BB95}"
EndProject
Project("{FAE04EC0-301F-11D3-BF4B-00C04F79EFBC}") = "O2SharpDevelop", "SharpDevelop\O2SharpDevelop.csproj", "{2483564D-4343-4624-A0C6-63ABC932544A}"
EndProject
Project("{2150E333-8FDC-42A3-9474-1A3956D46DE8}") = "DockPanel", "DockPanel", "{CF032C98-18F0-4620-8EB8-F66E2B622B50}"
EndProject
Project("{FAE04EC0-301F-11D3-BF4B-00C04F79EFBC}") = "WinFormsUI", "DockPanel\WinFormsUI\WinFormsUI.csproj", "{C75532C4-765B-418E-B09B-46D36B2ABDB1}"
EndProject
Project("{FAE04EC0-301F-11D3-BF4B-00C04F79EFBC}") = "DockSample", "DockPanel\DockSample\DockSample.csproj", "{40793A27-478B-4357-B4C3-FC8943131F3D}"
EndProject
Project("{2150E333-8FDC-42A3-9474-1A3956D46DE8}") = "Json", "Json", "{70F11F16-D15C-4A2A-9004-2ED24AA2DFD8}"
EndProject
Project("{FAE04EC0-301F-11D3-BF4B-00C04F79EFBC}") = "Jayrock.Json", "JayRock [JSON lib]\Jayrock.Json\Jayrock.Json.csproj", "{F10A6A7D-B8E4-4F8B-8BD9-5B42ACE5520E}"
EndProject
Project("{2150E333-8FDC-42A3-9474-1A3956D46DE8}") = "PdfParser", "PdfParser", "{620065F7-67DA-4AA5-AE7D-04FBF7A3FB3D}"
EndProject
Project("{FAE04EC0-301F-11D3-BF4B-00C04F79EFBC}") = "itextsharp", "PdfParser\itextsharp-5.0.0\itextsharp.csproj", "{84C4FDD9-3ED7-453B-B9DA-B3ED52CB071C}"
EndProject
Project("{2150E333-8FDC-42A3-9474-1A3956D46DE8}") = "Twitter", "Twitter", "{56CB8828-AF73-4592-8EED-B929A4B7B4BD}"
EndProject
Project("{FAE04EC0-301F-11D3-BF4B-00C04F79EFBC}") = "Newtonsoft.Json", "Twitter\Newtonsoft.Json\Newtonsoft.Json.csproj", "{A9AE40FF-1A21-414A-9FE7-3BE13644CC6D}"
EndProject
Project("{FAE04EC0-301F-11D3-BF4B-00C04F79EFBC}") = "Dimebrain.TweetSharp", "Twitter\Dimebrain.TweetSharp\Dimebrain.TweetSharp.csproj", "{A0408FE9-6EEA-40D2-AAF6-1D3B1D3244AF}"
EndProject
Project("{2150E333-8FDC-42A3-9474-1A3956D46DE8}") = "Cropper", "Cropper", "{B58B8444-C883-4CBC-9F45-DFAD4559E124}"
EndProject
Project("{FAE04EC0-301F-11D3-BF4B-00C04F79EFBC}") = "Cropper.UI", "Cropper.UI\Cropper.UI.csproj", "{4FAACCE1-AA19-4C1C-85F5-AC1BF33BDAF0}"
EndProject
Project("{2150E333-8FDC-42A3-9474-1A3956D46DE8}") = "WordPress", "WordPress", "{E5E698E4-BC25-4809-9562-1E254DFDA0FE}"
EndProject
Project("{FAE04EC0-301F-11D3-BF4B-00C04F79EFBC}") = "WordPress_XmlRpc_JoeBlogs", "WordPress_XmlRpc\WordPress_XmlRpc_JoeBlogs\WordPress_XmlRpc_JoeBlogs.csproj", "{340C4EC4-B02E-42A9-A8FE-2871ED8315E0}"
EndProject
Project("{2150E333-8FDC-42A3-9474-1A3956D46DE8}") = "Google", "Google", "{FF497C3A-3A87-4FFD-B5AF-8E348065B2F0}"
EndProject
Project("{FAE04EC0-301F-11D3-BF4B-00C04F79EFBC}") = "Picasa", "Google\CSharpAPI\gphotos\Picasa.csproj", "{6781DF3C-A44F-418B-989B-771D17937F91}"
EndProject
Project("{2150E333-8FDC-42A3-9474-1A3956D46DE8}") = "Microsoft MPL", "Microsoft MPL", "{B871E0C3-8A89-461F-9879-28675ABDE5F3}"
EndProject
Project("{FAE04EC0-301F-11D3-BF4B-00C04F79EFBC}") = "O2_Misc_Microsoft_MPL_Libs", "Microsoft_MPL\Misc_Microsoft_MPL_Libs\O2_Misc_Microsoft_MPL_Libs.csproj", "{BB1489A2-57AB-4A8D-A4DA-7C7E444512B8}"
EndProject
Global
	GlobalSection(SolutionConfigurationPlatforms) = preSolution
		ASP|Any CPU = ASP|Any CPU
		Debug 1.8|Any CPU = Debug 1.8|Any CPU
		Debug|Any CPU = Debug|Any CPU
		Release|Any CPU = Release|Any CPU
	EndGlobalSection
	GlobalSection(ProjectConfigurationPlatforms) = postSolution
		{ED1BE103-1699-4116-A732-616BEB142EB2}.ASP|Any CPU.ActiveCfg = Release|Any CPU
		{ED1BE103-1699-4116-A732-616BEB142EB2}.ASP|Any CPU.Build.0 = Release|Any CPU
		{ED1BE103-1699-4116-A732-616BEB142EB2}.Debug 1.8|Any CPU.ActiveCfg = Debug|Any CPU
		{ED1BE103-1699-4116-A732-616BEB142EB2}.Debug 1.8|Any CPU.Build.0 = Debug|Any CPU
		{ED1BE103-1699-4116-A732-616BEB142EB2}.Debug|Any CPU.ActiveCfg = Debug|Any CPU
		{ED1BE103-1699-4116-A732-616BEB142EB2}.Debug|Any CPU.Build.0 = Debug|Any CPU
		{ED1BE103-1699-4116-A732-616BEB142EB2}.Release|Any CPU.ActiveCfg = Release|Any CPU
		{ED1BE103-1699-4116-A732-616BEB142EB2}.Release|Any CPU.Build.0 = Release|Any CPU
		{A2D41337-2817-453A-B299-E4DF957CEE7B}.ASP|Any CPU.ActiveCfg = Debug 1.8|Any CPU
		{A2D41337-2817-453A-B299-E4DF957CEE7B}.ASP|Any CPU.Build.0 = Debug 1.8|Any CPU
		{A2D41337-2817-453A-B299-E4DF957CEE7B}.Debug 1.8|Any CPU.ActiveCfg = Debug|Any CPU
		{A2D41337-2817-453A-B299-E4DF957CEE7B}.Debug 1.8|Any CPU.Build.0 = Debug 1.8|Any CPU
		{A2D41337-2817-453A-B299-E4DF957CEE7B}.Debug|Any CPU.ActiveCfg = Debug|Any CPU
		{A2D41337-2817-453A-B299-E4DF957CEE7B}.Debug|Any CPU.Build.0 = Debug|Any CPU
		{A2D41337-2817-453A-B299-E4DF957CEE7B}.Release|Any CPU.ActiveCfg = Release|Any CPU
		{A2D41337-2817-453A-B299-E4DF957CEE7B}.Release|Any CPU.Build.0 = Release|Any CPU
		{07809FA3-0BD8-4EE3-B669-923CF04EEF80}.ASP|Any CPU.ActiveCfg = Release|Any CPU
		{07809FA3-0BD8-4EE3-B669-923CF04EEF80}.ASP|Any CPU.Build.0 = Release|Any CPU
		{07809FA3-0BD8-4EE3-B669-923CF04EEF80}.Debug 1.8|Any CPU.ActiveCfg = Debug|Any CPU
		{07809FA3-0BD8-4EE3-B669-923CF04EEF80}.Debug 1.8|Any CPU.Build.0 = Debug|Any CPU
		{07809FA3-0BD8-4EE3-B669-923CF04EEF80}.Debug|Any CPU.ActiveCfg = Debug|Any CPU
		{07809FA3-0BD8-4EE3-B669-923CF04EEF80}.Debug|Any CPU.Build.0 = Debug|Any CPU
		{07809FA3-0BD8-4EE3-B669-923CF04EEF80}.Release|Any CPU.ActiveCfg = Release|Any CPU
		{07809FA3-0BD8-4EE3-B669-923CF04EEF80}.Release|Any CPU.Build.0 = Release|Any CPU
		{4F299D91-2A31-4DE8-99CC-38064E772A2D}.ASP|Any CPU.ActiveCfg = Release|Any CPU
		{4F299D91-2A31-4DE8-99CC-38064E772A2D}.ASP|Any CPU.Build.0 = Release|Any CPU
		{4F299D91-2A31-4DE8-99CC-38064E772A2D}.Debug 1.8|Any CPU.ActiveCfg = Debug|Any CPU
		{4F299D91-2A31-4DE8-99CC-38064E772A2D}.Debug 1.8|Any CPU.Build.0 = Debug|Any CPU
		{4F299D91-2A31-4DE8-99CC-38064E772A2D}.Debug|Any CPU.ActiveCfg = Debug|Any CPU
		{4F299D91-2A31-4DE8-99CC-38064E772A2D}.Debug|Any CPU.Build.0 = Debug|Any CPU
		{4F299D91-2A31-4DE8-99CC-38064E772A2D}.Release|Any CPU.ActiveCfg = Release|Any CPU
		{4F299D91-2A31-4DE8-99CC-38064E772A2D}.Release|Any CPU.Build.0 = Release|Any CPU
		{4FEBBB25-D5C0-48F0-A822-2E0D6F3D777E}.ASP|Any CPU.ActiveCfg = Release|Any CPU
		{4FEBBB25-D5C0-48F0-A822-2E0D6F3D777E}.ASP|Any CPU.Build.0 = Release|Any CPU
		{4FEBBB25-D5C0-48F0-A822-2E0D6F3D777E}.Debug 1.8|Any CPU.ActiveCfg = Debug|Any CPU
		{4FEBBB25-D5C0-48F0-A822-2E0D6F3D777E}.Debug 1.8|Any CPU.Build.0 = Debug|Any CPU
		{4FEBBB25-D5C0-48F0-A822-2E0D6F3D777E}.Debug|Any CPU.ActiveCfg = Debug|Any CPU
		{4FEBBB25-D5C0-48F0-A822-2E0D6F3D777E}.Debug|Any CPU.Build.0 = Debug|Any CPU
		{4FEBBB25-D5C0-48F0-A822-2E0D6F3D777E}.Release|Any CPU.ActiveCfg = Release|Any CPU
		{4FEBBB25-D5C0-48F0-A822-2E0D6F3D777E}.Release|Any CPU.Build.0 = Release|Any CPU
		{05FF616B-289A-41AE-A746-ACFFA6825602}.ASP|Any CPU.ActiveCfg = Release|Any CPU
		{05FF616B-289A-41AE-A746-ACFFA6825602}.ASP|Any CPU.Build.0 = Release|Any CPU
		{05FF616B-289A-41AE-A746-ACFFA6825602}.Debug 1.8|Any CPU.ActiveCfg = Debug|Any CPU
		{05FF616B-289A-41AE-A746-ACFFA6825602}.Debug 1.8|Any CPU.Build.0 = Debug|Any CPU
		{05FF616B-289A-41AE-A746-ACFFA6825602}.Debug|Any CPU.ActiveCfg = Debug|Any CPU
		{05FF616B-289A-41AE-A746-ACFFA6825602}.Debug|Any CPU.Build.0 = Debug|Any CPU
		{05FF616B-289A-41AE-A746-ACFFA6825602}.Release|Any CPU.ActiveCfg = Release|Any CPU
		{05FF616B-289A-41AE-A746-ACFFA6825602}.Release|Any CPU.Build.0 = Release|Any CPU
		{05DC8701-36AB-4212-B468-BB128C7C3E84}.ASP|Any CPU.ActiveCfg = Release|Any CPU
		{05DC8701-36AB-4212-B468-BB128C7C3E84}.ASP|Any CPU.Build.0 = Release|Any CPU
		{05DC8701-36AB-4212-B468-BB128C7C3E84}.Debug 1.8|Any CPU.ActiveCfg = Debug|Any CPU
		{05DC8701-36AB-4212-B468-BB128C7C3E84}.Debug 1.8|Any CPU.Build.0 = Debug|Any CPU
		{05DC8701-36AB-4212-B468-BB128C7C3E84}.Debug|Any CPU.ActiveCfg = Debug|Any CPU
		{05DC8701-36AB-4212-B468-BB128C7C3E84}.Debug|Any CPU.Build.0 = Debug|Any CPU
		{05DC8701-36AB-4212-B468-BB128C7C3E84}.Release|Any CPU.ActiveCfg = Release|Any CPU
		{05DC8701-36AB-4212-B468-BB128C7C3E84}.Release|Any CPU.Build.0 = Release|Any CPU
		{80C44372-E7E6-44FF-A0E6-C0288303BC49}.ASP|Any CPU.ActiveCfg = Release|Any CPU
		{80C44372-E7E6-44FF-A0E6-C0288303BC49}.ASP|Any CPU.Build.0 = Release|Any CPU
		{80C44372-E7E6-44FF-A0E6-C0288303BC49}.Debug 1.8|Any CPU.ActiveCfg = Debug|Any CPU
		{80C44372-E7E6-44FF-A0E6-C0288303BC49}.Debug 1.8|Any CPU.Build.0 = Debug|Any CPU
		{80C44372-E7E6-44FF-A0E6-C0288303BC49}.Debug|Any CPU.ActiveCfg = Debug|Any CPU
		{80C44372-E7E6-44FF-A0E6-C0288303BC49}.Debug|Any CPU.Build.0 = Debug|Any CPU
		{80C44372-E7E6-44FF-A0E6-C0288303BC49}.Release|Any CPU.ActiveCfg = Release|Any CPU
		{80C44372-E7E6-44FF-A0E6-C0288303BC49}.Release|Any CPU.Build.0 = Release|Any CPU
		{60ADB1AB-133C-4B53-AABF-496EAF4645A1}.ASP|Any CPU.ActiveCfg = Release|Any CPU
		{60ADB1AB-133C-4B53-AABF-496EAF4645A1}.ASP|Any CPU.Build.0 = Release|Any CPU
		{60ADB1AB-133C-4B53-AABF-496EAF4645A1}.Debug 1.8|Any CPU.ActiveCfg = Debug|Any CPU
		{60ADB1AB-133C-4B53-AABF-496EAF4645A1}.Debug 1.8|Any CPU.Build.0 = Debug|Any CPU
		{60ADB1AB-133C-4B53-AABF-496EAF4645A1}.Debug|Any CPU.ActiveCfg = Debug|Any CPU
		{60ADB1AB-133C-4B53-AABF-496EAF4645A1}.Debug|Any CPU.Build.0 = Debug|Any CPU
		{60ADB1AB-133C-4B53-AABF-496EAF4645A1}.Release|Any CPU.ActiveCfg = Release|Any CPU
		{60ADB1AB-133C-4B53-AABF-496EAF4645A1}.Release|Any CPU.Build.0 = Release|Any CPU
		{877D1A24-2D5E-4C46-A933-FCF11EA0403B}.ASP|Any CPU.ActiveCfg = Debug 1.9|Any CPU
		{877D1A24-2D5E-4C46-A933-FCF11EA0403B}.ASP|Any CPU.Build.0 = Debug 1.9|Any CPU
		{877D1A24-2D5E-4C46-A933-FCF11EA0403B}.Debug 1.8|Any CPU.ActiveCfg = Debug 1.9|Any CPU
		{877D1A24-2D5E-4C46-A933-FCF11EA0403B}.Debug 1.8|Any CPU.Build.0 = Debug 1.9|Any CPU
		{877D1A24-2D5E-4C46-A933-FCF11EA0403B}.Debug|Any CPU.ActiveCfg = Debug|Any CPU
		{877D1A24-2D5E-4C46-A933-FCF11EA0403B}.Debug|Any CPU.Build.0 = Debug|Any CPU
		{877D1A24-2D5E-4C46-A933-FCF11EA0403B}.Release|Any CPU.ActiveCfg = Release|Any CPU
		{877D1A24-2D5E-4C46-A933-FCF11EA0403B}.Release|Any CPU.Build.0 = Release|Any CPU
		{499C0FA8-9B6C-4590-926B-FF5061AE6C18}.ASP|Any CPU.ActiveCfg = Release|Any CPU
		{499C0FA8-9B6C-4590-926B-FF5061AE6C18}.ASP|Any CPU.Build.0 = Release|Any CPU
		{499C0FA8-9B6C-4590-926B-FF5061AE6C18}.Debug 1.8|Any CPU.ActiveCfg = Debug|Any CPU
		{499C0FA8-9B6C-4590-926B-FF5061AE6C18}.Debug 1.8|Any CPU.Build.0 = Debug|Any CPU
		{499C0FA8-9B6C-4590-926B-FF5061AE6C18}.Debug|Any CPU.ActiveCfg = Debug|Any CPU
		{499C0FA8-9B6C-4590-926B-FF5061AE6C18}.Debug|Any CPU.Build.0 = Debug|Any CPU
		{499C0FA8-9B6C-4590-926B-FF5061AE6C18}.Release|Any CPU.ActiveCfg = Release|Any CPU
		{499C0FA8-9B6C-4590-926B-FF5061AE6C18}.Release|Any CPU.Build.0 = Release|Any CPU
		{AC6ADBF0-4F13-4B07-9DF3-789E13DF741A}.ASP|Any CPU.ActiveCfg = Release|Any CPU
		{AC6ADBF0-4F13-4B07-9DF3-789E13DF741A}.ASP|Any CPU.Build.0 = Release|Any CPU
		{AC6ADBF0-4F13-4B07-9DF3-789E13DF741A}.Debug 1.8|Any CPU.ActiveCfg = Debug|Any CPU
		{AC6ADBF0-4F13-4B07-9DF3-789E13DF741A}.Debug 1.8|Any CPU.Build.0 = Debug|Any CPU
		{AC6ADBF0-4F13-4B07-9DF3-789E13DF741A}.Debug|Any CPU.ActiveCfg = Debug|Any CPU
		{AC6ADBF0-4F13-4B07-9DF3-789E13DF741A}.Debug|Any CPU.Build.0 = Debug|Any CPU
		{AC6ADBF0-4F13-4B07-9DF3-789E13DF741A}.Release|Any CPU.ActiveCfg = Release|Any CPU
		{AC6ADBF0-4F13-4B07-9DF3-789E13DF741A}.Release|Any CPU.Build.0 = Release|Any CPU
		{D843965F-8B15-4782-804B-A96664B54BF5}.ASP|Any CPU.ActiveCfg = Release|Any CPU
		{D843965F-8B15-4782-804B-A96664B54BF5}.ASP|Any CPU.Build.0 = Release|Any CPU
		{D843965F-8B15-4782-804B-A96664B54BF5}.Debug 1.8|Any CPU.ActiveCfg = Debug|Any CPU
		{D843965F-8B15-4782-804B-A96664B54BF5}.Debug 1.8|Any CPU.Build.0 = Debug|Any CPU
		{D843965F-8B15-4782-804B-A96664B54BF5}.Debug|Any CPU.ActiveCfg = Debug|Any CPU
		{D843965F-8B15-4782-804B-A96664B54BF5}.Debug|Any CPU.Build.0 = Debug|Any CPU
		{D843965F-8B15-4782-804B-A96664B54BF5}.Release|Any CPU.ActiveCfg = Release|Any CPU
		{D843965F-8B15-4782-804B-A96664B54BF5}.Release|Any CPU.Build.0 = Release|Any CPU
		{5569E453-3A8E-425A-81CF-EB964117B7EC}.ASP|Any CPU.ActiveCfg = Release|Any CPU
		{5569E453-3A8E-425A-81CF-EB964117B7EC}.ASP|Any CPU.Build.0 = Release|Any CPU
		{5569E453-3A8E-425A-81CF-EB964117B7EC}.Debug 1.8|Any CPU.ActiveCfg = Debug|Any CPU
		{5569E453-3A8E-425A-81CF-EB964117B7EC}.Debug 1.8|Any CPU.Build.0 = Debug|Any CPU
		{5569E453-3A8E-425A-81CF-EB964117B7EC}.Debug|Any CPU.ActiveCfg = Debug|Any CPU
		{5569E453-3A8E-425A-81CF-EB964117B7EC}.Debug|Any CPU.Build.0 = Debug|Any CPU
		{5569E453-3A8E-425A-81CF-EB964117B7EC}.Release|Any CPU.ActiveCfg = Release|Any CPU
		{5569E453-3A8E-425A-81CF-EB964117B7EC}.Release|Any CPU.Build.0 = Release|Any CPU
		{2483564D-4343-4624-A0C6-63ABC932544A}.ASP|Any CPU.ActiveCfg = Release|Any CPU
		{2483564D-4343-4624-A0C6-63ABC932544A}.ASP|Any CPU.Build.0 = Release|Any CPU
		{2483564D-4343-4624-A0C6-63ABC932544A}.Debug 1.8|Any CPU.ActiveCfg = Debug|Any CPU
		{2483564D-4343-4624-A0C6-63ABC932544A}.Debug 1.8|Any CPU.Build.0 = Debug|Any CPU
		{2483564D-4343-4624-A0C6-63ABC932544A}.Debug|Any CPU.ActiveCfg = Debug|Any CPU
		{2483564D-4343-4624-A0C6-63ABC932544A}.Debug|Any CPU.Build.0 = Debug|Any CPU
		{2483564D-4343-4624-A0C6-63ABC932544A}.Release|Any CPU.ActiveCfg = Release|Any CPU
		{2483564D-4343-4624-A0C6-63ABC932544A}.Release|Any CPU.Build.0 = Release|Any CPU
		{C75532C4-765B-418E-B09B-46D36B2ABDB1}.ASP|Any CPU.ActiveCfg = Release|Any CPU
		{C75532C4-765B-418E-B09B-46D36B2ABDB1}.ASP|Any CPU.Build.0 = Release|Any CPU
		{C75532C4-765B-418E-B09B-46D36B2ABDB1}.Debug 1.8|Any CPU.ActiveCfg = Debug|Any CPU
		{C75532C4-765B-418E-B09B-46D36B2ABDB1}.Debug 1.8|Any CPU.Build.0 = Debug|Any CPU
		{C75532C4-765B-418E-B09B-46D36B2ABDB1}.Debug|Any CPU.ActiveCfg = Debug|Any CPU
		{C75532C4-765B-418E-B09B-46D36B2ABDB1}.Debug|Any CPU.Build.0 = Debug|Any CPU
		{C75532C4-765B-418E-B09B-46D36B2ABDB1}.Release|Any CPU.ActiveCfg = Release|Any CPU
		{C75532C4-765B-418E-B09B-46D36B2ABDB1}.Release|Any CPU.Build.0 = Release|Any CPU
		{40793A27-478B-4357-B4C3-FC8943131F3D}.ASP|Any CPU.ActiveCfg = Release|Any CPU
		{40793A27-478B-4357-B4C3-FC8943131F3D}.ASP|Any CPU.Build.0 = Release|Any CPU
		{40793A27-478B-4357-B4C3-FC8943131F3D}.Debug 1.8|Any CPU.ActiveCfg = Debug|Any CPU
		{40793A27-478B-4357-B4C3-FC8943131F3D}.Debug 1.8|Any CPU.Build.0 = Debug|Any CPU
		{40793A27-478B-4357-B4C3-FC8943131F3D}.Debug|Any CPU.ActiveCfg = Debug|Any CPU
		{40793A27-478B-4357-B4C3-FC8943131F3D}.Debug|Any CPU.Build.0 = Debug|Any CPU
		{40793A27-478B-4357-B4C3-FC8943131F3D}.Release|Any CPU.ActiveCfg = Release|Any CPU
		{40793A27-478B-4357-B4C3-FC8943131F3D}.Release|Any CPU.Build.0 = Release|Any CPU
		{F10A6A7D-B8E4-4F8B-8BD9-5B42ACE5520E}.ASP|Any CPU.ActiveCfg = Release|Any CPU
		{F10A6A7D-B8E4-4F8B-8BD9-5B42ACE5520E}.ASP|Any CPU.Build.0 = Release|Any CPU
		{F10A6A7D-B8E4-4F8B-8BD9-5B42ACE5520E}.Debug 1.8|Any CPU.ActiveCfg = Debug|Any CPU
		{F10A6A7D-B8E4-4F8B-8BD9-5B42ACE5520E}.Debug 1.8|Any CPU.Build.0 = Debug|Any CPU
		{F10A6A7D-B8E4-4F8B-8BD9-5B42ACE5520E}.Debug|Any CPU.ActiveCfg = Debug|Any CPU
		{F10A6A7D-B8E4-4F8B-8BD9-5B42ACE5520E}.Debug|Any CPU.Build.0 = Debug|Any CPU
		{F10A6A7D-B8E4-4F8B-8BD9-5B42ACE5520E}.Release|Any CPU.ActiveCfg = Release|Any CPU
		{F10A6A7D-B8E4-4F8B-8BD9-5B42ACE5520E}.Release|Any CPU.Build.0 = Release|Any CPU
		{84C4FDD9-3ED7-453B-B9DA-B3ED52CB071C}.ASP|Any CPU.ActiveCfg = Release|Any CPU
		{84C4FDD9-3ED7-453B-B9DA-B3ED52CB071C}.ASP|Any CPU.Build.0 = Release|Any CPU
		{84C4FDD9-3ED7-453B-B9DA-B3ED52CB071C}.Debug 1.8|Any CPU.ActiveCfg = Debug|Any CPU
		{84C4FDD9-3ED7-453B-B9DA-B3ED52CB071C}.Debug 1.8|Any CPU.Build.0 = Debug|Any CPU
		{84C4FDD9-3ED7-453B-B9DA-B3ED52CB071C}.Debug|Any CPU.ActiveCfg = Debug|Any CPU
		{84C4FDD9-3ED7-453B-B9DA-B3ED52CB071C}.Debug|Any CPU.Build.0 = Debug|Any CPU
		{84C4FDD9-3ED7-453B-B9DA-B3ED52CB071C}.Release|Any CPU.ActiveCfg = Release|Any CPU
		{84C4FDD9-3ED7-453B-B9DA-B3ED52CB071C}.Release|Any CPU.Build.0 = Release|Any CPU
		{A9AE40FF-1A21-414A-9FE7-3BE13644CC6D}.ASP|Any CPU.ActiveCfg = Release|Any CPU
		{A9AE40FF-1A21-414A-9FE7-3BE13644CC6D}.ASP|Any CPU.Build.0 = Release|Any CPU
		{A9AE40FF-1A21-414A-9FE7-3BE13644CC6D}.Debug 1.8|Any CPU.ActiveCfg = Debug|Any CPU
		{A9AE40FF-1A21-414A-9FE7-3BE13644CC6D}.Debug 1.8|Any CPU.Build.0 = Debug|Any CPU
		{A9AE40FF-1A21-414A-9FE7-3BE13644CC6D}.Debug|Any CPU.ActiveCfg = Debug|Any CPU
		{A9AE40FF-1A21-414A-9FE7-3BE13644CC6D}.Debug|Any CPU.Build.0 = Debug|Any CPU
		{A9AE40FF-1A21-414A-9FE7-3BE13644CC6D}.Release|Any CPU.ActiveCfg = Release|Any CPU
		{A9AE40FF-1A21-414A-9FE7-3BE13644CC6D}.Release|Any CPU.Build.0 = Release|Any CPU
		{A0408FE9-6EEA-40D2-AAF6-1D3B1D3244AF}.ASP|Any CPU.ActiveCfg = Mono|Any CPU
		{A0408FE9-6EEA-40D2-AAF6-1D3B1D3244AF}.ASP|Any CPU.Build.0 = Mono|Any CPU
		{A0408FE9-6EEA-40D2-AAF6-1D3B1D3244AF}.Debug 1.8|Any CPU.ActiveCfg = Debug|Any CPU
		{A0408FE9-6EEA-40D2-AAF6-1D3B1D3244AF}.Debug 1.8|Any CPU.Build.0 = Debug|Any CPU
		{A0408FE9-6EEA-40D2-AAF6-1D3B1D3244AF}.Debug|Any CPU.ActiveCfg = Debug|Any CPU
		{A0408FE9-6EEA-40D2-AAF6-1D3B1D3244AF}.Debug|Any CPU.Build.0 = Debug|Any CPU
		{A0408FE9-6EEA-40D2-AAF6-1D3B1D3244AF}.Release|Any CPU.ActiveCfg = Release|Any CPU
		{A0408FE9-6EEA-40D2-AAF6-1D3B1D3244AF}.Release|Any CPU.Build.0 = Release|Any CPU
		{4FAACCE1-AA19-4C1C-85F5-AC1BF33BDAF0}.ASP|Any CPU.ActiveCfg = Release|x86
		{4FAACCE1-AA19-4C1C-85F5-AC1BF33BDAF0}.Debug 1.8|Any CPU.ActiveCfg = Debug|Any CPU
		{4FAACCE1-AA19-4C1C-85F5-AC1BF33BDAF0}.Debug 1.8|Any CPU.Build.0 = Debug|Any CPU
		{4FAACCE1-AA19-4C1C-85F5-AC1BF33BDAF0}.Debug|Any CPU.ActiveCfg = Debug|Any CPU
		{4FAACCE1-AA19-4C1C-85F5-AC1BF33BDAF0}.Debug|Any CPU.Build.0 = Debug|Any CPU
		{4FAACCE1-AA19-4C1C-85F5-AC1BF33BDAF0}.Release|Any CPU.ActiveCfg = Release|Any CPU
		{4FAACCE1-AA19-4C1C-85F5-AC1BF33BDAF0}.Release|Any CPU.Build.0 = Release|Any CPU
		{340C4EC4-B02E-42A9-A8FE-2871ED8315E0}.ASP|Any CPU.ActiveCfg = Release|Any CPU
		{340C4EC4-B02E-42A9-A8FE-2871ED8315E0}.ASP|Any CPU.Build.0 = Release|Any CPU
		{340C4EC4-B02E-42A9-A8FE-2871ED8315E0}.Debug 1.8|Any CPU.ActiveCfg = Debug|Any CPU
		{340C4EC4-B02E-42A9-A8FE-2871ED8315E0}.Debug 1.8|Any CPU.Build.0 = Debug|Any CPU
		{340C4EC4-B02E-42A9-A8FE-2871ED8315E0}.Debug|Any CPU.ActiveCfg = Debug|Any CPU
		{340C4EC4-B02E-42A9-A8FE-2871ED8315E0}.Debug|Any CPU.Build.0 = Debug|Any CPU
		{340C4EC4-B02E-42A9-A8FE-2871ED8315E0}.Release|Any CPU.ActiveCfg = Release|Any CPU
		{340C4EC4-B02E-42A9-A8FE-2871ED8315E0}.Release|Any CPU.Build.0 = Release|Any CPU
		{6781DF3C-A44F-418B-989B-771D17937F91}.ASP|Any CPU.ActiveCfg = ASP|Any CPU
		{6781DF3C-A44F-418B-989B-771D17937F91}.ASP|Any CPU.Build.0 = ASP|Any CPU
		{6781DF3C-A44F-418B-989B-771D17937F91}.Debug 1.8|Any CPU.ActiveCfg = Debug|Any CPU
		{6781DF3C-A44F-418B-989B-771D17937F91}.Debug 1.8|Any CPU.Build.0 = Debug|Any CPU
		{6781DF3C-A44F-418B-989B-771D17937F91}.Debug|Any CPU.ActiveCfg = Debug|Any CPU
		{6781DF3C-A44F-418B-989B-771D17937F91}.Debug|Any CPU.Build.0 = Debug|Any CPU
		{6781DF3C-A44F-418B-989B-771D17937F91}.Release|Any CPU.ActiveCfg = Release|Any CPU
		{6781DF3C-A44F-418B-989B-771D17937F91}.Release|Any CPU.Build.0 = Release|Any CPU
		{BB1489A2-57AB-4A8D-A4DA-7C7E444512B8}.ASP|Any CPU.ActiveCfg = Release|Any CPU
		{BB1489A2-57AB-4A8D-A4DA-7C7E444512B8}.ASP|Any CPU.Build.0 = Release|Any CPU
		{BB1489A2-57AB-4A8D-A4DA-7C7E444512B8}.Debug 1.8|Any CPU.ActiveCfg = Debug|Any CPU
		{BB1489A2-57AB-4A8D-A4DA-7C7E444512B8}.Debug 1.8|Any CPU.Build.0 = Debug|Any CPU
		{BB1489A2-57AB-4A8D-A4DA-7C7E444512B8}.Debug|Any CPU.ActiveCfg = Debug|Any CPU
		{BB1489A2-57AB-4A8D-A4DA-7C7E444512B8}.Debug|Any CPU.Build.0 = Debug|Any CPU
		{BB1489A2-57AB-4A8D-A4DA-7C7E444512B8}.Release|Any CPU.ActiveCfg = Release|Any CPU
		{BB1489A2-57AB-4A8D-A4DA-7C7E444512B8}.Release|Any CPU.Build.0 = Release|Any CPU
	EndGlobalSection
	GlobalSection(SolutionProperties) = preSolution
		HideSolutionNode = FALSE
	EndGlobalSection
	GlobalSection(NestedProjects) = preSolution
		{ED1BE103-1699-4116-A732-616BEB142EB2} = {92BD351E-AEB9-4A28-B946-7FF0051C6E54}
		{A2D41337-2817-453A-B299-E4DF957CEE7B} = {92BD351E-AEB9-4A28-B946-7FF0051C6E54}
		{07809FA3-0BD8-4EE3-B669-923CF04EEF80} = {92BD351E-AEB9-4A28-B946-7FF0051C6E54}
		{4F299D91-2A31-4DE8-99CC-38064E772A2D} = {92BD351E-AEB9-4A28-B946-7FF0051C6E54}
		{4FEBBB25-D5C0-48F0-A822-2E0D6F3D777E} = {1E9CD14B-6C8D-4AFF-9A75-ECCBF9B68D6D}
		{05FF616B-289A-41AE-A746-ACFFA6825602} = {AA39EA49-F69E-4A23-A214-AAB0A9FFD11A}
		{05DC8701-36AB-4212-B468-BB128C7C3E84} = {AA39EA49-F69E-4A23-A214-AAB0A9FFD11A}
		{80C44372-E7E6-44FF-A0E6-C0288303BC49} = {AA39EA49-F69E-4A23-A214-AAB0A9FFD11A}
		{60ADB1AB-133C-4B53-AABF-496EAF4645A1} = {AA39EA49-F69E-4A23-A214-AAB0A9FFD11A}
		{877D1A24-2D5E-4C46-A933-FCF11EA0403B} = {E106A30E-20DA-41B2-8C82-4618FAE14DAF}
		{499C0FA8-9B6C-4590-926B-FF5061AE6C18} = {1C41CAD9-4AEE-4B80-AC00-38DBC00C619B}
		{AC6ADBF0-4F13-4B07-9DF3-789E13DF741A} = {1C41CAD9-4AEE-4B80-AC00-38DBC00C619B}
		{D843965F-8B15-4782-804B-A96664B54BF5} = {1C41CAD9-4AEE-4B80-AC00-38DBC00C619B}
		{5569E453-3A8E-425A-81CF-EB964117B7EC} = {EA76BEAD-8677-4AB0-AE9F-ACE719748ED5}
		{2483564D-4343-4624-A0C6-63ABC932544A} = {DFCCDF3E-FF8D-434E-A808-9F017710BB95}
		{C75532C4-765B-418E-B09B-46D36B2ABDB1} = {CF032C98-18F0-4620-8EB8-F66E2B622B50}
		{40793A27-478B-4357-B4C3-FC8943131F3D} = {CF032C98-18F0-4620-8EB8-F66E2B622B50}
		{F10A6A7D-B8E4-4F8B-8BD9-5B42ACE5520E} = {70F11F16-D15C-4A2A-9004-2ED24AA2DFD8}
		{84C4FDD9-3ED7-453B-B9DA-B3ED52CB071C} = {620065F7-67DA-4AA5-AE7D-04FBF7A3FB3D}
		{A9AE40FF-1A21-414A-9FE7-3BE13644CC6D} = {56CB8828-AF73-4592-8EED-B929A4B7B4BD}
		{A0408FE9-6EEA-40D2-AAF6-1D3B1D3244AF} = {56CB8828-AF73-4592-8EED-B929A4B7B4BD}
		{4FAACCE1-AA19-4C1C-85F5-AC1BF33BDAF0} = {B58B8444-C883-4CBC-9F45-DFAD4559E124}
		{340C4EC4-B02E-42A9-A8FE-2871ED8315E0} = {E5E698E4-BC25-4809-9562-1E254DFDA0FE}
		{6781DF3C-A44F-418B-989B-771D17937F91} = {FF497C3A-3A87-4FFD-B5AF-8E348065B2F0}
		{BB1489A2-57AB-4A8D-A4DA-7C7E444512B8} = {B871E0C3-8A89-461F-9879-28675ABDE5F3}
	EndGlobalSection
	GlobalSection(SubversionScc) = preSolution
		Svn-Managed = True
		Manager = AnkhSVN - Subversion Support for Visual Studio
	EndGlobalSection
EndGlobal
