
Microsoft Visual Studio Solution File, Format Version 10.00
# Visual Studio 2008
Project("{FAE04EC0-301F-11D3-BF4B-00C04F79EFBC}") = "O2_Tool_CSharpScripts", "O2_Tool_CSharpScripts.csproj", "{36A647D5-99F0-490D-B31C-8AC2360A7486}"
EndProject
Project("{FAE04EC0-301F-11D3-BF4B-00C04F79EFBC}") = "O2 Kernel", "..\..\O2Core\O2_Kernel\O2 Kernel.csproj", "{BDB9EFED-296A-4535-99C6-F0B83316E80C}"
EndProject
Project("{FAE04EC0-301F-11D3-BF4B-00C04F79EFBC}") = "O2_Views_ASCX", "..\..\O2Core\O2_Views_ASCX\O2_Views_ASCX.csproj", "{7BFDC99E-0FC7-42FC-9E32-83F77B2BE8F0}"
EndProject
Project("{FAE04EC0-301F-11D3-BF4B-00C04F79EFBC}") = "O2_External_WinFormsUI", "..\..\O2 Modules Using 3rd Party Dlls\O2_External_WinFormsUI\O2_External_WinFormsUI.csproj", "{EED5F98D-00BA-4D9B-A9E7-A7794AD50132}"
EndProject
Project("{FAE04EC0-301F-11D3-BF4B-00C04F79EFBC}") = "O2 DotNet Wrappers", "..\..\O2Core\O2_DotNetWrappers\O2 DotNet Wrappers.csproj", "{1F252725-D8BE-408A-BE5C-2D11D0DE8586}"
EndProject
Project("{FAE04EC0-301F-11D3-BF4B-00C04F79EFBC}") = "O2_Debugger_Mdbg", "..\..\O2Core\O2_Debugger_Mdbg\O2_Debugger_Mdbg.csproj", "{3EDD49CB-F7F2-4CFE-AFAC-698B13B0C968}"
EndProject
Project("{FAE04EC0-301F-11D3-BF4B-00C04F79EFBC}") = "O2UnitTest_O2Debugger", "..\..\_O2_UnitTests\O2UnitTest_O2Debugger\O2UnitTest_O2Debugger.csproj", "{DC9A7583-4D8A-4BFF-8FED-FDFD7CDBCA8E}"
EndProject
Project("{FAE04EC0-301F-11D3-BF4B-00C04F79EFBC}") = "O2_External_O2Mono", "..\..\O2 Modules Using 3rd Party Dlls\O2_External_O2Mono\O2_External_O2Mono.csproj", "{F457A7EB-A573-41BB-BC12-61ABE5ACF702}"
EndProject
Project("{FAE04EC0-301F-11D3-BF4B-00C04F79EFBC}") = "O2UnitTest_O2Tools", "..\..\_O2_UnitTests\O2UnitTest_O2Tools\O2UnitTest_O2Tools.csproj", "{78498D4C-E2DB-409F-9392-49371DE7CDEE}"
EndProject
Project("{FAE04EC0-301F-11D3-BF4B-00C04F79EFBC}") = "O2UnitTest_O2CoreCIR", "..\..\_O2_UnitTests\O2UnitTest_O2CoreCIR\O2UnitTest_O2CoreCIR.csproj", "{137F101D-D02C-47E2-8839-653B9C4AA683}"
EndProject
Project("{FAE04EC0-301F-11D3-BF4B-00C04F79EFBC}") = "O2_External_SharpDevelop", "..\..\O2 Modules Using 3rd Party Dlls\O2_External_SharpDevelop\O2_External_SharpDevelop.csproj", "{E76BCE43-8511-4CE8-A965-C0150F713CE9}"
EndProject
Project("{54435603-DBB4-11D2-8724-00A0C9A8B90C}") = "O2_Installer_Tool_CSharpScripts", "..\..\_Installers\O2_Installer_Tool_CSharpScripts\O2_Installer_Tool_CSharpScripts.vdproj", "{97A5D4D0-0211-4237-AD06-9168EFCC5EB2}"
EndProject
Project("{FAE04EC0-301F-11D3-BF4B-00C04F79EFBC}") = "O2 ImportExport OunceLabs", "..\..\O2Core\O2_ImportExport_OunceLabs\O2 ImportExport OunceLabs.csproj", "{49F0878F-E643-4D19-BE27-BC4CF4D6A138}"
EndProject
Global
	GlobalSection(SolutionConfigurationPlatforms) = preSolution
		Debug|Any CPU = Debug|Any CPU
		Release|Any CPU = Release|Any CPU
	EndGlobalSection
	GlobalSection(ProjectConfigurationPlatforms) = postSolution
		{36A647D5-99F0-490D-B31C-8AC2360A7486}.Debug|Any CPU.ActiveCfg = Debug|Any CPU
		{36A647D5-99F0-490D-B31C-8AC2360A7486}.Debug|Any CPU.Build.0 = Debug|Any CPU
		{36A647D5-99F0-490D-B31C-8AC2360A7486}.Release|Any CPU.ActiveCfg = Release|Any CPU
		{36A647D5-99F0-490D-B31C-8AC2360A7486}.Release|Any CPU.Build.0 = Release|Any CPU
		{BDB9EFED-296A-4535-99C6-F0B83316E80C}.Debug|Any CPU.ActiveCfg = Debug|Any CPU
		{BDB9EFED-296A-4535-99C6-F0B83316E80C}.Debug|Any CPU.Build.0 = Debug|Any CPU
		{BDB9EFED-296A-4535-99C6-F0B83316E80C}.Release|Any CPU.ActiveCfg = Release|Any CPU
		{BDB9EFED-296A-4535-99C6-F0B83316E80C}.Release|Any CPU.Build.0 = Release|Any CPU
		{7BFDC99E-0FC7-42FC-9E32-83F77B2BE8F0}.Debug|Any CPU.ActiveCfg = Debug|Any CPU
		{7BFDC99E-0FC7-42FC-9E32-83F77B2BE8F0}.Debug|Any CPU.Build.0 = Debug|Any CPU
		{7BFDC99E-0FC7-42FC-9E32-83F77B2BE8F0}.Release|Any CPU.ActiveCfg = Release|Any CPU
		{7BFDC99E-0FC7-42FC-9E32-83F77B2BE8F0}.Release|Any CPU.Build.0 = Release|Any CPU
		{EED5F98D-00BA-4D9B-A9E7-A7794AD50132}.Debug|Any CPU.ActiveCfg = Debug|Any CPU
		{EED5F98D-00BA-4D9B-A9E7-A7794AD50132}.Debug|Any CPU.Build.0 = Debug|Any CPU
		{EED5F98D-00BA-4D9B-A9E7-A7794AD50132}.Release|Any CPU.ActiveCfg = Release|Any CPU
		{EED5F98D-00BA-4D9B-A9E7-A7794AD50132}.Release|Any CPU.Build.0 = Release|Any CPU
		{1F252725-D8BE-408A-BE5C-2D11D0DE8586}.Debug|Any CPU.ActiveCfg = Debug|Any CPU
		{1F252725-D8BE-408A-BE5C-2D11D0DE8586}.Debug|Any CPU.Build.0 = Debug|Any CPU
		{1F252725-D8BE-408A-BE5C-2D11D0DE8586}.Release|Any CPU.ActiveCfg = Release|Any CPU
		{1F252725-D8BE-408A-BE5C-2D11D0DE8586}.Release|Any CPU.Build.0 = Release|Any CPU
		{3EDD49CB-F7F2-4CFE-AFAC-698B13B0C968}.Debug|Any CPU.ActiveCfg = Debug|Any CPU
		{3EDD49CB-F7F2-4CFE-AFAC-698B13B0C968}.Debug|Any CPU.Build.0 = Debug|Any CPU
		{3EDD49CB-F7F2-4CFE-AFAC-698B13B0C968}.Release|Any CPU.ActiveCfg = Release|Any CPU
		{3EDD49CB-F7F2-4CFE-AFAC-698B13B0C968}.Release|Any CPU.Build.0 = Release|Any CPU
		{DC9A7583-4D8A-4BFF-8FED-FDFD7CDBCA8E}.Debug|Any CPU.ActiveCfg = Debug|Any CPU
		{DC9A7583-4D8A-4BFF-8FED-FDFD7CDBCA8E}.Debug|Any CPU.Build.0 = Debug|Any CPU
		{DC9A7583-4D8A-4BFF-8FED-FDFD7CDBCA8E}.Release|Any CPU.ActiveCfg = Release|Any CPU
		{DC9A7583-4D8A-4BFF-8FED-FDFD7CDBCA8E}.Release|Any CPU.Build.0 = Release|Any CPU
		{F457A7EB-A573-41BB-BC12-61ABE5ACF702}.Debug|Any CPU.ActiveCfg = Debug|Any CPU
		{F457A7EB-A573-41BB-BC12-61ABE5ACF702}.Debug|Any CPU.Build.0 = Debug|Any CPU
		{F457A7EB-A573-41BB-BC12-61ABE5ACF702}.Release|Any CPU.ActiveCfg = Release|Any CPU
		{F457A7EB-A573-41BB-BC12-61ABE5ACF702}.Release|Any CPU.Build.0 = Release|Any CPU
		{78498D4C-E2DB-409F-9392-49371DE7CDEE}.Debug|Any CPU.ActiveCfg = Debug|Any CPU
		{78498D4C-E2DB-409F-9392-49371DE7CDEE}.Debug|Any CPU.Build.0 = Debug|Any CPU
		{78498D4C-E2DB-409F-9392-49371DE7CDEE}.Release|Any CPU.ActiveCfg = Release|Any CPU
		{78498D4C-E2DB-409F-9392-49371DE7CDEE}.Release|Any CPU.Build.0 = Release|Any CPU
		{137F101D-D02C-47E2-8839-653B9C4AA683}.Debug|Any CPU.ActiveCfg = Debug|Any CPU
		{137F101D-D02C-47E2-8839-653B9C4AA683}.Release|Any CPU.ActiveCfg = Release|Any CPU
		{137F101D-D02C-47E2-8839-653B9C4AA683}.Release|Any CPU.Build.0 = Release|Any CPU
		{E76BCE43-8511-4CE8-A965-C0150F713CE9}.Debug|Any CPU.ActiveCfg = Debug|Any CPU
		{E76BCE43-8511-4CE8-A965-C0150F713CE9}.Debug|Any CPU.Build.0 = Debug|Any CPU
		{E76BCE43-8511-4CE8-A965-C0150F713CE9}.Release|Any CPU.ActiveCfg = Release|Any CPU
		{E76BCE43-8511-4CE8-A965-C0150F713CE9}.Release|Any CPU.Build.0 = Release|Any CPU
		{97A5D4D0-0211-4237-AD06-9168EFCC5EB2}.Debug|Any CPU.ActiveCfg = Debug
		{97A5D4D0-0211-4237-AD06-9168EFCC5EB2}.Release|Any CPU.ActiveCfg = Release
		{49F0878F-E643-4D19-BE27-BC4CF4D6A138}.Debug|Any CPU.ActiveCfg = Debug|Any CPU
		{49F0878F-E643-4D19-BE27-BC4CF4D6A138}.Debug|Any CPU.Build.0 = Debug|Any CPU
		{49F0878F-E643-4D19-BE27-BC4CF4D6A138}.Release|Any CPU.ActiveCfg = Release|Any CPU
		{49F0878F-E643-4D19-BE27-BC4CF4D6A138}.Release|Any CPU.Build.0 = Release|Any CPU
	EndGlobalSection
	GlobalSection(SolutionProperties) = preSolution
		HideSolutionNode = FALSE
	EndGlobalSection
EndGlobal
