
Microsoft Visual Studio Solution File, Format Version 10.00
# Visual Studio 2008
Project("{FAE04EC0-301F-11D3-BF4B-00C04F79EFBC}") = "Dimebrain.TweetSharp", "Dimebrain.TweetSharp.csproj", "{A0408FE9-6EEA-40D2-AAF6-1D3B1D3244AF}"
EndProject
Project("{FAE04EC0-301F-11D3-BF4B-00C04F79EFBC}") = "Newtonsoft.Json", "..\Newtonsoft.Json\Newtonsoft.Json.csproj", "{A9AE40FF-1A21-414A-9FE7-3BE13644CC6D}"
EndProject
Global
	GlobalSection(SolutionConfigurationPlatforms) = preSolution
		Debug|Any CPU = Debug|Any CPU
		Mono|Any CPU = Mono|Any CPU
		Release|Any CPU = Release|Any CPU
	EndGlobalSection
	GlobalSection(ProjectConfigurationPlatforms) = postSolution
		{A0408FE9-6EEA-40D2-AAF6-1D3B1D3244AF}.Debug|Any CPU.ActiveCfg = Debug|Any CPU
		{A0408FE9-6EEA-40D2-AAF6-1D3B1D3244AF}.Debug|Any CPU.Build.0 = Debug|Any CPU
		{A0408FE9-6EEA-40D2-AAF6-1D3B1D3244AF}.Mono|Any CPU.ActiveCfg = Mono|Any CPU
		{A0408FE9-6EEA-40D2-AAF6-1D3B1D3244AF}.Mono|Any CPU.Build.0 = Mono|Any CPU
		{A0408FE9-6EEA-40D2-AAF6-1D3B1D3244AF}.Release|Any CPU.ActiveCfg = Release|Any CPU
		{A0408FE9-6EEA-40D2-AAF6-1D3B1D3244AF}.Release|Any CPU.Build.0 = Release|Any CPU
		{A9AE40FF-1A21-414A-9FE7-3BE13644CC6D}.Debug|Any CPU.ActiveCfg = Debug|Any CPU
		{A9AE40FF-1A21-414A-9FE7-3BE13644CC6D}.Debug|Any CPU.Build.0 = Debug|Any CPU
		{A9AE40FF-1A21-414A-9FE7-3BE13644CC6D}.Mono|Any CPU.ActiveCfg = Release|Any CPU
		{A9AE40FF-1A21-414A-9FE7-3BE13644CC6D}.Mono|Any CPU.Build.0 = Release|Any CPU
		{A9AE40FF-1A21-414A-9FE7-3BE13644CC6D}.Release|Any CPU.ActiveCfg = Release|Any CPU
		{A9AE40FF-1A21-414A-9FE7-3BE13644CC6D}.Release|Any CPU.Build.0 = Release|Any CPU
	EndGlobalSection
	GlobalSection(SolutionProperties) = preSolution
		HideSolutionNode = FALSE
	EndGlobalSection
	GlobalSection(MonoDevelopProperties) = preSolution
		StartupItem = ..\Dimebrain.TweetSharp.Mono.UnitTests\Dimebrain.TweetSharp.Mono.UnitTests.csproj
	EndGlobalSection
EndGlobal
