
Microsoft Visual Studio Solution File, Format Version 10.00
# Visual Studio 2008
Project("{FAE04EC0-301F-11D3-BF4B-00C04F79EFBC}") = "O2_Tool_DotNetCallbacksMaker", "O2_Tool_DotNetCallbacksMaker.csproj", "{10891283-A6D8-4F2E-A89D-D59384DBA596}"
EndProject
Project("{FAE04EC0-301F-11D3-BF4B-00C04F79EFBC}") = "O2 Kernel", "..\..\O2Core\O2_Kernel\O2 Kernel.csproj", "{BDB9EFED-296A-4535-99C6-F0B83316E80C}"
EndProject
Project("{FAE04EC0-301F-11D3-BF4B-00C04F79EFBC}") = "O2_Views_ASCX", "..\..\O2Core\O2_Views_ASCX\O2_Views_ASCX.csproj", "{7BFDC99E-0FC7-42FC-9E32-83F77B2BE8F0}"
EndProject
Project("{FAE04EC0-301F-11D3-BF4B-00C04F79EFBC}") = "O2_Scanner_OunceLabsCLI", "..\..\Scanners\O2_External_OunceLabsCLI\O2_Scanner_OunceLabsCLI.csproj", "{39F35FB3-2A47-4DD9-A3EF-D18529C9A7A4}"
EndProject
Project("{FAE04EC0-301F-11D3-BF4B-00C04F79EFBC}") = "O2_External_WinFormsUI", "..\..\O2 Modules Using 3rd Party Dlls\O2_External_WinFormsUI\O2_External_WinFormsUI.csproj", "{EED5F98D-00BA-4D9B-A9E7-A7794AD50132}"
EndProject
Project("{FAE04EC0-301F-11D3-BF4B-00C04F79EFBC}") = "O2_Rules_OunceLabs", "..\..\Scanners\O2_Rules_OunceLabs\O2_Rules_OunceLabs.csproj", "{831EEFD3-A243-484E-B008-BA1EC6499954}"
EndProject
Project("{FAE04EC0-301F-11D3-BF4B-00C04F79EFBC}") = "O2 DotNet Wrappers", "..\..\O2Core\O2_DotNetWrappers\O2 DotNet Wrappers.csproj", "{1F252725-D8BE-408A-BE5C-2D11D0DE8586}"
EndProject
Project("{54435603-DBB4-11D2-8724-00A0C9A8B90C}") = "O2_Installer_DotNetCallbacksMaker", "..\..\_Installers\O2_Installer_Tool_DotNetCallbacksMaker\O2_Installer_Tool_DotNetCallbacksMaker.vdproj", "{AA12F06A-0CDE-49CD-8315-DD5444FC82AD}"
EndProject
Global
	GlobalSection(SolutionConfigurationPlatforms) = preSolution
		Debug|Any CPU = Debug|Any CPU
		
		Release|Any CPU = Release|Any CPU
	EndGlobalSection
	GlobalSection(ProjectConfigurationPlatforms) = postSolution
		{10891283-A6D8-4F2E-A89D-D59384DBA596}.Debug|Any CPU.ActiveCfg = Debug|Any CPU
		{10891283-A6D8-4F2E-A89D-D59384DBA596}.Debug|Any CPU.Build.0 = Debug|Any CPU
		{10891283-A6D8-4F2E-A89D-D59384DBA596}.Publish to Deploy|Any CPU.ActiveCfg = Release|Any CPU
		{10891283-A6D8-4F2E-A89D-D59384DBA596}.Publish to Deploy|Any CPU.Build.0 = Release|Any CPU
		{10891283-A6D8-4F2E-A89D-D59384DBA596}.Release|Any CPU.ActiveCfg = Release|Any CPU
		{10891283-A6D8-4F2E-A89D-D59384DBA596}.Release|Any CPU.Build.0 = Release|Any CPU
		{BDB9EFED-296A-4535-99C6-F0B83316E80C}.Debug|Any CPU.ActiveCfg = Debug|Any CPU
		{BDB9EFED-296A-4535-99C6-F0B83316E80C}.Debug|Any CPU.Build.0 = Debug|Any CPU
		{BDB9EFED-296A-4535-99C6-F0B83316E80C}.Publish to Deploy|Any CPU.ActiveCfg = Publish to Deploy|Any CPU
		{BDB9EFED-296A-4535-99C6-F0B83316E80C}.Publish to Deploy|Any CPU.Build.0 = Publish to Deploy|Any CPU
		{BDB9EFED-296A-4535-99C6-F0B83316E80C}.Release|Any CPU.ActiveCfg = Release|Any CPU
		{BDB9EFED-296A-4535-99C6-F0B83316E80C}.Release|Any CPU.Build.0 = Release|Any CPU
		{7BFDC99E-0FC7-42FC-9E32-83F77B2BE8F0}.Debug|Any CPU.ActiveCfg = Debug|Any CPU
		{7BFDC99E-0FC7-42FC-9E32-83F77B2BE8F0}.Debug|Any CPU.Build.0 = Debug|Any CPU
		{7BFDC99E-0FC7-42FC-9E32-83F77B2BE8F0}.Publish to Deploy|Any CPU.ActiveCfg = Release|Any CPU
		{7BFDC99E-0FC7-42FC-9E32-83F77B2BE8F0}.Publish to Deploy|Any CPU.Build.0 = Release|Any CPU
		{7BFDC99E-0FC7-42FC-9E32-83F77B2BE8F0}.Release|Any CPU.ActiveCfg = Release|Any CPU
		{7BFDC99E-0FC7-42FC-9E32-83F77B2BE8F0}.Release|Any CPU.Build.0 = Release|Any CPU
		{39F35FB3-2A47-4DD9-A3EF-D18529C9A7A4}.Debug|Any CPU.ActiveCfg = Debug|Any CPU
		{39F35FB3-2A47-4DD9-A3EF-D18529C9A7A4}.Debug|Any CPU.Build.0 = Debug|Any CPU
		{39F35FB3-2A47-4DD9-A3EF-D18529C9A7A4}.Publish to Deploy|Any CPU.ActiveCfg = Release|Any CPU
		{39F35FB3-2A47-4DD9-A3EF-D18529C9A7A4}.Publish to Deploy|Any CPU.Build.0 = Release|Any CPU
		{39F35FB3-2A47-4DD9-A3EF-D18529C9A7A4}.Release|Any CPU.ActiveCfg = Release|Any CPU
		{39F35FB3-2A47-4DD9-A3EF-D18529C9A7A4}.Release|Any CPU.Build.0 = Release|Any CPU
		{EED5F98D-00BA-4D9B-A9E7-A7794AD50132}.Debug|Any CPU.ActiveCfg = Debug|Any CPU
		{EED5F98D-00BA-4D9B-A9E7-A7794AD50132}.Debug|Any CPU.Build.0 = Debug|Any CPU
		{EED5F98D-00BA-4D9B-A9E7-A7794AD50132}.Publish to Deploy|Any CPU.ActiveCfg = Release|Any CPU
		{EED5F98D-00BA-4D9B-A9E7-A7794AD50132}.Publish to Deploy|Any CPU.Build.0 = Release|Any CPU
		{EED5F98D-00BA-4D9B-A9E7-A7794AD50132}.Release|Any CPU.ActiveCfg = Release|Any CPU
		{EED5F98D-00BA-4D9B-A9E7-A7794AD50132}.Release|Any CPU.Build.0 = Release|Any CPU
		{831EEFD3-A243-484E-B008-BA1EC6499954}.Debug|Any CPU.ActiveCfg = Debug|Any CPU
		{831EEFD3-A243-484E-B008-BA1EC6499954}.Debug|Any CPU.Build.0 = Debug|Any CPU
		{831EEFD3-A243-484E-B008-BA1EC6499954}.Publish to Deploy|Any CPU.ActiveCfg = Release|Any CPU
		{831EEFD3-A243-484E-B008-BA1EC6499954}.Publish to Deploy|Any CPU.Build.0 = Release|Any CPU
		{831EEFD3-A243-484E-B008-BA1EC6499954}.Release|Any CPU.ActiveCfg = Release|Any CPU
		{831EEFD3-A243-484E-B008-BA1EC6499954}.Release|Any CPU.Build.0 = Release|Any CPU
		{1F252725-D8BE-408A-BE5C-2D11D0DE8586}.Debug|Any CPU.ActiveCfg = Debug|Any CPU
		{1F252725-D8BE-408A-BE5C-2D11D0DE8586}.Debug|Any CPU.Build.0 = Debug|Any CPU
		{1F252725-D8BE-408A-BE5C-2D11D0DE8586}.Publish to Deploy|Any CPU.ActiveCfg = Release|Any CPU
		{1F252725-D8BE-408A-BE5C-2D11D0DE8586}.Publish to Deploy|Any CPU.Build.0 = Release|Any CPU
		{1F252725-D8BE-408A-BE5C-2D11D0DE8586}.Release|Any CPU.ActiveCfg = Release|Any CPU
		{1F252725-D8BE-408A-BE5C-2D11D0DE8586}.Release|Any CPU.Build.0 = Release|Any CPU
		{AA12F06A-0CDE-49CD-8315-DD5444FC82AD}.Debug|Any CPU.ActiveCfg = Debug
		{AA12F06A-0CDE-49CD-8315-DD5444FC82AD}.Debug|Any CPU.Build.0 = Debug
		{AA12F06A-0CDE-49CD-8315-DD5444FC82AD}.Publish to Deploy|Any CPU.ActiveCfg = Release
		{AA12F06A-0CDE-49CD-8315-DD5444FC82AD}.Publish to Deploy|Any CPU.Build.0 = Release
		{AA12F06A-0CDE-49CD-8315-DD5444FC82AD}.Release|Any CPU.ActiveCfg = Release
		{AA12F06A-0CDE-49CD-8315-DD5444FC82AD}.Release|Any CPU.Build.0 = Release
	EndGlobalSection
	GlobalSection(SolutionProperties) = preSolution
		HideSolutionNode = FALSE
	EndGlobalSection
EndGlobal
