
Microsoft Visual Studio Solution File, Format Version 10.00
# Visual Studio 2008
Project("{FAE04EC0-301F-11D3-BF4B-00C04F79EFBC}") = "O2_XRules_Database", "O2_XRules_Database.csproj", "{83957D55-86AB-4C26-9F82-6182999F09E8}"
EndProject
Project("{FAE04EC0-301F-11D3-BF4B-00C04F79EFBC}") = "O2_Interfaces", "..\O2Core\O2_Interfaces\O2_Interfaces.csproj", "{64223518-03C2-4818-8C82-F045037E3DFE}"
EndProject
Project("{FAE04EC0-301F-11D3-BF4B-00C04F79EFBC}") = "O2 Kernel", "..\O2Core\O2_Kernel\O2 Kernel.csproj", "{BDB9EFED-296A-4535-99C6-F0B83316E80C}"
EndProject
Project("{FAE04EC0-301F-11D3-BF4B-00C04F79EFBC}") = "O2 DotNet Wrappers", "..\O2Core\O2_DotNetWrappers\O2 DotNet Wrappers.csproj", "{1F252725-D8BE-408A-BE5C-2D11D0DE8586}"
EndProject
Project("{FAE04EC0-301F-11D3-BF4B-00C04F79EFBC}") = "O2_Views_ASCX", "..\O2Core\O2_Views_ASCX\O2_Views_ASCX.csproj", "{7BFDC99E-0FC7-42FC-9E32-83F77B2BE8F0}"
EndProject
Project("{FAE04EC0-301F-11D3-BF4B-00C04F79EFBC}") = "O2_External_SharpDevelop", "..\O2 Modules Using 3rd Party Dlls\O2_External_SharpDevelop\O2_External_SharpDevelop.csproj", "{E76BCE43-8511-4CE8-A965-C0150F713CE9}"
EndProject
Project("{FAE04EC0-301F-11D3-BF4B-00C04F79EFBC}") = "O2_External_WinFormsUI", "..\O2 Modules Using 3rd Party Dlls\O2_External_WinFormsUI\O2_External_WinFormsUI.csproj", "{EED5F98D-00BA-4D9B-A9E7-A7794AD50132}"
EndProject
Project("{FAE04EC0-301F-11D3-BF4B-00C04F79EFBC}") = "O2_API_AST", "..\O2_APIs\O2_API_AST\O2_API_AST.csproj", "{0E18EDC8-718D-4E77-BFC4-4F930741B2FD}"
EndProject
Global
	GlobalSection(SolutionConfigurationPlatforms) = preSolution
		Debug|Any CPU = Debug|Any CPU
		Publish to Deploy|Any CPU = Publish to Deploy|Any CPU
		Release|Any CPU = Release|Any CPU
	EndGlobalSection
	GlobalSection(ProjectConfigurationPlatforms) = postSolution
		{83957D55-86AB-4C26-9F82-6182999F09E8}.Debug|Any CPU.ActiveCfg = Debug|Any CPU
		{83957D55-86AB-4C26-9F82-6182999F09E8}.Debug|Any CPU.Build.0 = Debug|Any CPU
		{83957D55-86AB-4C26-9F82-6182999F09E8}.Publish to Deploy|Any CPU.ActiveCfg = Release|Any CPU
		{83957D55-86AB-4C26-9F82-6182999F09E8}.Publish to Deploy|Any CPU.Build.0 = Release|Any CPU
		{83957D55-86AB-4C26-9F82-6182999F09E8}.Release|Any CPU.ActiveCfg = Release|Any CPU
		{83957D55-86AB-4C26-9F82-6182999F09E8}.Release|Any CPU.Build.0 = Release|Any CPU
		{64223518-03C2-4818-8C82-F045037E3DFE}.Debug|Any CPU.ActiveCfg = Debug|Any CPU
		{64223518-03C2-4818-8C82-F045037E3DFE}.Debug|Any CPU.Build.0 = Debug|Any CPU
		{64223518-03C2-4818-8C82-F045037E3DFE}.Publish to Deploy|Any CPU.ActiveCfg = Release|Any CPU
		{64223518-03C2-4818-8C82-F045037E3DFE}.Publish to Deploy|Any CPU.Build.0 = Release|Any CPU
		{64223518-03C2-4818-8C82-F045037E3DFE}.Release|Any CPU.ActiveCfg = Release|Any CPU
		{64223518-03C2-4818-8C82-F045037E3DFE}.Release|Any CPU.Build.0 = Release|Any CPU
		{BDB9EFED-296A-4535-99C6-F0B83316E80C}.Debug|Any CPU.ActiveCfg = Debug|Any CPU
		{BDB9EFED-296A-4535-99C6-F0B83316E80C}.Debug|Any CPU.Build.0 = Debug|Any CPU
		{BDB9EFED-296A-4535-99C6-F0B83316E80C}.Publish to Deploy|Any CPU.ActiveCfg = Publish to Deploy|Any CPU
		{BDB9EFED-296A-4535-99C6-F0B83316E80C}.Publish to Deploy|Any CPU.Build.0 = Publish to Deploy|Any CPU
		{BDB9EFED-296A-4535-99C6-F0B83316E80C}.Release|Any CPU.ActiveCfg = Release|Any CPU
		{BDB9EFED-296A-4535-99C6-F0B83316E80C}.Release|Any CPU.Build.0 = Release|Any CPU
		{1F252725-D8BE-408A-BE5C-2D11D0DE8586}.Debug|Any CPU.ActiveCfg = Debug|Any CPU
		{1F252725-D8BE-408A-BE5C-2D11D0DE8586}.Debug|Any CPU.Build.0 = Debug|Any CPU
		{1F252725-D8BE-408A-BE5C-2D11D0DE8586}.Publish to Deploy|Any CPU.ActiveCfg = Release|Any CPU
		{1F252725-D8BE-408A-BE5C-2D11D0DE8586}.Publish to Deploy|Any CPU.Build.0 = Release|Any CPU
		{1F252725-D8BE-408A-BE5C-2D11D0DE8586}.Release|Any CPU.ActiveCfg = Release|Any CPU
		{1F252725-D8BE-408A-BE5C-2D11D0DE8586}.Release|Any CPU.Build.0 = Release|Any CPU
		{7BFDC99E-0FC7-42FC-9E32-83F77B2BE8F0}.Debug|Any CPU.ActiveCfg = Debug|Any CPU
		{7BFDC99E-0FC7-42FC-9E32-83F77B2BE8F0}.Debug|Any CPU.Build.0 = Debug|Any CPU
		{7BFDC99E-0FC7-42FC-9E32-83F77B2BE8F0}.Publish to Deploy|Any CPU.ActiveCfg = Release|Any CPU
		{7BFDC99E-0FC7-42FC-9E32-83F77B2BE8F0}.Publish to Deploy|Any CPU.Build.0 = Release|Any CPU
		{7BFDC99E-0FC7-42FC-9E32-83F77B2BE8F0}.Release|Any CPU.ActiveCfg = Release|Any CPU
		{7BFDC99E-0FC7-42FC-9E32-83F77B2BE8F0}.Release|Any CPU.Build.0 = Release|Any CPU
		{E76BCE43-8511-4CE8-A965-C0150F713CE9}.Debug|Any CPU.ActiveCfg = Debug|Any CPU
		{E76BCE43-8511-4CE8-A965-C0150F713CE9}.Debug|Any CPU.Build.0 = Debug|Any CPU
		{E76BCE43-8511-4CE8-A965-C0150F713CE9}.Publish to Deploy|Any CPU.ActiveCfg = Release|Any CPU
		{E76BCE43-8511-4CE8-A965-C0150F713CE9}.Publish to Deploy|Any CPU.Build.0 = Release|Any CPU
		{E76BCE43-8511-4CE8-A965-C0150F713CE9}.Release|Any CPU.ActiveCfg = Release|Any CPU
		{E76BCE43-8511-4CE8-A965-C0150F713CE9}.Release|Any CPU.Build.0 = Release|Any CPU
		{EED5F98D-00BA-4D9B-A9E7-A7794AD50132}.Debug|Any CPU.ActiveCfg = Debug|Any CPU
		{EED5F98D-00BA-4D9B-A9E7-A7794AD50132}.Debug|Any CPU.Build.0 = Debug|Any CPU
		{EED5F98D-00BA-4D9B-A9E7-A7794AD50132}.Publish to Deploy|Any CPU.ActiveCfg = Release|Any CPU
		{EED5F98D-00BA-4D9B-A9E7-A7794AD50132}.Publish to Deploy|Any CPU.Build.0 = Release|Any CPU
		{EED5F98D-00BA-4D9B-A9E7-A7794AD50132}.Release|Any CPU.ActiveCfg = Release|Any CPU
		{EED5F98D-00BA-4D9B-A9E7-A7794AD50132}.Release|Any CPU.Build.0 = Release|Any CPU
		{0E18EDC8-718D-4E77-BFC4-4F930741B2FD}.Debug|Any CPU.ActiveCfg = Debug|Any CPU
		{0E18EDC8-718D-4E77-BFC4-4F930741B2FD}.Debug|Any CPU.Build.0 = Debug|Any CPU
		{0E18EDC8-718D-4E77-BFC4-4F930741B2FD}.Publish to Deploy|Any CPU.ActiveCfg = Release|Any CPU
		{0E18EDC8-718D-4E77-BFC4-4F930741B2FD}.Publish to Deploy|Any CPU.Build.0 = Release|Any CPU
		{0E18EDC8-718D-4E77-BFC4-4F930741B2FD}.Release|Any CPU.ActiveCfg = Release|Any CPU
		{0E18EDC8-718D-4E77-BFC4-4F930741B2FD}.Release|Any CPU.Build.0 = Release|Any CPU
	EndGlobalSection
	GlobalSection(SolutionProperties) = preSolution
		HideSolutionNode = FALSE
	EndGlobalSection
EndGlobal
